// !$*UTF8*$!
{
	archiveVersion = 1;
	classes = {
	};
	objectVersion = 48;
	objects = {

/* Begin PBXBuildFile section */
		0BA32FBC1D932A34007A0017 /* AppDelegate.m in Sources */ = {isa = PBXBuildFile; fileRef = 0BA32FA61D932A34007A0017 /* AppDelegate.m */; };
		0BA32FBD1D932A34007A0017 /* LaunchScreen.xib in Resources */ = {isa = PBXBuildFile; fileRef = 0BA32FA71D932A34007A0017 /* LaunchScreen.xib */; };
		0BA32FBE1D932A34007A0017 /* Main.storyboard in Resources */ = {isa = PBXBuildFile; fileRef = 0BA32FA91D932A34007A0017 /* Main.storyboard */; };
		0BA32FBF1D932A34007A0017 /* Images.xcassets in Resources */ = {isa = PBXBuildFile; fileRef = 0BA32FAB1D932A34007A0017 /* Images.xcassets */; };
		0BA32FC11D932A34007A0017 /* NielsenPlaybackListViewcontroller.m in Sources */ = {isa = PBXBuildFile; fileRef = 0BA32FAF1D932A34007A0017 /* NielsenPlaybackListViewcontroller.m */; };
		0BA32FC21D932A34007A0017 /* main.m in Sources */ = {isa = PBXBuildFile; fileRef = 0BA32FB01D932A34007A0017 /* main.m */; };
		0BA32FC31D932A34007A0017 /* NielsenPlayerViewController.m in Sources */ = {isa = PBXBuildFile; fileRef = 0BA32FB31D932A34007A0017 /* NielsenPlayerViewController.m */; };
		0BA32FC41D932A34007A0017 /* PlayerSelectionOption.m in Sources */ = {isa = PBXBuildFile; fileRef = 0BA32FB61D932A34007A0017 /* PlayerSelectionOption.m */; };
		0BA32FC51D932A34007A0017 /* SampleAppPlayerViewController.m in Sources */ = {isa = PBXBuildFile; fileRef = 0BA32FB81D932A34007A0017 /* SampleAppPlayerViewController.m */; };
		0BA32FC61D932A34007A0017 /* PlayerSimple.xib in Resources */ = {isa = PBXBuildFile; fileRef = 0BA32FBA1D932A34007A0017 /* PlayerSimple.xib */; };
		0BA32FC71D932A34007A0017 /* TableCell.xib in Resources */ = {isa = PBXBuildFile; fileRef = 0BA32FBB1D932A34007A0017 /* TableCell.xib */; };
		3929662F22674A7D00051EFE /* WebKit.framework in Frameworks */ = {isa = PBXBuildFile; fileRef = 3929662E22674A7D00051EFE /* WebKit.framework */; };
		3929663122674AA800051EFE /* libsqlite3.tbd in Frameworks */ = {isa = PBXBuildFile; fileRef = 3929663022674AA800051EFE /* libsqlite3.tbd */; };
		9784D01E1AD5D316002F2ECD /* NielsenAppApi.framework in Frameworks */ = {isa = PBXBuildFile; fileRef = 9784D01B1AD5D316002F2ECD /* NielsenAppApi.framework */; };
		9784D01F1AD5D316002F2ECD /* OoyalaSDK.framework in Frameworks */ = {isa = PBXBuildFile; fileRef = 9784D01C1AD5D316002F2ECD /* OoyalaSDK.framework */; };
		9784D0331AD5EE79002F2ECD /* OoyalaNielsenSDK.framework in Frameworks */ = {isa = PBXBuildFile; fileRef = 9784D0321AD5EE79002F2ECD /* OoyalaNielsenSDK.framework */; };
/* End PBXBuildFile section */

/* Begin PBXFileReference section */
		0BA32FA51D932A34007A0017 /* AppDelegate.h */ = {isa = PBXFileReference; fileEncoding = 4; lastKnownFileType = sourcecode.c.h; path = AppDelegate.h; sourceTree = "<group>"; };
		0BA32FA61D932A34007A0017 /* AppDelegate.m */ = {isa = PBXFileReference; fileEncoding = 4; lastKnownFileType = sourcecode.c.objc; path = AppDelegate.m; sourceTree = "<group>"; };
		0BA32FA81D932A34007A0017 /* Base */ = {isa = PBXFileReference; lastKnownFileType = file.xib; name = Base; path = Base.lproj/LaunchScreen.xib; sourceTree = "<group>"; };
		0BA32FAA1D932A34007A0017 /* Base */ = {isa = PBXFileReference; lastKnownFileType = file.storyboard; name = Base; path = Base.lproj/Main.storyboard; sourceTree = "<group>"; };
		0BA32FAB1D932A34007A0017 /* Images.xcassets */ = {isa = PBXFileReference; lastKnownFileType = folder.assetcatalog; path = Images.xcassets; sourceTree = "<group>"; };
		0BA32FAC1D932A34007A0017 /* Info.plist */ = {isa = PBXFileReference; fileEncoding = 4; lastKnownFileType = text.plist.xml; path = Info.plist; sourceTree = "<group>"; };
		0BA32FAE1D932A34007A0017 /* NielsenPlaybackListViewcontroller.h */ = {isa = PBXFileReference; fileEncoding = 4; lastKnownFileType = sourcecode.c.h; path = NielsenPlaybackListViewcontroller.h; sourceTree = "<group>"; };
		0BA32FAF1D932A34007A0017 /* NielsenPlaybackListViewcontroller.m */ = {isa = PBXFileReference; fileEncoding = 4; lastKnownFileType = sourcecode.c.objc; path = NielsenPlaybackListViewcontroller.m; sourceTree = "<group>"; };
		0BA32FB01D932A34007A0017 /* main.m */ = {isa = PBXFileReference; fileEncoding = 4; lastKnownFileType = sourcecode.c.objc; path = main.m; sourceTree = "<group>"; };
		0BA32FB21D932A34007A0017 /* NielsenPlayerViewController.h */ = {isa = PBXFileReference; fileEncoding = 4; lastKnownFileType = sourcecode.c.h; path = NielsenPlayerViewController.h; sourceTree = "<group>"; };
		0BA32FB31D932A34007A0017 /* NielsenPlayerViewController.m */ = {isa = PBXFileReference; fileEncoding = 4; lastKnownFileType = sourcecode.c.objc; path = NielsenPlayerViewController.m; sourceTree = "<group>"; };
		0BA32FB51D932A34007A0017 /* PlayerSelectionOption.h */ = {isa = PBXFileReference; fileEncoding = 4; lastKnownFileType = sourcecode.c.h; path = PlayerSelectionOption.h; sourceTree = "<group>"; };
		0BA32FB61D932A34007A0017 /* PlayerSelectionOption.m */ = {isa = PBXFileReference; fileEncoding = 4; lastKnownFileType = sourcecode.c.objc; path = PlayerSelectionOption.m; sourceTree = "<group>"; };
		0BA32FB71D932A34007A0017 /* SampleAppPlayerViewController.h */ = {isa = PBXFileReference; fileEncoding = 4; lastKnownFileType = sourcecode.c.h; path = SampleAppPlayerViewController.h; sourceTree = "<group>"; };
		0BA32FB81D932A34007A0017 /* SampleAppPlayerViewController.m */ = {isa = PBXFileReference; fileEncoding = 4; lastKnownFileType = sourcecode.c.objc; path = SampleAppPlayerViewController.m; sourceTree = "<group>"; };
		0BA32FBA1D932A34007A0017 /* PlayerSimple.xib */ = {isa = PBXFileReference; fileEncoding = 4; lastKnownFileType = file.xib; path = PlayerSimple.xib; sourceTree = "<group>"; };
		0BA32FBB1D932A34007A0017 /* TableCell.xib */ = {isa = PBXFileReference; fileEncoding = 4; lastKnownFileType = file.xib; path = TableCell.xib; sourceTree = "<group>"; };
		3929662E22674A7D00051EFE /* WebKit.framework */ = {isa = PBXFileReference; lastKnownFileType = wrapper.framework; name = WebKit.framework; path = System/Library/Frameworks/WebKit.framework; sourceTree = SDKROOT; };
		3929663022674AA800051EFE /* libsqlite3.tbd */ = {isa = PBXFileReference; lastKnownFileType = "sourcecode.text-based-dylib-definition"; name = libsqlite3.tbd; path = usr/lib/libsqlite3.tbd; sourceTree = SDKROOT; };
		970B98071A1AD5D90091AD38 /* NielsenSampleApp.app */ = {isa = PBXFileReference; explicitFileType = wrapper.application; includeInIndex = 0; path = NielsenSampleApp.app; sourceTree = BUILT_PRODUCTS_DIR; };
		9784D01B1AD5D316002F2ECD /* NielsenAppApi.framework */ = {isa = PBXFileReference; lastKnownFileType = wrapper.framework; path = NielsenAppApi.framework; sourceTree = "<group>"; };
		9784D01C1AD5D316002F2ECD /* OoyalaSDK.framework */ = {isa = PBXFileReference; lastKnownFileType = wrapper.framework; path = OoyalaSDK.framework; sourceTree = "<group>"; };
		9784D0321AD5EE79002F2ECD /* OoyalaNielsenSDK.framework */ = {isa = PBXFileReference; lastKnownFileType = wrapper.framework; name = OoyalaNielsenSDK.framework; path = "../../vendor/Ooyala/OoyalaNielsenSDK-iOS/OoyalaNielsenSDK.framework"; sourceTree = "<group>"; };
/* End PBXFileReference section */

/* Begin PBXFrameworksBuildPhase section */
		970B98041A1AD5D90091AD38 /* Frameworks */ = {
			isa = PBXFrameworksBuildPhase;
			buildActionMask = 2147483647;
			files = (
				9784D01F1AD5D316002F2ECD /* OoyalaSDK.framework in Frameworks */,
				9784D0331AD5EE79002F2ECD /* OoyalaNielsenSDK.framework in Frameworks */,
				9784D01E1AD5D316002F2ECD /* NielsenAppApi.framework in Frameworks */,
				3929662F22674A7D00051EFE /* WebKit.framework in Frameworks */,
				3929663122674AA800051EFE /* libsqlite3.tbd in Frameworks */,
			);
			runOnlyForDeploymentPostprocessing = 0;
		};
/* End PBXFrameworksBuildPhase section */

/* Begin PBXGroup section */
		0BA32FA41D932A34007A0017 /* NielsenSampleApp */ = {
			isa = PBXGroup;
			children = (
				0BA32FA51D932A34007A0017 /* AppDelegate.h */,
				0BA32FA61D932A34007A0017 /* AppDelegate.m */,
				0BA32FAD1D932A34007A0017 /* Lists */,
				0BA32FB11D932A34007A0017 /* Players */,
				0BA32FB41D932A34007A0017 /* Utils */,
				0BA32FB91D932A34007A0017 /* Views */,
				39B70302221C2FD80036DE31 /* Storyboards */,
				39B70301221C2FC30036DE31 /* Supporting Files */,
			);
			path = NielsenSampleApp;
			sourceTree = "<group>";
		};
		0BA32FAD1D932A34007A0017 /* Lists */ = {
			isa = PBXGroup;
			children = (
				0BA32FAE1D932A34007A0017 /* NielsenPlaybackListViewcontroller.h */,
				0BA32FAF1D932A34007A0017 /* NielsenPlaybackListViewcontroller.m */,
			);
			path = Lists;
			sourceTree = "<group>";
		};
		0BA32FB11D932A34007A0017 /* Players */ = {
			isa = PBXGroup;
			children = (
				0BA32FB21D932A34007A0017 /* NielsenPlayerViewController.h */,
				0BA32FB31D932A34007A0017 /* NielsenPlayerViewController.m */,
			);
			path = Players;
			sourceTree = "<group>";
		};
		0BA32FB41D932A34007A0017 /* Utils */ = {
			isa = PBXGroup;
			children = (
				0BA32FB51D932A34007A0017 /* PlayerSelectionOption.h */,
				0BA32FB61D932A34007A0017 /* PlayerSelectionOption.m */,
				0BA32FB71D932A34007A0017 /* SampleAppPlayerViewController.h */,
				0BA32FB81D932A34007A0017 /* SampleAppPlayerViewController.m */,
			);
			path = Utils;
			sourceTree = "<group>";
		};
		0BA32FB91D932A34007A0017 /* Views */ = {
			isa = PBXGroup;
			children = (
				0BA32FBA1D932A34007A0017 /* PlayerSimple.xib */,
				0BA32FBB1D932A34007A0017 /* TableCell.xib */,
			);
			path = Views;
			sourceTree = "<group>";
		};
		39B702CF221C1D000036DE31 /* Frameworks */ = {
			isa = PBXGroup;
			children = (
				3929663022674AA800051EFE /* libsqlite3.tbd */,
				3929662E22674A7D00051EFE /* WebKit.framework */,
			);
			name = Frameworks;
			sourceTree = "<group>";
		};
		39B70301221C2FC30036DE31 /* Supporting Files */ = {
			isa = PBXGroup;
			children = (
				0BA32FB01D932A34007A0017 /* main.m */,
				0BA32FAB1D932A34007A0017 /* Images.xcassets */,
				0BA32FAC1D932A34007A0017 /* Info.plist */,
			);
			path = "Supporting Files";
			sourceTree = "<group>";
		};
		39B70302221C2FD80036DE31 /* Storyboards */ = {
			isa = PBXGroup;
			children = (
				0BA32FA71D932A34007A0017 /* LaunchScreen.xib */,
				0BA32FA91D932A34007A0017 /* Main.storyboard */,
			);
			path = Storyboards;
			sourceTree = "<group>";
		};
		970B97FE1A1AD5D90091AD38 = {
			isa = PBXGroup;
			children = (
				0BA32FA41D932A34007A0017 /* NielsenSampleApp */,
				9784D0191AD5D316002F2ECD /* VendorLibraries */,
				39B702CF221C1D000036DE31 /* Frameworks */,
				970B98081A1AD5D90091AD38 /* Products */,
			);
			sourceTree = "<group>";
		};
		970B98081A1AD5D90091AD38 /* Products */ = {
			isa = PBXGroup;
			children = (
				970B98071A1AD5D90091AD38 /* NielsenSampleApp.app */,
			);
			name = Products;
			sourceTree = "<group>";
		};
		9784D0191AD5D316002F2ECD /* VendorLibraries */ = {
			isa = PBXGroup;
			children = (
				9784D0321AD5EE79002F2ECD /* OoyalaNielsenSDK.framework */,
				9784D01B1AD5D316002F2ECD /* NielsenAppApi.framework */,
				9784D01C1AD5D316002F2ECD /* OoyalaSDK.framework */,
			);
			path = VendorLibraries;
			sourceTree = "<group>";
		};
/* End PBXGroup section */

/* Begin PBXNativeTarget section */
		970B98061A1AD5D90091AD38 /* NielsenSampleApp */ = {
			isa = PBXNativeTarget;
			buildConfigurationList = 970B982A1A1AD5D90091AD38 /* Build configuration list for PBXNativeTarget "NielsenSampleApp" */;
			buildPhases = (
				970B98031A1AD5D90091AD38 /* Sources */,
				970B98041A1AD5D90091AD38 /* Frameworks */,
				970B98051A1AD5D90091AD38 /* Resources */,
			);
			buildRules = (
			);
			dependencies = (
			);
			name = NielsenSampleApp;
			productName = AnalyticsPluginSampleApp;
			productReference = 970B98071A1AD5D90091AD38 /* NielsenSampleApp.app */;
			productType = "com.apple.product-type.application";
		};
/* End PBXNativeTarget section */

/* Begin PBXProject section */
		970B97FF1A1AD5D90091AD38 /* Project object */ = {
			isa = PBXProject;
			attributes = {
				LastUpgradeCheck = 1010;
				ORGANIZATIONNAME = "Ooyala, Inc";
				TargetAttributes = {
					970B98061A1AD5D90091AD38 = {
						CreatedOnToolsVersion = 6.1;
						ProvisioningStyle = Automatic;
					};
				};
			};
			buildConfigurationList = 970B98021A1AD5D90091AD38 /* Build configuration list for PBXProject "NielsenSampleApp" */;
			compatibilityVersion = "Xcode 8.0";
			developmentRegion = en;
			hasScannedForEncodings = 0;
			knownRegions = (
				en,
				Base,
			);
			mainGroup = 970B97FE1A1AD5D90091AD38;
			productRefGroup = 970B98081A1AD5D90091AD38 /* Products */;
			projectDirPath = "";
			projectRoot = "";
			targets = (
				970B98061A1AD5D90091AD38 /* NielsenSampleApp */,
			);
		};
/* End PBXProject section */

/* Begin PBXResourcesBuildPhase section */
		970B98051A1AD5D90091AD38 /* Resources */ = {
			isa = PBXResourcesBuildPhase;
			buildActionMask = 2147483647;
			files = (
				0BA32FC61D932A34007A0017 /* PlayerSimple.xib in Resources */,
				0BA32FBE1D932A34007A0017 /* Main.storyboard in Resources */,
				0BA32FC71D932A34007A0017 /* TableCell.xib in Resources */,
				0BA32FBF1D932A34007A0017 /* Images.xcassets in Resources */,
				0BA32FBD1D932A34007A0017 /* LaunchScreen.xib in Resources */,
			);
			runOnlyForDeploymentPostprocessing = 0;
		};
/* End PBXResourcesBuildPhase section */

/* Begin PBXSourcesBuildPhase section */
		970B98031A1AD5D90091AD38 /* Sources */ = {
			isa = PBXSourcesBuildPhase;
			buildActionMask = 2147483647;
			files = (
				0BA32FC41D932A34007A0017 /* PlayerSelectionOption.m in Sources */,
				0BA32FC31D932A34007A0017 /* NielsenPlayerViewController.m in Sources */,
				0BA32FC51D932A34007A0017 /* SampleAppPlayerViewController.m in Sources */,
				0BA32FC11D932A34007A0017 /* NielsenPlaybackListViewcontroller.m in Sources */,
				0BA32FC21D932A34007A0017 /* main.m in Sources */,
				0BA32FBC1D932A34007A0017 /* AppDelegate.m in Sources */,
			);
			runOnlyForDeploymentPostprocessing = 0;
		};
/* End PBXSourcesBuildPhase section */

/* Begin PBXVariantGroup section */
		0BA32FA71D932A34007A0017 /* LaunchScreen.xib */ = {
			isa = PBXVariantGroup;
			children = (
				0BA32FA81D932A34007A0017 /* Base */,
			);
			name = LaunchScreen.xib;
			sourceTree = "<group>";
		};
		0BA32FA91D932A34007A0017 /* Main.storyboard */ = {
			isa = PBXVariantGroup;
			children = (
				0BA32FAA1D932A34007A0017 /* Base */,
			);
			name = Main.storyboard;
			sourceTree = "<group>";
		};
/* End PBXVariantGroup section */

/* Begin XCBuildConfiguration section */
		970B98281A1AD5D90091AD38 /* Debug */ = {
			isa = XCBuildConfiguration;
			buildSettings = {
				ALWAYS_SEARCH_USER_PATHS = NO;
				CLANG_CXX_LANGUAGE_STANDARD = "gnu++0x";
				CLANG_CXX_LIBRARY = "libc++";
				CLANG_ENABLE_MODULES = YES;
				CLANG_ENABLE_OBJC_ARC = YES;
				CLANG_WARN_BLOCK_CAPTURE_AUTORELEASING = YES;
				CLANG_WARN_BOOL_CONVERSION = YES;
				CLANG_WARN_COMMA = YES;
				CLANG_WARN_CONSTANT_CONVERSION = YES;
				CLANG_WARN_DEPRECATED_OBJC_IMPLEMENTATIONS = YES;
				CLANG_WARN_DIRECT_OBJC_ISA_USAGE = YES_ERROR;
				CLANG_WARN_EMPTY_BODY = YES;
				CLANG_WARN_ENUM_CONVERSION = YES;
				CLANG_WARN_INFINITE_RECURSION = YES;
				CLANG_WARN_INT_CONVERSION = YES;
				CLANG_WARN_NON_LITERAL_NULL_CONVERSION = YES;
				CLANG_WARN_OBJC_IMPLICIT_RETAIN_SELF = YES;
				CLANG_WARN_OBJC_LITERAL_CONVERSION = YES;
				CLANG_WARN_OBJC_ROOT_CLASS = YES_ERROR;
				CLANG_WARN_RANGE_LOOP_ANALYSIS = YES;
				CLANG_WARN_STRICT_PROTOTYPES = YES;
				CLANG_WARN_SUSPICIOUS_MOVE = YES;
				CLANG_WARN_UNREACHABLE_CODE = YES;
				CLANG_WARN__DUPLICATE_METHOD_MATCH = YES;
				"CODE_SIGN_IDENTITY[sdk=iphoneos*]" = "iPhone Developer";
				COPY_PHASE_STRIP = NO;
				ENABLE_STRICT_OBJC_MSGSEND = YES;
				ENABLE_TESTABILITY = YES;
				GCC_C_LANGUAGE_STANDARD = gnu99;
				GCC_DYNAMIC_NO_PIC = NO;
				GCC_NO_COMMON_BLOCKS = YES;
				GCC_OPTIMIZATION_LEVEL = 0;
				GCC_PREPROCESSOR_DEFINITIONS = (
					"DEBUG=1",
					"$(inherited)",
				);
				GCC_SYMBOLS_PRIVATE_EXTERN = NO;
				GCC_WARN_64_TO_32_BIT_CONVERSION = YES;
				GCC_WARN_ABOUT_RETURN_TYPE = YES_ERROR;
				GCC_WARN_UNDECLARED_SELECTOR = YES;
				GCC_WARN_UNINITIALIZED_AUTOS = YES_AGGRESSIVE;
				GCC_WARN_UNUSED_FUNCTION = YES;
				GCC_WARN_UNUSED_VARIABLE = YES;
				IPHONEOS_DEPLOYMENT_TARGET = 9.0;
				MTL_ENABLE_DEBUG_INFO = YES;
				ONLY_ACTIVE_ARCH = YES;
				SDKROOT = iphoneos;
				TARGETED_DEVICE_FAMILY = "1,2";
			};
			name = Debug;
		};
		970B98291A1AD5D90091AD38 /* Release */ = {
			isa = XCBuildConfiguration;
			buildSettings = {
				ALWAYS_SEARCH_USER_PATHS = NO;
				CLANG_CXX_LANGUAGE_STANDARD = "gnu++0x";
				CLANG_CXX_LIBRARY = "libc++";
				CLANG_ENABLE_MODULES = YES;
				CLANG_ENABLE_OBJC_ARC = YES;
				CLANG_WARN_BLOCK_CAPTURE_AUTORELEASING = YES;
				CLANG_WARN_BOOL_CONVERSION = YES;
				CLANG_WARN_COMMA = YES;
				CLANG_WARN_CONSTANT_CONVERSION = YES;
				CLANG_WARN_DEPRECATED_OBJC_IMPLEMENTATIONS = YES;
				CLANG_WARN_DIRECT_OBJC_ISA_USAGE = YES_ERROR;
				CLANG_WARN_EMPTY_BODY = YES;
				CLANG_WARN_ENUM_CONVERSION = YES;
				CLANG_WARN_INFINITE_RECURSION = YES;
				CLANG_WARN_INT_CONVERSION = YES;
				CLANG_WARN_NON_LITERAL_NULL_CONVERSION = YES;
				CLANG_WARN_OBJC_IMPLICIT_RETAIN_SELF = YES;
				CLANG_WARN_OBJC_LITERAL_CONVERSION = YES;
				CLANG_WARN_OBJC_ROOT_CLASS = YES_ERROR;
				CLANG_WARN_RANGE_LOOP_ANALYSIS = YES;
				CLANG_WARN_STRICT_PROTOTYPES = YES;
				CLANG_WARN_SUSPICIOUS_MOVE = YES;
				CLANG_WARN_UNREACHABLE_CODE = YES;
				CLANG_WARN__DUPLICATE_METHOD_MATCH = YES;
				"CODE_SIGN_IDENTITY[sdk=iphoneos*]" = "iPhone Developer";
				COPY_PHASE_STRIP = YES;
				ENABLE_NS_ASSERTIONS = NO;
				ENABLE_STRICT_OBJC_MSGSEND = YES;
				GCC_C_LANGUAGE_STANDARD = gnu99;
				GCC_NO_COMMON_BLOCKS = YES;
				GCC_WARN_64_TO_32_BIT_CONVERSION = YES;
				GCC_WARN_ABOUT_RETURN_TYPE = YES_ERROR;
				GCC_WARN_UNDECLARED_SELECTOR = YES;
				GCC_WARN_UNINITIALIZED_AUTOS = YES_AGGRESSIVE;
				GCC_WARN_UNUSED_FUNCTION = YES;
				GCC_WARN_UNUSED_VARIABLE = YES;
				IPHONEOS_DEPLOYMENT_TARGET = 9.0;
				MTL_ENABLE_DEBUG_INFO = NO;
				SDKROOT = iphoneos;
				TARGETED_DEVICE_FAMILY = "1,2";
				VALIDATE_PRODUCT = YES;
			};
			name = Release;
		};
		970B982B1A1AD5D90091AD38 /* Debug */ = {
			isa = XCBuildConfiguration;
			buildSettings = {
				ASSETCATALOG_COMPILER_APPICON_NAME = AppIcon;
				ASSETCATALOG_COMPILER_LAUNCHIMAGE_NAME = LaunchImage;
				CODE_SIGN_IDENTITY = "iPhone Developer";
				CODE_SIGN_STYLE = Automatic;
				DEVELOPMENT_TEAM = "";
				FRAMEWORK_SEARCH_PATHS = (
					"$(inherited)",
					"$(PROJECT_DIR)",
					"$(PROJECT_DIR)/VendorLibraries",
				);
				INFOPLIST_FILE = "$(SRCROOT)/NielsenSampleApp/Supporting Files/Info.plist";
				IPHONEOS_DEPLOYMENT_TARGET = 9.0;
				LD_RUNPATH_SEARCH_PATHS = "$(inherited) @executable_path/Frameworks";
				OTHER_LDFLAGS = (
					"$(inherited)",
					"-ObjC",
				);
				PRODUCT_BUNDLE_IDENTIFIER = "com.ooyala.$(PRODUCT_NAME:rfc1034identifier)";
				PRODUCT_NAME = NielsenSampleApp;
				PROVISIONING_PROFILE_SPECIFIER = "";
			};
			name = Debug;
		};
		970B982C1A1AD5D90091AD38 /* Release */ = {
			isa = XCBuildConfiguration;
			buildSettings = {
				ASSETCATALOG_COMPILER_APPICON_NAME = AppIcon;
				ASSETCATALOG_COMPILER_LAUNCHIMAGE_NAME = LaunchImage;
				CODE_SIGN_IDENTITY = "iPhone Developer";
				CODE_SIGN_STYLE = Automatic;
				DEVELOPMENT_TEAM = "";
				FRAMEWORK_SEARCH_PATHS = (
					"$(inherited)",
					"$(PROJECT_DIR)",
					"$(PROJECT_DIR)/VendorLibraries",
				);
				INFOPLIST_FILE = "$(SRCROOT)/NielsenSampleApp/Supporting Files/Info.plist";
				IPHONEOS_DEPLOYMENT_TARGET = 9.0;
				LD_RUNPATH_SEARCH_PATHS = "$(inherited) @executable_path/Frameworks";
				OTHER_LDFLAGS = (
					"$(inherited)",
					"-ObjC",
				);
				PRODUCT_BUNDLE_IDENTIFIER = "com.ooyala.$(PRODUCT_NAME:rfc1034identifier)";
				PRODUCT_NAME = NielsenSampleApp;
				PROVISIONING_PROFILE_SPECIFIER = "";
			};
			name = Release;
		};
/* End XCBuildConfiguration section */

/* Begin XCConfigurationList section */
		970B98021A1AD5D90091AD38 /* Build configuration list for PBXProject "NielsenSampleApp" */ = {
			isa = XCConfigurationList;
			buildConfigurations = (
				970B98281A1AD5D90091AD38 /* Debug */,
				970B98291A1AD5D90091AD38 /* Release */,
			);
			defaultConfigurationIsVisible = 0;
			defaultConfigurationName = Release;
		};
		970B982A1A1AD5D90091AD38 /* Build configuration list for PBXNativeTarget "NielsenSampleApp" */ = {
			isa = XCConfigurationList;
			buildConfigurations = (
				970B982B1A1AD5D90091AD38 /* Debug */,
				970B982C1A1AD5D90091AD38 /* Release */,
			);
			defaultConfigurationIsVisible = 0;
			defaultConfigurationName = Release;
		};
/* End XCConfigurationList section */
	};
	rootObject = 970B97FF1A1AD5D90091AD38 /* Project object */;
}
