// !$*UTF8*$!
{
	archiveVersion = 1;
	classes = {
	};
	objectVersion = 46;
	objects = {

/* Begin PBXBuildFile section */
		0B193ABB1AC109A500EFFE17 /* AppDelegate.swift in Sources */ = {isa = PBXBuildFile; fileRef = 0B193ABA1AC109A500EFFE17 /* AppDelegate.swift */; };
		0B193ABD1AC109A500EFFE17 /* BaseViewController.swift in Sources */ = {isa = PBXBuildFile; fileRef = 0B193ABC1AC109A500EFFE17 /* BaseViewController.swift */; };
		0B193AC01AC109A500EFFE17 /* Main.storyboard in Resources */ = {isa = PBXBuildFile; fileRef = 0B193ABE1AC109A500EFFE17 /* Main.storyboard */; };
		0B193AC21AC109A500EFFE17 /* Images.xcassets in Resources */ = {isa = PBXBuildFile; fileRef = 0B193AC11AC109A500EFFE17 /* Images.xcassets */; };
		0B193AC51AC109A500EFFE17 /* LaunchScreen.xib in Resources */ = {isa = PBXBuildFile; fileRef = 0B193AC31AC109A500EFFE17 /* LaunchScreen.xib */; };
		0B193AD11AC109A500EFFE17 /* SwiftSampleAppTests.swift in Sources */ = {isa = PBXBuildFile; fileRef = 0B193AD01AC109A500EFFE17 /* SwiftSampleAppTests.swift */; };
		0B193ADD1AC1173C00EFFE17 /* ViewController.swift in Sources */ = {isa = PBXBuildFile; fileRef = 0B193ADC1AC1173C00EFFE17 /* ViewController.swift */; };
		0B193ADF1AC117F800EFFE17 /* CoreMedia.framework in Frameworks */ = {isa = PBXBuildFile; fileRef = 0B193ADE1AC117F800EFFE17 /* CoreMedia.framework */; };
		0B193AE11AC1182D00EFFE17 /* CFNetwork.framework in Frameworks */ = {isa = PBXBuildFile; fileRef = 0B193AE01AC1182D00EFFE17 /* CFNetwork.framework */; };
		0B193AE41AC1184500EFFE17 /* MediaAccessibility.framework in Frameworks */ = {isa = PBXBuildFile; fileRef = 0B193AE21AC1184500EFFE17 /* MediaAccessibility.framework */; };
		0B193AE51AC1184500EFFE17 /* MediaPlayer.framework in Frameworks */ = {isa = PBXBuildFile; fileRef = 0B193AE31AC1184500EFFE17 /* MediaPlayer.framework */; };
		0B193AE71AC1185800EFFE17 /* OoyalaSDK.framework in Frameworks */ = {isa = PBXBuildFile; fileRef = 0B193AE61AC1185800EFFE17 /* OoyalaSDK.framework */; };
		0B193AE91AC1186D00EFFE17 /* SystemConfiguration.framework in Frameworks */ = {isa = PBXBuildFile; fileRef = 0B193AE81AC1186D00EFFE17 /* SystemConfiguration.framework */; };
		0B193AEB1AC1187A00EFFE17 /* Security.framework in Frameworks */ = {isa = PBXBuildFile; fileRef = 0B193AEA1AC1187A00EFFE17 /* Security.framework */; };
		0B193AED1AC1188B00EFFE17 /* AVFoundation.framework in Frameworks */ = {isa = PBXBuildFile; fileRef = 0B193AEC1AC1188B00EFFE17 /* AVFoundation.framework */; };
		0B193AEF1AC1189A00EFFE17 /* CoreText.framework in Frameworks */ = {isa = PBXBuildFile; fileRef = 0B193AEE1AC1189A00EFFE17 /* CoreText.framework */; };
		0B193AF11AC118A900EFFE17 /* AdSupport.framework in Frameworks */ = {isa = PBXBuildFile; fileRef = 0B193AF01AC118A900EFFE17 /* AdSupport.framework */; };
		0B193AF31AC118B700EFFE17 /* QuartzCore.framework in Frameworks */ = {isa = PBXBuildFile; fileRef = 0B193AF21AC118B700EFFE17 /* QuartzCore.framework */; };
		0B193AF51AC118BE00EFFE17 /* UIKit.framework in Frameworks */ = {isa = PBXBuildFile; fileRef = 0B193AF41AC118BE00EFFE17 /* UIKit.framework */; };
		0B193AF71AC118CA00EFFE17 /* Foundation.framework in Frameworks */ = {isa = PBXBuildFile; fileRef = 0B193AF61AC118CA00EFFE17 /* Foundation.framework */; };
		0B193AF91AC118D500EFFE17 /* CoreGraphics.framework in Frameworks */ = {isa = PBXBuildFile; fileRef = 0B193AF81AC118D500EFFE17 /* CoreGraphics.framework */; };
		0B193AFB1AC118E100EFFE17 /* libxml2.dylib in Frameworks */ = {isa = PBXBuildFile; fileRef = 0B193AFA1AC118E100EFFE17 /* libxml2.dylib */; };
		0B193AFD1AC118F400EFFE17 /* libc++.dylib in Frameworks */ = {isa = PBXBuildFile; fileRef = 0B193AFC1AC118F400EFFE17 /* libc++.dylib */; };
		0B35A0641ACB10F30003CE85 /* InterfaceController.swift in Sources */ = {isa = PBXBuildFile; fileRef = 0B35A0631ACB10F30003CE85 /* InterfaceController.swift */; };
		0B35A0661ACB10F30003CE85 /* Images.xcassets in Resources */ = {isa = PBXBuildFile; fileRef = 0B35A0651ACB10F30003CE85 /* Images.xcassets */; };
		0B35A06A1ACB10F30003CE85 /* SwiftSampleApp WatchKit App.app in Resources */ = {isa = PBXBuildFile; fileRef = 0B35A0691ACB10F30003CE85 /* SwiftSampleApp WatchKit App.app */; };
		0B35A0721ACB10F30003CE85 /* Interface.storyboard in Resources */ = {isa = PBXBuildFile; fileRef = 0B35A0701ACB10F30003CE85 /* Interface.storyboard */; };
		0B35A0741ACB10F30003CE85 /* Images.xcassets in Resources */ = {isa = PBXBuildFile; fileRef = 0B35A0731ACB10F30003CE85 /* Images.xcassets */; };
		0B35A0771ACB10F30003CE85 /* SwiftSampleApp WatchKit Extension.appex in Embed App Extensions */ = {isa = PBXBuildFile; fileRef = 0B35A05F1ACB10F30003CE85 /* SwiftSampleApp WatchKit Extension.appex */; settings = {ATTRIBUTES = (RemoveHeadersOnCopy, ); }; };
/* End PBXBuildFile section */

/* Begin PBXContainerItemProxy section */
		0B193ACB1AC109A500EFFE17 /* PBXContainerItemProxy */ = {
			isa = PBXContainerItemProxy;
			containerPortal = 0B193AAD1AC109A500EFFE17 /* Project object */;
			proxyType = 1;
			remoteGlobalIDString = 0B193AB41AC109A500EFFE17;
			remoteInfo = SwiftSampleApp;
		};
		0B35A06B1ACB10F30003CE85 /* PBXContainerItemProxy */ = {
			isa = PBXContainerItemProxy;
			containerPortal = 0B193AAD1AC109A500EFFE17 /* Project object */;
			proxyType = 1;
			remoteGlobalIDString = 0B35A0681ACB10F30003CE85;
			remoteInfo = "SwiftSampleApp WatchKit App";
		};
		0B35A0751ACB10F30003CE85 /* PBXContainerItemProxy */ = {
			isa = PBXContainerItemProxy;
			containerPortal = 0B193AAD1AC109A500EFFE17 /* Project object */;
			proxyType = 1;
			remoteGlobalIDString = 0B35A05E1ACB10F30003CE85;
			remoteInfo = "SwiftSampleApp WatchKit Extension";
		};
/* End PBXContainerItemProxy section */

/* Begin PBXCopyFilesBuildPhase section */
		0B35A07E1ACB10F30003CE85 /* Embed App Extensions */ = {
			isa = PBXCopyFilesBuildPhase;
			buildActionMask = 2147483647;
			dstPath = "";
			dstSubfolderSpec = 13;
			files = (
				0B35A0771ACB10F30003CE85 /* SwiftSampleApp WatchKit Extension.appex in Embed App Extensions */,
			);
			name = "Embed App Extensions";
			runOnlyForDeploymentPostprocessing = 0;
		};
/* End PBXCopyFilesBuildPhase section */

/* Begin PBXFileReference section */
		0B193AB51AC109A500EFFE17 /* SwiftSampleApp.app */ = {isa = PBXFileReference; explicitFileType = wrapper.application; includeInIndex = 0; path = SwiftSampleApp.app; sourceTree = BUILT_PRODUCTS_DIR; };
		0B193AB91AC109A500EFFE17 /* Info.plist */ = {isa = PBXFileReference; lastKnownFileType = text.plist.xml; path = Info.plist; sourceTree = "<group>"; };
		0B193ABA1AC109A500EFFE17 /* AppDelegate.swift */ = {isa = PBXFileReference; lastKnownFileType = sourcecode.swift; path = AppDelegate.swift; sourceTree = "<group>"; };
		0B193ABC1AC109A500EFFE17 /* BaseViewController.swift */ = {isa = PBXFileReference; lastKnownFileType = sourcecode.swift; path = BaseViewController.swift; sourceTree = "<group>"; };
		0B193ABF1AC109A500EFFE17 /* Base */ = {isa = PBXFileReference; lastKnownFileType = file.storyboard; name = Base; path = Base.lproj/Main.storyboard; sourceTree = "<group>"; };
		0B193AC11AC109A500EFFE17 /* Images.xcassets */ = {isa = PBXFileReference; lastKnownFileType = folder.assetcatalog; path = Images.xcassets; sourceTree = "<group>"; };
		0B193AC41AC109A500EFFE17 /* Base */ = {isa = PBXFileReference; lastKnownFileType = file.xib; name = Base; path = Base.lproj/LaunchScreen.xib; sourceTree = "<group>"; };
		0B193ACA1AC109A500EFFE17 /* SwiftSampleAppTests.xctest */ = {isa = PBXFileReference; explicitFileType = wrapper.cfbundle; includeInIndex = 0; path = SwiftSampleAppTests.xctest; sourceTree = BUILT_PRODUCTS_DIR; };
		0B193ACF1AC109A500EFFE17 /* Info.plist */ = {isa = PBXFileReference; lastKnownFileType = text.plist.xml; path = Info.plist; sourceTree = "<group>"; };
		0B193AD01AC109A500EFFE17 /* SwiftSampleAppTests.swift */ = {isa = PBXFileReference; lastKnownFileType = sourcecode.swift; path = SwiftSampleAppTests.swift; sourceTree = "<group>"; };
		0B193ADC1AC1173C00EFFE17 /* ViewController.swift */ = {isa = PBXFileReference; fileEncoding = 4; lastKnownFileType = sourcecode.swift; path = ViewController.swift; sourceTree = "<group>"; };
		0B193ADE1AC117F800EFFE17 /* CoreMedia.framework */ = {isa = PBXFileReference; lastKnownFileType = wrapper.framework; name = CoreMedia.framework; path = System/Library/Frameworks/CoreMedia.framework; sourceTree = SDKROOT; };
		0B193AE01AC1182D00EFFE17 /* CFNetwork.framework */ = {isa = PBXFileReference; lastKnownFileType = wrapper.framework; name = CFNetwork.framework; path = System/Library/Frameworks/CFNetwork.framework; sourceTree = SDKROOT; };
		0B193AE21AC1184500EFFE17 /* MediaAccessibility.framework */ = {isa = PBXFileReference; lastKnownFileType = wrapper.framework; name = MediaAccessibility.framework; path = System/Library/Frameworks/MediaAccessibility.framework; sourceTree = SDKROOT; };
		0B193AE31AC1184500EFFE17 /* MediaPlayer.framework */ = {isa = PBXFileReference; lastKnownFileType = wrapper.framework; name = MediaPlayer.framework; path = System/Library/Frameworks/MediaPlayer.framework; sourceTree = SDKROOT; };
		0B193AE61AC1185800EFFE17 /* OoyalaSDK.framework */ = {isa = PBXFileReference; lastKnownFileType = wrapper.framework; path = OoyalaSDK.framework; sourceTree = "<group>"; };
		0B193AE81AC1186D00EFFE17 /* SystemConfiguration.framework */ = {isa = PBXFileReference; lastKnownFileType = wrapper.framework; name = SystemConfiguration.framework; path = System/Library/Frameworks/SystemConfiguration.framework; sourceTree = SDKROOT; };
		0B193AEA1AC1187A00EFFE17 /* Security.framework */ = {isa = PBXFileReference; lastKnownFileType = wrapper.framework; name = Security.framework; path = System/Library/Frameworks/Security.framework; sourceTree = SDKROOT; };
		0B193AEC1AC1188B00EFFE17 /* AVFoundation.framework */ = {isa = PBXFileReference; lastKnownFileType = wrapper.framework; name = AVFoundation.framework; path = System/Library/Frameworks/AVFoundation.framework; sourceTree = SDKROOT; };
		0B193AEE1AC1189A00EFFE17 /* CoreText.framework */ = {isa = PBXFileReference; lastKnownFileType = wrapper.framework; name = CoreText.framework; path = System/Library/Frameworks/CoreText.framework; sourceTree = SDKROOT; };
		0B193AF01AC118A900EFFE17 /* AdSupport.framework */ = {isa = PBXFileReference; lastKnownFileType = wrapper.framework; name = AdSupport.framework; path = System/Library/Frameworks/AdSupport.framework; sourceTree = SDKROOT; };
		0B193AF21AC118B700EFFE17 /* QuartzCore.framework */ = {isa = PBXFileReference; lastKnownFileType = wrapper.framework; name = QuartzCore.framework; path = System/Library/Frameworks/QuartzCore.framework; sourceTree = SDKROOT; };
		0B193AF41AC118BE00EFFE17 /* UIKit.framework */ = {isa = PBXFileReference; lastKnownFileType = wrapper.framework; name = UIKit.framework; path = System/Library/Frameworks/UIKit.framework; sourceTree = SDKROOT; };
		0B193AF61AC118CA00EFFE17 /* Foundation.framework */ = {isa = PBXFileReference; lastKnownFileType = wrapper.framework; name = Foundation.framework; path = System/Library/Frameworks/Foundation.framework; sourceTree = SDKROOT; };
		0B193AF81AC118D500EFFE17 /* CoreGraphics.framework */ = {isa = PBXFileReference; lastKnownFileType = wrapper.framework; name = CoreGraphics.framework; path = System/Library/Frameworks/CoreGraphics.framework; sourceTree = SDKROOT; };
		0B193AFA1AC118E100EFFE17 /* libxml2.dylib */ = {isa = PBXFileReference; lastKnownFileType = "compiled.mach-o.dylib"; name = libxml2.dylib; path = usr/lib/libxml2.dylib; sourceTree = SDKROOT; };
		0B193AFC1AC118F400EFFE17 /* libc++.dylib */ = {isa = PBXFileReference; lastKnownFileType = "compiled.mach-o.dylib"; name = "libc++.dylib"; path = "usr/lib/libc++.dylib"; sourceTree = SDKROOT; };
		0B193AFF1AC11A5400EFFE17 /* SwiftSampleApp-Bridging-Header.h */ = {isa = PBXFileReference; lastKnownFileType = sourcecode.c.h; path = "SwiftSampleApp-Bridging-Header.h"; sourceTree = "<group>"; };
		0B35A05F1ACB10F30003CE85 /* SwiftSampleApp WatchKit Extension.appex */ = {isa = PBXFileReference; explicitFileType = "wrapper.app-extension"; includeInIndex = 0; path = "SwiftSampleApp WatchKit Extension.appex"; sourceTree = BUILT_PRODUCTS_DIR; };
		0B35A0621ACB10F30003CE85 /* Info.plist */ = {isa = PBXFileReference; lastKnownFileType = text.plist.xml; path = Info.plist; sourceTree = "<group>"; };
		0B35A0631ACB10F30003CE85 /* InterfaceController.swift */ = {isa = PBXFileReference; lastKnownFileType = sourcecode.swift; path = InterfaceController.swift; sourceTree = "<group>"; };
		0B35A0651ACB10F30003CE85 /* Images.xcassets */ = {isa = PBXFileReference; lastKnownFileType = folder.assetcatalog; path = Images.xcassets; sourceTree = "<group>"; };
		0B35A0691ACB10F30003CE85 /* SwiftSampleApp WatchKit App.app */ = {isa = PBXFileReference; explicitFileType = wrapper.application; includeInIndex = 0; path = "SwiftSampleApp WatchKit App.app"; sourceTree = BUILT_PRODUCTS_DIR; };
		0B35A06F1ACB10F30003CE85 /* Info.plist */ = {isa = PBXFileReference; lastKnownFileType = text.plist.xml; path = Info.plist; sourceTree = "<group>"; };
		0B35A0711ACB10F30003CE85 /* Base */ = {isa = PBXFileReference; lastKnownFileType = file.storyboard; name = Base; path = Base.lproj/Interface.storyboard; sourceTree = "<group>"; };
		0B35A0731ACB10F30003CE85 /* Images.xcassets */ = {isa = PBXFileReference; lastKnownFileType = folder.assetcatalog; path = Images.xcassets; sourceTree = "<group>"; };
/* End PBXFileReference section */

/* Begin PBXFrameworksBuildPhase section */
		0B193AB21AC109A500EFFE17 /* Frameworks */ = {
			isa = PBXFrameworksBuildPhase;
			buildActionMask = 2147483647;
			files = (
				0B193AFD1AC118F400EFFE17 /* libc++.dylib in Frameworks */,
				0B193AFB1AC118E100EFFE17 /* libxml2.dylib in Frameworks */,
				0B193AF91AC118D500EFFE17 /* CoreGraphics.framework in Frameworks */,
				0B193AF71AC118CA00EFFE17 /* Foundation.framework in Frameworks */,
				0B193AF51AC118BE00EFFE17 /* UIKit.framework in Frameworks */,
				0B193AF31AC118B700EFFE17 /* QuartzCore.framework in Frameworks */,
				0B193AF11AC118A900EFFE17 /* AdSupport.framework in Frameworks */,
				0B193AEF1AC1189A00EFFE17 /* CoreText.framework in Frameworks */,
				0B193AED1AC1188B00EFFE17 /* AVFoundation.framework in Frameworks */,
				0B193AEB1AC1187A00EFFE17 /* Security.framework in Frameworks */,
				0B193AE91AC1186D00EFFE17 /* SystemConfiguration.framework in Frameworks */,
				0B193AE71AC1185800EFFE17 /* OoyalaSDK.framework in Frameworks */,
				0B193AE41AC1184500EFFE17 /* MediaAccessibility.framework in Frameworks */,
				0B193AE51AC1184500EFFE17 /* MediaPlayer.framework in Frameworks */,
				0B193AE11AC1182D00EFFE17 /* CFNetwork.framework in Frameworks */,
				0B193ADF1AC117F800EFFE17 /* CoreMedia.framework in Frameworks */,
			);
			runOnlyForDeploymentPostprocessing = 0;
		};
		0B193AC71AC109A500EFFE17 /* Frameworks */ = {
			isa = PBXFrameworksBuildPhase;
			buildActionMask = 2147483647;
			files = (
			);
			runOnlyForDeploymentPostprocessing = 0;
		};
		0B35A05C1ACB10F30003CE85 /* Frameworks */ = {
			isa = PBXFrameworksBuildPhase;
			buildActionMask = 2147483647;
			files = (
			);
			runOnlyForDeploymentPostprocessing = 0;
		};
/* End PBXFrameworksBuildPhase section */

/* Begin PBXGroup section */
		0B193AAC1AC109A500EFFE17 = {
			isa = PBXGroup;
			children = (
				0B193AB71AC109A500EFFE17 /* SwiftSampleApp */,
				0B35A0601ACB10F30003CE85 /* SwiftSampleApp WatchKit Extension */,
				0B35A06D1ACB10F30003CE85 /* SwiftSampleApp WatchKit App */,
				0B193AFE1AC118FB00EFFE17 /* Frameworks */,
				0B193ACD1AC109A500EFFE17 /* SwiftSampleAppTests */,
				0B193AB61AC109A500EFFE17 /* Products */,
			);
			sourceTree = "<group>";
		};
		0B193AB61AC109A500EFFE17 /* Products */ = {
			isa = PBXGroup;
			children = (
				0B193AB51AC109A500EFFE17 /* SwiftSampleApp.app */,
				0B193ACA1AC109A500EFFE17 /* SwiftSampleAppTests.xctest */,
				0B35A05F1ACB10F30003CE85 /* SwiftSampleApp WatchKit Extension.appex */,
				0B35A0691ACB10F30003CE85 /* SwiftSampleApp WatchKit App.app */,
			);
			name = Products;
			sourceTree = "<group>";
		};
		0B193AB71AC109A500EFFE17 /* SwiftSampleApp */ = {
			isa = PBXGroup;
			children = (
				0B193ABA1AC109A500EFFE17 /* AppDelegate.swift */,
				0B193ABC1AC109A500EFFE17 /* BaseViewController.swift */,
				0B193ADC1AC1173C00EFFE17 /* ViewController.swift */,
				0B193AFF1AC11A5400EFFE17 /* SwiftSampleApp-Bridging-Header.h */,
				0B193ABE1AC109A500EFFE17 /* Main.storyboard */,
				0B193AC11AC109A500EFFE17 /* Images.xcassets */,
				0B193AC31AC109A500EFFE17 /* LaunchScreen.xib */,
				0B193AB81AC109A500EFFE17 /* Supporting Files */,
			);
			path = SwiftSampleApp;
			sourceTree = "<group>";
		};
		0B193AB81AC109A500EFFE17 /* Supporting Files */ = {
			isa = PBXGroup;
			children = (
				0B193AB91AC109A500EFFE17 /* Info.plist */,
			);
			name = "Supporting Files";
			sourceTree = "<group>";
		};
		0B193ACD1AC109A500EFFE17 /* SwiftSampleAppTests */ = {
			isa = PBXGroup;
			children = (
				0B193AD01AC109A500EFFE17 /* SwiftSampleAppTests.swift */,
				0B193ACE1AC109A500EFFE17 /* Supporting Files */,
			);
			path = SwiftSampleAppTests;
			sourceTree = "<group>";
		};
		0B193ACE1AC109A500EFFE17 /* Supporting Files */ = {
			isa = PBXGroup;
			children = (
				0B193ACF1AC109A500EFFE17 /* Info.plist */,
			);
			name = "Supporting Files";
			sourceTree = "<group>";
		};
		0B193AFE1AC118FB00EFFE17 /* Frameworks */ = {
			isa = PBXGroup;
			children = (
				0B193AFC1AC118F400EFFE17 /* libc++.dylib */,
				0B193AFA1AC118E100EFFE17 /* libxml2.dylib */,
				0B193AF81AC118D500EFFE17 /* CoreGraphics.framework */,
				0B193AF61AC118CA00EFFE17 /* Foundation.framework */,
				0B193AF41AC118BE00EFFE17 /* UIKit.framework */,
				0B193AF21AC118B700EFFE17 /* QuartzCore.framework */,
				0B193AF01AC118A900EFFE17 /* AdSupport.framework */,
				0B193AEE1AC1189A00EFFE17 /* CoreText.framework */,
				0B193AEC1AC1188B00EFFE17 /* AVFoundation.framework */,
				0B193AEA1AC1187A00EFFE17 /* Security.framework */,
				0B193AE81AC1186D00EFFE17 /* SystemConfiguration.framework */,
				0B193AE61AC1185800EFFE17 /* OoyalaSDK.framework */,
				0B193AE21AC1184500EFFE17 /* MediaAccessibility.framework */,
				0B193AE31AC1184500EFFE17 /* MediaPlayer.framework */,
				0B193AE01AC1182D00EFFE17 /* CFNetwork.framework */,
				0B193ADE1AC117F800EFFE17 /* CoreMedia.framework */,
			);
			name = Frameworks;
			sourceTree = "<group>";
		};
		0B35A0601ACB10F30003CE85 /* SwiftSampleApp WatchKit Extension */ = {
			isa = PBXGroup;
			children = (
				0B35A0631ACB10F30003CE85 /* InterfaceController.swift */,
				0B35A0651ACB10F30003CE85 /* Images.xcassets */,
				0B35A0611ACB10F30003CE85 /* Supporting Files */,
			);
			path = "SwiftSampleApp WatchKit Extension";
			sourceTree = "<group>";
		};
		0B35A0611ACB10F30003CE85 /* Supporting Files */ = {
			isa = PBXGroup;
			children = (
				0B35A0621ACB10F30003CE85 /* Info.plist */,
			);
			name = "Supporting Files";
			sourceTree = "<group>";
		};
		0B35A06D1ACB10F30003CE85 /* SwiftSampleApp WatchKit App */ = {
			isa = PBXGroup;
			children = (
				0B35A0701ACB10F30003CE85 /* Interface.storyboard */,
				0B35A0731ACB10F30003CE85 /* Images.xcassets */,
				0B35A06E1ACB10F30003CE85 /* Supporting Files */,
			);
			path = "SwiftSampleApp WatchKit App";
			sourceTree = "<group>";
		};
		0B35A06E1ACB10F30003CE85 /* Supporting Files */ = {
			isa = PBXGroup;
			children = (
				0B35A06F1ACB10F30003CE85 /* Info.plist */,
			);
			name = "Supporting Files";
			sourceTree = "<group>";
		};
/* End PBXGroup section */

/* Begin PBXNativeTarget section */
		0B193AB41AC109A500EFFE17 /* SwiftSampleApp */ = {
			isa = PBXNativeTarget;
			buildConfigurationList = 0B193AD41AC109A500EFFE17 /* Build configuration list for PBXNativeTarget "SwiftSampleApp" */;
			buildPhases = (
				0B193AB11AC109A500EFFE17 /* Sources */,
				0B193AB21AC109A500EFFE17 /* Frameworks */,
				0B193AB31AC109A500EFFE17 /* Resources */,
				0B35A07E1ACB10F30003CE85 /* Embed App Extensions */,
			);
			buildRules = (
			);
			dependencies = (
				0B35A0761ACB10F30003CE85 /* PBXTargetDependency */,
			);
			name = SwiftSampleApp;
			productName = SwiftSampleApp;
			productReference = 0B193AB51AC109A500EFFE17 /* SwiftSampleApp.app */;
			productType = "com.apple.product-type.application";
		};
		0B193AC91AC109A500EFFE17 /* SwiftSampleAppTests */ = {
			isa = PBXNativeTarget;
			buildConfigurationList = 0B193AD71AC109A500EFFE17 /* Build configuration list for PBXNativeTarget "SwiftSampleAppTests" */;
			buildPhases = (
				0B193AC61AC109A500EFFE17 /* Sources */,
				0B193AC71AC109A500EFFE17 /* Frameworks */,
				0B193AC81AC109A500EFFE17 /* Resources */,
			);
			buildRules = (
			);
			dependencies = (
				0B193ACC1AC109A500EFFE17 /* PBXTargetDependency */,
			);
			name = SwiftSampleAppTests;
			productName = SwiftSampleAppTests;
			productReference = 0B193ACA1AC109A500EFFE17 /* SwiftSampleAppTests.xctest */;
			productType = "com.apple.product-type.bundle.unit-test";
		};
		0B35A05E1ACB10F30003CE85 /* SwiftSampleApp WatchKit Extension */ = {
			isa = PBXNativeTarget;
			buildConfigurationList = 0B35A07D1ACB10F30003CE85 /* Build configuration list for PBXNativeTarget "SwiftSampleApp WatchKit Extension" */;
			buildPhases = (
				0B35A05B1ACB10F30003CE85 /* Sources */,
				0B35A05C1ACB10F30003CE85 /* Frameworks */,
				0B35A05D1ACB10F30003CE85 /* Resources */,
			);
			buildRules = (
			);
			dependencies = (
				0B35A06C1ACB10F30003CE85 /* PBXTargetDependency */,
			);
			name = "SwiftSampleApp WatchKit Extension";
			productName = "SwiftSampleApp WatchKit Extension";
			productReference = 0B35A05F1ACB10F30003CE85 /* SwiftSampleApp WatchKit Extension.appex */;
			productType = "com.apple.product-type.watchkit-extension";
		};
		0B35A0681ACB10F30003CE85 /* SwiftSampleApp WatchKit App */ = {
			isa = PBXNativeTarget;
			buildConfigurationList = 0B35A07C1ACB10F30003CE85 /* Build configuration list for PBXNativeTarget "SwiftSampleApp WatchKit App" */;
			buildPhases = (
				0B35A0671ACB10F30003CE85 /* Resources */,
			);
			buildRules = (
			);
			dependencies = (
			);
			name = "SwiftSampleApp WatchKit App";
			productName = "SwiftSampleApp WatchKit App";
			productReference = 0B35A0691ACB10F30003CE85 /* SwiftSampleApp WatchKit App.app */;
			productType = "com.apple.product-type.application.watchapp";
		};
/* End PBXNativeTarget section */

/* Begin PBXProject section */
		0B193AAD1AC109A500EFFE17 /* Project object */ = {
			isa = PBXProject;
			attributes = {
				LastUpgradeCheck = 0620;
				ORGANIZATIONNAME = "Ooyala Inc";
				TargetAttributes = {
					0B193AB41AC109A500EFFE17 = {
						CreatedOnToolsVersion = 6.2;
						DevelopmentTeam = 556Y9XWD3N;
						ProvisioningStyle = Manual;
					};
					0B193AC91AC109A500EFFE17 = {
						CreatedOnToolsVersion = 6.2;
						TestTargetID = 0B193AB41AC109A500EFFE17;
					};
					0B35A05E1ACB10F30003CE85 = {
						CreatedOnToolsVersion = 6.2;
					};
					0B35A0681ACB10F30003CE85 = {
						CreatedOnToolsVersion = 6.2;
					};
				};
			};
			buildConfigurationList = 0B193AB01AC109A500EFFE17 /* Build configuration list for PBXProject "SwiftSampleApp" */;
			compatibilityVersion = "Xcode 3.2";
			developmentRegion = English;
			hasScannedForEncodings = 0;
			knownRegions = (
				en,
				Base,
			);
			mainGroup = 0B193AAC1AC109A500EFFE17;
			productRefGroup = 0B193AB61AC109A500EFFE17 /* Products */;
			projectDirPath = "";
			projectRoot = "";
			targets = (
				0B193AB41AC109A500EFFE17 /* SwiftSampleApp */,
				0B193AC91AC109A500EFFE17 /* SwiftSampleAppTests */,
				0B35A05E1ACB10F30003CE85 /* SwiftSampleApp WatchKit Extension */,
				0B35A0681ACB10F30003CE85 /* SwiftSampleApp WatchKit App */,
			);
		};
/* End PBXProject section */

/* Begin PBXResourcesBuildPhase section */
		0B193AB31AC109A500EFFE17 /* Resources */ = {
			isa = PBXResourcesBuildPhase;
			buildActionMask = 2147483647;
			files = (
				0B193AC01AC109A500EFFE17 /* Main.storyboard in Resources */,
				0B193AC51AC109A500EFFE17 /* LaunchScreen.xib in Resources */,
				0B193AC21AC109A500EFFE17 /* Images.xcassets in Resources */,
			);
			runOnlyForDeploymentPostprocessing = 0;
		};
		0B193AC81AC109A500EFFE17 /* Resources */ = {
			isa = PBXResourcesBuildPhase;
			buildActionMask = 2147483647;
			files = (
			);
			runOnlyForDeploymentPostprocessing = 0;
		};
		0B35A05D1ACB10F30003CE85 /* Resources */ = {
			isa = PBXResourcesBuildPhase;
			buildActionMask = 2147483647;
			files = (
				0B35A06A1ACB10F30003CE85 /* SwiftSampleApp WatchKit App.app in Resources */,
				0B35A0661ACB10F30003CE85 /* Images.xcassets in Resources */,
			);
			runOnlyForDeploymentPostprocessing = 0;
		};
		0B35A0671ACB10F30003CE85 /* Resources */ = {
			isa = PBXResourcesBuildPhase;
			buildActionMask = 2147483647;
			files = (
				0B35A0721ACB10F30003CE85 /* Interface.storyboard in Resources */,
				0B35A0741ACB10F30003CE85 /* Images.xcassets in Resources */,
			);
			runOnlyForDeploymentPostprocessing = 0;
		};
/* End PBXResourcesBuildPhase section */

/* Begin PBXSourcesBuildPhase section */
		0B193AB11AC109A500EFFE17 /* Sources */ = {
			isa = PBXSourcesBuildPhase;
			buildActionMask = 2147483647;
			files = (
				0B193ADD1AC1173C00EFFE17 /* ViewController.swift in Sources */,
				0B193ABD1AC109A500EFFE17 /* BaseViewController.swift in Sources */,
				0B193ABB1AC109A500EFFE17 /* AppDelegate.swift in Sources */,
			);
			runOnlyForDeploymentPostprocessing = 0;
		};
		0B193AC61AC109A500EFFE17 /* Sources */ = {
			isa = PBXSourcesBuildPhase;
			buildActionMask = 2147483647;
			files = (
				0B193AD11AC109A500EFFE17 /* SwiftSampleAppTests.swift in Sources */,
			);
			runOnlyForDeploymentPostprocessing = 0;
		};
		0B35A05B1ACB10F30003CE85 /* Sources */ = {
			isa = PBXSourcesBuildPhase;
			buildActionMask = 2147483647;
			files = (
				0B35A0641ACB10F30003CE85 /* InterfaceController.swift in Sources */,
			);
			runOnlyForDeploymentPostprocessing = 0;
		};
/* End PBXSourcesBuildPhase section */

/* Begin PBXTargetDependency section */
		0B193ACC1AC109A500EFFE17 /* PBXTargetDependency */ = {
			isa = PBXTargetDependency;
			target = 0B193AB41AC109A500EFFE17 /* SwiftSampleApp */;
			targetProxy = 0B193ACB1AC109A500EFFE17 /* PBXContainerItemProxy */;
		};
		0B35A06C1ACB10F30003CE85 /* PBXTargetDependency */ = {
			isa = PBXTargetDependency;
			target = 0B35A0681ACB10F30003CE85 /* SwiftSampleApp WatchKit App */;
			targetProxy = 0B35A06B1ACB10F30003CE85 /* PBXContainerItemProxy */;
		};
		0B35A0761ACB10F30003CE85 /* PBXTargetDependency */ = {
			isa = PBXTargetDependency;
			target = 0B35A05E1ACB10F30003CE85 /* SwiftSampleApp WatchKit Extension */;
			targetProxy = 0B35A0751ACB10F30003CE85 /* PBXContainerItemProxy */;
		};
/* End PBXTargetDependency section */

/* Begin PBXVariantGroup section */
		0B193ABE1AC109A500EFFE17 /* Main.storyboard */ = {
			isa = PBXVariantGroup;
			children = (
				0B193ABF1AC109A500EFFE17 /* Base */,
			);
			name = Main.storyboard;
			sourceTree = "<group>";
		};
		0B193AC31AC109A500EFFE17 /* LaunchScreen.xib */ = {
			isa = PBXVariantGroup;
			children = (
				0B193AC41AC109A500EFFE17 /* Base */,
			);
			name = LaunchScreen.xib;
			sourceTree = "<group>";
		};
		0B35A0701ACB10F30003CE85 /* Interface.storyboard */ = {
			isa = PBXVariantGroup;
			children = (
				0B35A0711ACB10F30003CE85 /* Base */,
			);
			name = Interface.storyboard;
			sourceTree = "<group>";
		};
/* End PBXVariantGroup section */

/* Begin XCBuildConfiguration section */
		0B193AD21AC109A500EFFE17 /* Debug */ = {
			isa = XCBuildConfiguration;
			buildSettings = {
				ALWAYS_SEARCH_USER_PATHS = NO;
				CLANG_CXX_LANGUAGE_STANDARD = "gnu++0x";
				CLANG_CXX_LIBRARY = "libc++";
				CLANG_ENABLE_MODULES = YES;
				CLANG_ENABLE_OBJC_ARC = YES;
				CLANG_WARN_BOOL_CONVERSION = YES;
				CLANG_WARN_CONSTANT_CONVERSION = YES;
				CLANG_WARN_DIRECT_OBJC_ISA_USAGE = YES_ERROR;
				CLANG_WARN_EMPTY_BODY = YES;
				CLANG_WARN_ENUM_CONVERSION = YES;
				CLANG_WARN_INT_CONVERSION = YES;
				CLANG_WARN_OBJC_ROOT_CLASS = YES_ERROR;
				CLANG_WARN_UNREACHABLE_CODE = YES;
				CLANG_WARN__DUPLICATE_METHOD_MATCH = YES;
				"CODE_SIGN_IDENTITY[sdk=iphoneos*]" = "iPhone Developer";
				COPY_PHASE_STRIP = NO;
				ENABLE_STRICT_OBJC_MSGSEND = YES;
				GCC_C_LANGUAGE_STANDARD = gnu99;
				GCC_DYNAMIC_NO_PIC = NO;
				GCC_OPTIMIZATION_LEVEL = 0;
				GCC_PREPROCESSOR_DEFINITIONS = (
					"DEBUG=1",
					"$(inherited)",
				);
				GCC_SYMBOLS_PRIVATE_EXTERN = NO;
				GCC_WARN_64_TO_32_BIT_CONVERSION = YES;
				GCC_WARN_ABOUT_RETURN_TYPE = YES_ERROR;
				GCC_WARN_UNDECLARED_SELECTOR = YES;
				GCC_WARN_UNINITIALIZED_AUTOS = YES_AGGRESSIVE;
				GCC_WARN_UNUSED_FUNCTION = YES;
				GCC_WARN_UNUSED_VARIABLE = YES;
				IPHONEOS_DEPLOYMENT_TARGET = 8.2;
				MTL_ENABLE_DEBUG_INFO = YES;
				ONLY_ACTIVE_ARCH = YES;
				SDKROOT = iphoneos;
				SWIFT_OPTIMIZATION_LEVEL = "-Onone";
				TARGETED_DEVICE_FAMILY = "1,2";
			};
			name = Debug;
		};
		0B193AD31AC109A500EFFE17 /* Release */ = {
			isa = XCBuildConfiguration;
			buildSettings = {
				ALWAYS_SEARCH_USER_PATHS = NO;
				CLANG_CXX_LANGUAGE_STANDARD = "gnu++0x";
				CLANG_CXX_LIBRARY = "libc++";
				CLANG_ENABLE_MODULES = YES;
				CLANG_ENABLE_OBJC_ARC = YES;
				CLANG_WARN_BOOL_CONVERSION = YES;
				CLANG_WARN_CONSTANT_CONVERSION = YES;
				CLANG_WARN_DIRECT_OBJC_ISA_USAGE = YES_ERROR;
				CLANG_WARN_EMPTY_BODY = YES;
				CLANG_WARN_ENUM_CONVERSION = YES;
				CLANG_WARN_INT_CONVERSION = YES;
				CLANG_WARN_OBJC_ROOT_CLASS = YES_ERROR;
				CLANG_WARN_UNREACHABLE_CODE = YES;
				CLANG_WARN__DUPLICATE_METHOD_MATCH = YES;
				"CODE_SIGN_IDENTITY[sdk=iphoneos*]" = "iPhone Developer";
				COPY_PHASE_STRIP = NO;
				ENABLE_NS_ASSERTIONS = NO;
				ENABLE_STRICT_OBJC_MSGSEND = YES;
				GCC_C_LANGUAGE_STANDARD = gnu99;
				GCC_WARN_64_TO_32_BIT_CONVERSION = YES;
				GCC_WARN_ABOUT_RETURN_TYPE = YES_ERROR;
				GCC_WARN_UNDECLARED_SELECTOR = YES;
				GCC_WARN_UNINITIALIZED_AUTOS = YES_AGGRESSIVE;
				GCC_WARN_UNUSED_FUNCTION = YES;
				GCC_WARN_UNUSED_VARIABLE = YES;
				IPHONEOS_DEPLOYMENT_TARGET = 8.2;
				MTL_ENABLE_DEBUG_INFO = NO;
				SDKROOT = iphoneos;
				TARGETED_DEVICE_FAMILY = "1,2";
				VALIDATE_PRODUCT = YES;
			};
			name = Release;
		};
		0B193AD51AC109A500EFFE17 /* Debug */ = {
			isa = XCBuildConfiguration;
			buildSettings = {
				ASSETCATALOG_COMPILER_APPICON_NAME = AppIcon;
				DEVELOPMENT_TEAM = 556Y9XWD3N;
				EMBEDDED_CONTENT_CONTAINS_SWIFT = YES;
				FRAMEWORK_SEARCH_PATHS = (
					"$(inherited)",
					"$(PROJECT_DIR)",
				);
				HEADER_SEARCH_PATHS = (
					"$(inherited)",
					/Applications/Xcode.app/Contents/Developer/Toolchains/XcodeDefault.xctoolchain/usr/include,
				);
				INFOPLIST_FILE = SwiftSampleApp/Info.plist;
				IPHONEOS_DEPLOYMENT_TARGET = 7.0;
				LD_RUNPATH_SEARCH_PATHS = "$(inherited) @executable_path/Frameworks";
				PRODUCT_NAME = "$(TARGET_NAME)";
				PROVISIONING_PROFILE = "b7258f32-8232-43b4-b873-7d7ebb144cd8";
				PROVISIONING_PROFILE_SPECIFIER = "All Apps Anywhere";
				SWIFT_OBJC_BRIDGING_HEADER = "$(PROJECT_DIR)/SwiftSampleApp/SwiftSampleApp-Bridging-Header.h";
			};
			name = Debug;
		};
		0B193AD61AC109A500EFFE17 /* Release */ = {
			isa = XCBuildConfiguration;
			buildSettings = {
				ASSETCATALOG_COMPILER_APPICON_NAME = AppIcon;
				DEVELOPMENT_TEAM = 556Y9XWD3N;
				EMBEDDED_CONTENT_CONTAINS_SWIFT = YES;
				FRAMEWORK_SEARCH_PATHS = (
					"$(inherited)",
					"$(PROJECT_DIR)",
				);
				HEADER_SEARCH_PATHS = (
					"$(inherited)",
					/Applications/Xcode.app/Contents/Developer/Toolchains/XcodeDefault.xctoolchain/usr/include,
				);
				INFOPLIST_FILE = SwiftSampleApp/Info.plist;
				IPHONEOS_DEPLOYMENT_TARGET = 7.0;
				LD_RUNPATH_SEARCH_PATHS = "$(inherited) @executable_path/Frameworks";
				PRODUCT_NAME = "$(TARGET_NAME)";
				PROVISIONING_PROFILE = "b7258f32-8232-43b4-b873-7d7ebb144cd8";
				PROVISIONING_PROFILE_SPECIFIER = "All Apps Anywhere";
				SWIFT_OBJC_BRIDGING_HEADER = "$(PROJECT_DIR)/SwiftSampleApp/SwiftSampleApp-Bridging-Header.h";
			};
			name = Release;
		};
		0B193AD81AC109A500EFFE17 /* Debug */ = {
			isa = XCBuildConfiguration;
			buildSettings = {
				BUNDLE_LOADER = "$(TEST_HOST)";
				FRAMEWORK_SEARCH_PATHS = (
					"$(SDKROOT)/Developer/Library/Frameworks",
					"$(inherited)",
				);
				GCC_PREPROCESSOR_DEFINITIONS = (
					"DEBUG=1",
					"$(inherited)",
				);
				INFOPLIST_FILE = SwiftSampleAppTests/Info.plist;
				LD_RUNPATH_SEARCH_PATHS = "$(inherited) @executable_path/Frameworks @loader_path/Frameworks";
				PRODUCT_NAME = "$(TARGET_NAME)";
				TEST_HOST = "$(BUILT_PRODUCTS_DIR)/SwiftSampleApp.app/SwiftSampleApp";
			};
			name = Debug;
		};
		0B193AD91AC109A500EFFE17 /* Release */ = {
			isa = XCBuildConfiguration;
			buildSettings = {
				BUNDLE_LOADER = "$(TEST_HOST)";
				FRAMEWORK_SEARCH_PATHS = (
					"$(SDKROOT)/Developer/Library/Frameworks",
					"$(inherited)",
				);
				INFOPLIST_FILE = SwiftSampleAppTests/Info.plist;
				LD_RUNPATH_SEARCH_PATHS = "$(inherited) @executable_path/Frameworks @loader_path/Frameworks";
				PRODUCT_NAME = "$(TARGET_NAME)";
				TEST_HOST = "$(BUILT_PRODUCTS_DIR)/SwiftSampleApp.app/SwiftSampleApp";
			};
			name = Release;
		};
		0B35A0781ACB10F30003CE85 /* Debug */ = {
			isa = XCBuildConfiguration;
			buildSettings = {
				GCC_PREPROCESSOR_DEFINITIONS = (
					"DEBUG=1",
					"$(inherited)",
				);
				INFOPLIST_FILE = "SwiftSampleApp WatchKit Extension/Info.plist";
				LD_RUNPATH_SEARCH_PATHS = "$(inherited) @executable_path/Frameworks @executable_path/../../Frameworks";
				PRODUCT_NAME = "${TARGET_NAME}";
				SKIP_INSTALL = YES;
			};
			name = Debug;
		};
		0B35A0791ACB10F30003CE85 /* Release */ = {
			isa = XCBuildConfiguration;
			buildSettings = {
				INFOPLIST_FILE = "SwiftSampleApp WatchKit Extension/Info.plist";
				LD_RUNPATH_SEARCH_PATHS = "$(inherited) @executable_path/Frameworks @executable_path/../../Frameworks";
				PRODUCT_NAME = "${TARGET_NAME}";
				SKIP_INSTALL = YES;
			};
			name = Release;
		};
		0B35A07A1ACB10F30003CE85 /* Debug */ = {
			isa = XCBuildConfiguration;
			buildSettings = {
				ASSETCATALOG_COMPILER_APPICON_NAME = AppIcon;
				GCC_PREPROCESSOR_DEFINITIONS = (
					"DEBUG=1",
					"$(inherited)",
				);
				IBSC_MODULE = SwiftSampleApp_WatchKit_Extension;
				INFOPLIST_FILE = "SwiftSampleApp WatchKit App/Info.plist";
				PRODUCT_NAME = "$(TARGET_NAME)";
				SKIP_INSTALL = YES;
				TARGETED_DEVICE_FAMILY = 4;
				"TARGETED_DEVICE_FAMILY[sdk=iphonesimulator*]" = "1,4";
			};
			name = Debug;
		};
		0B35A07B1ACB10F30003CE85 /* Release */ = {
			isa = XCBuildConfiguration;
			buildSettings = {
				ASSETCATALOG_COMPILER_APPICON_NAME = AppIcon;
				IBSC_MODULE = SwiftSampleApp_WatchKit_Extension;
				INFOPLIST_FILE = "SwiftSampleApp WatchKit App/Info.plist";
				PRODUCT_NAME = "$(TARGET_NAME)";
				SKIP_INSTALL = YES;
				TARGETED_DEVICE_FAMILY = 4;
				"TARGETED_DEVICE_FAMILY[sdk=iphonesimulator*]" = "1,4";
			};
			name = Release;
		};
/* End XCBuildConfiguration section */

/* Begin XCConfigurationList section */
		0B193AB01AC109A500EFFE17 /* Build configuration list for PBXProject "SwiftSampleApp" */ = {
			isa = XCConfigurationList;
			buildConfigurations = (
				0B193AD21AC109A500EFFE17 /* Debug */,
				0B193AD31AC109A500EFFE17 /* Release */,
			);
			defaultConfigurationIsVisible = 0;
			defaultConfigurationName = Release;
		};
		0B193AD41AC109A500EFFE17 /* Build configuration list for PBXNativeTarget "SwiftSampleApp" */ = {
			isa = XCConfigurationList;
			buildConfigurations = (
				0B193AD51AC109A500EFFE17 /* Debug */,
				0B193AD61AC109A500EFFE17 /* Release */,
			);
			defaultConfigurationIsVisible = 0;
			defaultConfigurationName = Release;
		};
		0B193AD71AC109A500EFFE17 /* Build configuration list for PBXNativeTarget "SwiftSampleAppTests" */ = {
			isa = XCConfigurationList;
			buildConfigurations = (
				0B193AD81AC109A500EFFE17 /* Debug */,
				0B193AD91AC109A500EFFE17 /* Release */,
			);
			defaultConfigurationIsVisible = 0;
			defaultConfigurationName = Release;
		};
		0B35A07C1ACB10F30003CE85 /* Build configuration list for PBXNativeTarget "SwiftSampleApp WatchKit App" */ = {
			isa = XCConfigurationList;
			buildConfigurations = (
				0B35A07A1ACB10F30003CE85 /* Debug */,
				0B35A07B1ACB10F30003CE85 /* Release */,
			);
			defaultConfigurationIsVisible = 0;
			defaultConfigurationName = Release;
		};
		0B35A07D1ACB10F30003CE85 /* Build configuration list for PBXNativeTarget "SwiftSampleApp WatchKit Extension" */ = {
			isa = XCConfigurationList;
			buildConfigurations = (
				0B35A0781ACB10F30003CE85 /* Debug */,
				0B35A0791ACB10F30003CE85 /* Release */,
			);
			defaultConfigurationIsVisible = 0;
			defaultConfigurationName = Release;
		};
/* End XCConfigurationList section */
	};
	rootObject = 0B193AAD1AC109A500EFFE17 /* Project object */;
}
