// !$*UTF8*$!
{
	archiveVersion = 1;
	classes = {
	};
	objectVersion = 46;
	objects = {

/* Begin PBXBuildFile section */
		0B140F891A2E5374001324EE /* MediaPlayer.framework in Frameworks */ = {isa = PBXBuildFile; fileRef = 0B140F881A2E5374001324EE /* MediaPlayer.framework */; };
		0B140F8F1A2E53BE001324EE /* SystemConfiguration.framework in Frameworks */ = {isa = PBXBuildFile; fileRef = 0B140F8E1A2E53BE001324EE /* SystemConfiguration.framework */; };
		0B17A0E91A78206D009D1C50 /* libc++.dylib in Frameworks */ = {isa = PBXBuildFile; fileRef = 0B17A0E81A78206D009D1C50 /* libc++.dylib */; };
		0B94584F1AC32CB3000DD545 /* IMAAd.h in Headers */ = {isa = PBXBuildFile; fileRef = 0B94583E1AC32CB3000DD545 /* IMAAd.h */; };
		0B9458501AC32CB3000DD545 /* IMAAdDisplayContainer.h in Headers */ = {isa = PBXBuildFile; fileRef = 0B94583F1AC32CB3000DD545 /* IMAAdDisplayContainer.h */; };
		0B9458511AC32CB3000DD545 /* IMAAdError.h in Headers */ = {isa = PBXBuildFile; fileRef = 0B9458401AC32CB3000DD545 /* IMAAdError.h */; };
		0B9458521AC32CB3000DD545 /* IMAAdEvent.h in Headers */ = {isa = PBXBuildFile; fileRef = 0B9458411AC32CB3000DD545 /* IMAAdEvent.h */; };
		0B9458531AC32CB3000DD545 /* IMAAdPlaybackInfo.h in Headers */ = {isa = PBXBuildFile; fileRef = 0B9458421AC32CB3000DD545 /* IMAAdPlaybackInfo.h */; };
		0B9458541AC32CB3000DD545 /* IMAAdPodInfo.h in Headers */ = {isa = PBXBuildFile; fileRef = 0B9458431AC32CB3000DD545 /* IMAAdPodInfo.h */; };
		0B9458551AC32CB3000DD545 /* IMAAdsLoader.h in Headers */ = {isa = PBXBuildFile; fileRef = 0B9458441AC32CB3000DD545 /* IMAAdsLoader.h */; };
		0B9458561AC32CB3000DD545 /* IMAAdsManager.h in Headers */ = {isa = PBXBuildFile; fileRef = 0B9458451AC32CB3000DD545 /* IMAAdsManager.h */; };
		0B9458571AC32CB3000DD545 /* IMAAdsRenderingSettings.h in Headers */ = {isa = PBXBuildFile; fileRef = 0B9458461AC32CB3000DD545 /* IMAAdsRenderingSettings.h */; };
		0B9458581AC32CB3000DD545 /* IMAAdsRequest.h in Headers */ = {isa = PBXBuildFile; fileRef = 0B9458471AC32CB3000DD545 /* IMAAdsRequest.h */; };
		0B9458591AC32CB3000DD545 /* IMAAVPlayerContentPlayhead.h in Headers */ = {isa = PBXBuildFile; fileRef = 0B9458481AC32CB3000DD545 /* IMAAVPlayerContentPlayhead.h */; };
		0B94585A1AC32CB3000DD545 /* IMACompanionAdSlot.h in Headers */ = {isa = PBXBuildFile; fileRef = 0B9458491AC32CB3000DD545 /* IMACompanionAdSlot.h */; };
		0B94585B1AC32CB3000DD545 /* IMAContentPlayhead.h in Headers */ = {isa = PBXBuildFile; fileRef = 0B94584A1AC32CB3000DD545 /* IMAContentPlayhead.h */; };
		0B94585C1AC32CB3000DD545 /* IMAUiElements.h in Headers */ = {isa = PBXBuildFile; fileRef = 0B94584B1AC32CB3000DD545 /* IMAUiElements.h */; };
		0B94585D1AC32CB3000DD545 /* libGoogleIMA3.a in Frameworks */ = {isa = PBXBuildFile; fileRef = 0B94584C1AC32CB3000DD545 /* libGoogleIMA3.a */; };
		0B94585E1AC32CB3000DD545 /* OoyalaIMASDK.framework in Frameworks */ = {isa = PBXBuildFile; fileRef = 0B94584D1AC32CB3000DD545 /* OoyalaIMASDK.framework */; };
		0B94585F1AC32CB3000DD545 /* OoyalaSDK.framework in Frameworks */ = {isa = PBXBuildFile; fileRef = 0B94584E1AC32CB3000DD545 /* OoyalaSDK.framework */; };
		0B9458AD1AC3361F000DD545 /* libxml2.dylib in Frameworks */ = {isa = PBXBuildFile; fileRef = 0B9458AC1AC3361F000DD545 /* libxml2.dylib */; };
		0B9458B81AC339AB000DD545 /* libz.dylib in Frameworks */ = {isa = PBXBuildFile; fileRef = 0BF4FA3E1A68702A0050A602 /* libz.dylib */; };
		0B94591F1AC33ABF000DD545 /* OoyalaSDK.framework in Frameworks */ = {isa = PBXBuildFile; fileRef = 0B94584E1AC32CB3000DD545 /* OoyalaSDK.framework */; };
		0BC947FF1A81779B004CB997 /* PlayerDoubleButton.xib in Resources */ = {isa = PBXBuildFile; fileRef = 0BC947F91A81779B004CB997 /* PlayerDoubleButton.xib */; };
		0BC948001A81779B004CB997 /* PlayerDoubleSwitch.xib in Resources */ = {isa = PBXBuildFile; fileRef = 0BC947FA1A81779B004CB997 /* PlayerDoubleSwitch.xib */; };
		0BC948011A81779B004CB997 /* PlayerDoubleText.xib in Resources */ = {isa = PBXBuildFile; fileRef = 0BC947FB1A81779B004CB997 /* PlayerDoubleText.xib */; };
		0BC948021A81779B004CB997 /* PlayerSimple.xib in Resources */ = {isa = PBXBuildFile; fileRef = 0BC947FC1A81779B004CB997 /* PlayerSimple.xib */; };
		0BC948031A81779B004CB997 /* PlayerSingleButton.xib in Resources */ = {isa = PBXBuildFile; fileRef = 0BC947FD1A81779B004CB997 /* PlayerSingleButton.xib */; };
		0BC948041A81779B004CB997 /* TableCell.xib in Resources */ = {isa = PBXBuildFile; fileRef = 0BC947FE1A81779B004CB997 /* TableCell.xib */; };
		0BF4FA271A686CB40050A602 /* AppDelegate.h in Headers */ = {isa = PBXBuildFile; fileRef = 0BF4FA101A686CB40050A602 /* AppDelegate.h */; };
		0BF4FA281A686CB40050A602 /* AppDelegate.m in Sources */ = {isa = PBXBuildFile; fileRef = 0BF4FA111A686CB40050A602 /* AppDelegate.m */; };
		0BF4FA291A686CB40050A602 /* LaunchScreen.xib in Resources */ = {isa = PBXBuildFile; fileRef = 0BF4FA121A686CB40050A602 /* LaunchScreen.xib */; };
		0BF4FA2A1A686CB40050A602 /* Main.storyboard in Resources */ = {isa = PBXBuildFile; fileRef = 0BF4FA141A686CB40050A602 /* Main.storyboard */; };
		0BF4FA2B1A686CB40050A602 /* Images.xcassets in Resources */ = {isa = PBXBuildFile; fileRef = 0BF4FA161A686CB40050A602 /* Images.xcassets */; };
		0BF4FA2C1A686CB40050A602 /* Info.plist in Resources */ = {isa = PBXBuildFile; fileRef = 0BF4FA171A686CB40050A602 /* Info.plist */; };
		0BF4FA2D1A686CB40050A602 /* IMAPlaybackListViewcontroller.h in Headers */ = {isa = PBXBuildFile; fileRef = 0BF4FA191A686CB40050A602 /* IMAPlaybackListViewcontroller.h */; };
		0BF4FA2E1A686CB40050A602 /* IMAPlaybackListViewcontroller.m in Sources */ = {isa = PBXBuildFile; fileRef = 0BF4FA1A1A686CB40050A602 /* IMAPlaybackListViewcontroller.m */; };
		0BF4FA2F1A686CB40050A602 /* main.m in Sources */ = {isa = PBXBuildFile; fileRef = 0BF4FA1B1A686CB40050A602 /* main.m */; };
		0BF4FA301A686CB40050A602 /* IMAPlayerViewController.h in Headers */ = {isa = PBXBuildFile; fileRef = 0BF4FA1D1A686CB40050A602 /* IMAPlayerViewController.h */; };
		0BF4FA311A686CB40050A602 /* IMAPlayerViewController.m in Sources */ = {isa = PBXBuildFile; fileRef = 0BF4FA1E1A686CB40050A602 /* IMAPlayerViewController.m */; };
		0BF4FA321A686CB40050A602 /* PlayerSelectionOption.h in Headers */ = {isa = PBXBuildFile; fileRef = 0BF4FA201A686CB40050A602 /* PlayerSelectionOption.h */; };
		0BF4FA331A686CB40050A602 /* PlayerSelectionOption.m in Sources */ = {isa = PBXBuildFile; fileRef = 0BF4FA211A686CB40050A602 /* PlayerSelectionOption.m */; };
		0BF4FA341A686CB40050A602 /* SampleAppPlayerViewController.h in Headers */ = {isa = PBXBuildFile; fileRef = 0BF4FA221A686CB40050A602 /* SampleAppPlayerViewController.h */; };
		0BF4FA351A686CB40050A602 /* SampleAppPlayerViewController.m in Sources */ = {isa = PBXBuildFile; fileRef = 0BF4FA231A686CB40050A602 /* SampleAppPlayerViewController.m */; };
		0BF4FA361A686CB40050A602 /* IMASampleAppSource.h in Headers */ = {isa = PBXBuildFile; fileRef = 0BF4FA251A686CB40050A602 /* IMASampleAppSource.h */; };
		0BF4FA371A686CB40050A602 /* IMASampleAppSource.m in Sources */ = {isa = PBXBuildFile; fileRef = 0BF4FA261A686CB40050A602 /* IMASampleAppSource.m */; };
		0BF4FA3D1A686FBC0050A602 /* WebKit.framework in Frameworks */ = {isa = PBXBuildFile; fileRef = 0BF4FA3C1A686FBC0050A602 /* WebKit.framework */; };
		0BF4FA421A6871F10050A602 /* IMAPlaybackListViewcontroller.m in Sources */ = {isa = PBXBuildFile; fileRef = 0BF4FA1A1A686CB40050A602 /* IMAPlaybackListViewcontroller.m */; };
		0BF4FA431A6871F10050A602 /* IMAPlayerViewController.m in Sources */ = {isa = PBXBuildFile; fileRef = 0BF4FA1E1A686CB40050A602 /* IMAPlayerViewController.m */; };
		0BF4FA441A6871F10050A602 /* IMASampleAppSource.m in Sources */ = {isa = PBXBuildFile; fileRef = 0BF4FA261A686CB40050A602 /* IMASampleAppSource.m */; };
		0BF4FA451A6872130050A602 /* IMAPlaybackListViewcontroller.h in Headers */ = {isa = PBXBuildFile; fileRef = 0BF4FA191A686CB40050A602 /* IMAPlaybackListViewcontroller.h */; };
/* End PBXBuildFile section */

/* Begin PBXCopyFilesBuildPhase section */
		0B19FEFC1A3B7532003E57DF /* CopyFiles */ = {
			isa = PBXCopyFilesBuildPhase;
			buildActionMask = 2147483647;
			dstPath = "include/$(PRODUCT_NAME)";
			dstSubfolderSpec = 16;
			files = (
			);
			runOnlyForDeploymentPostprocessing = 0;
		};
/* End PBXCopyFilesBuildPhase section */

/* Begin PBXFileReference section */
		0B140F531A2E4709001324EE /* IMASampleApp.app */ = {isa = PBXFileReference; explicitFileType = wrapper.application; includeInIndex = 0; path = IMASampleApp.app; sourceTree = BUILT_PRODUCTS_DIR; };
		0B140F881A2E5374001324EE /* MediaPlayer.framework */ = {isa = PBXFileReference; lastKnownFileType = wrapper.framework; name = MediaPlayer.framework; path = System/Library/Frameworks/MediaPlayer.framework; sourceTree = SDKROOT; };
		0B140F8A1A2E53A6001324EE /* AVFoundation.framework */ = {isa = PBXFileReference; lastKnownFileType = wrapper.framework; name = AVFoundation.framework; path = System/Library/Frameworks/AVFoundation.framework; sourceTree = SDKROOT; };
		0B140F8C1A2E53B0001324EE /* Security.framework */ = {isa = PBXFileReference; lastKnownFileType = wrapper.framework; name = Security.framework; path = System/Library/Frameworks/Security.framework; sourceTree = SDKROOT; };
		0B140F8E1A2E53BE001324EE /* SystemConfiguration.framework */ = {isa = PBXFileReference; lastKnownFileType = wrapper.framework; name = SystemConfiguration.framework; path = System/Library/Frameworks/SystemConfiguration.framework; sourceTree = SDKROOT; };
		0B17A0E81A78206D009D1C50 /* libc++.dylib */ = {isa = PBXFileReference; lastKnownFileType = "compiled.mach-o.dylib"; name = "libc++.dylib"; path = "usr/lib/libc++.dylib"; sourceTree = SDKROOT; };
		0B19FEFE1A3B7532003E57DF /* libIMASampleAppSource.a */ = {isa = PBXFileReference; explicitFileType = archive.ar; includeInIndex = 0; path = libIMASampleAppSource.a; sourceTree = BUILT_PRODUCTS_DIR; };
		0B94583E1AC32CB3000DD545 /* IMAAd.h */ = {isa = PBXFileReference; fileEncoding = 4; lastKnownFileType = sourcecode.c.h; path = IMAAd.h; sourceTree = "<group>"; };
		0B94583F1AC32CB3000DD545 /* IMAAdDisplayContainer.h */ = {isa = PBXFileReference; fileEncoding = 4; lastKnownFileType = sourcecode.c.h; path = IMAAdDisplayContainer.h; sourceTree = "<group>"; };
		0B9458401AC32CB3000DD545 /* IMAAdError.h */ = {isa = PBXFileReference; fileEncoding = 4; lastKnownFileType = sourcecode.c.h; path = IMAAdError.h; sourceTree = "<group>"; };
		0B9458411AC32CB3000DD545 /* IMAAdEvent.h */ = {isa = PBXFileReference; fileEncoding = 4; lastKnownFileType = sourcecode.c.h; path = IMAAdEvent.h; sourceTree = "<group>"; };
		0B9458421AC32CB3000DD545 /* IMAAdPlaybackInfo.h */ = {isa = PBXFileReference; fileEncoding = 4; lastKnownFileType = sourcecode.c.h; path = IMAAdPlaybackInfo.h; sourceTree = "<group>"; };
		0B9458431AC32CB3000DD545 /* IMAAdPodInfo.h */ = {isa = PBXFileReference; fileEncoding = 4; lastKnownFileType = sourcecode.c.h; path = IMAAdPodInfo.h; sourceTree = "<group>"; };
		0B9458441AC32CB3000DD545 /* IMAAdsLoader.h */ = {isa = PBXFileReference; fileEncoding = 4; lastKnownFileType = sourcecode.c.h; path = IMAAdsLoader.h; sourceTree = "<group>"; };
		0B9458451AC32CB3000DD545 /* IMAAdsManager.h */ = {isa = PBXFileReference; fileEncoding = 4; lastKnownFileType = sourcecode.c.h; path = IMAAdsManager.h; sourceTree = "<group>"; };
		0B9458461AC32CB3000DD545 /* IMAAdsRenderingSettings.h */ = {isa = PBXFileReference; fileEncoding = 4; lastKnownFileType = sourcecode.c.h; path = IMAAdsRenderingSettings.h; sourceTree = "<group>"; };
		0B9458471AC32CB3000DD545 /* IMAAdsRequest.h */ = {isa = PBXFileReference; fileEncoding = 4; lastKnownFileType = sourcecode.c.h; path = IMAAdsRequest.h; sourceTree = "<group>"; };
		0B9458481AC32CB3000DD545 /* IMAAVPlayerContentPlayhead.h */ = {isa = PBXFileReference; fileEncoding = 4; lastKnownFileType = sourcecode.c.h; path = IMAAVPlayerContentPlayhead.h; sourceTree = "<group>"; };
		0B9458491AC32CB3000DD545 /* IMACompanionAdSlot.h */ = {isa = PBXFileReference; fileEncoding = 4; lastKnownFileType = sourcecode.c.h; path = IMACompanionAdSlot.h; sourceTree = "<group>"; };
		0B94584A1AC32CB3000DD545 /* IMAContentPlayhead.h */ = {isa = PBXFileReference; fileEncoding = 4; lastKnownFileType = sourcecode.c.h; path = IMAContentPlayhead.h; sourceTree = "<group>"; };
		0B94584B1AC32CB3000DD545 /* IMAUiElements.h */ = {isa = PBXFileReference; fileEncoding = 4; lastKnownFileType = sourcecode.c.h; path = IMAUiElements.h; sourceTree = "<group>"; };
		0B94584C1AC32CB3000DD545 /* libGoogleIMA3.a */ = {isa = PBXFileReference; lastKnownFileType = archive.ar; path = libGoogleIMA3.a; sourceTree = "<group>"; };
		0B94584D1AC32CB3000DD545 /* OoyalaIMASDK.framework */ = {isa = PBXFileReference; lastKnownFileType = wrapper.framework; path = OoyalaIMASDK.framework; sourceTree = "<group>"; };
		0B94584E1AC32CB3000DD545 /* OoyalaSDK.framework */ = {isa = PBXFileReference; lastKnownFileType = wrapper.framework; path = OoyalaSDK.framework; sourceTree = "<group>"; };
		0B9458AC1AC3361F000DD545 /* libxml2.dylib */ = {isa = PBXFileReference; lastKnownFileType = "compiled.mach-o.dylib"; name = libxml2.dylib; path = usr/lib/libxml2.dylib; sourceTree = SDKROOT; };
		0BC947F91A81779B004CB997 /* PlayerDoubleButton.xib */ = {isa = PBXFileReference; fileEncoding = 4; lastKnownFileType = file.xib; path = PlayerDoubleButton.xib; sourceTree = "<group>"; };
		0BC947FA1A81779B004CB997 /* PlayerDoubleSwitch.xib */ = {isa = PBXFileReference; fileEncoding = 4; lastKnownFileType = file.xib; path = PlayerDoubleSwitch.xib; sourceTree = "<group>"; };
		0BC947FB1A81779B004CB997 /* PlayerDoubleText.xib */ = {isa = PBXFileReference; fileEncoding = 4; lastKnownFileType = file.xib; path = PlayerDoubleText.xib; sourceTree = "<group>"; };
		0BC947FC1A81779B004CB997 /* PlayerSimple.xib */ = {isa = PBXFileReference; fileEncoding = 4; lastKnownFileType = file.xib; path = PlayerSimple.xib; sourceTree = "<group>"; };
		0BC947FD1A81779B004CB997 /* PlayerSingleButton.xib */ = {isa = PBXFileReference; fileEncoding = 4; lastKnownFileType = file.xib; path = PlayerSingleButton.xib; sourceTree = "<group>"; };
		0BC947FE1A81779B004CB997 /* TableCell.xib */ = {isa = PBXFileReference; fileEncoding = 4; lastKnownFileType = file.xib; path = TableCell.xib; sourceTree = "<group>"; };
		0BF4FA101A686CB40050A602 /* AppDelegate.h */ = {isa = PBXFileReference; fileEncoding = 4; lastKnownFileType = sourcecode.c.h; path = AppDelegate.h; sourceTree = "<group>"; };
		0BF4FA111A686CB40050A602 /* AppDelegate.m */ = {isa = PBXFileReference; fileEncoding = 4; lastKnownFileType = sourcecode.c.objc; path = AppDelegate.m; sourceTree = "<group>"; };
		0BF4FA131A686CB40050A602 /* Base */ = {isa = PBXFileReference; lastKnownFileType = file.xib; name = Base; path = Base.lproj/LaunchScreen.xib; sourceTree = "<group>"; };
		0BF4FA151A686CB40050A602 /* Base */ = {isa = PBXFileReference; lastKnownFileType = file.storyboard; name = Base; path = Base.lproj/Main.storyboard; sourceTree = "<group>"; };
		0BF4FA161A686CB40050A602 /* Images.xcassets */ = {isa = PBXFileReference; lastKnownFileType = folder.assetcatalog; path = Images.xcassets; sourceTree = "<group>"; };
		0BF4FA171A686CB40050A602 /* Info.plist */ = {isa = PBXFileReference; fileEncoding = 4; lastKnownFileType = text.plist.xml; path = Info.plist; sourceTree = "<group>"; };
		0BF4FA191A686CB40050A602 /* IMAPlaybackListViewcontroller.h */ = {isa = PBXFileReference; fileEncoding = 4; lastKnownFileType = sourcecode.c.h; path = IMAPlaybackListViewcontroller.h; sourceTree = "<group>"; };
		0BF4FA1A1A686CB40050A602 /* IMAPlaybackListViewcontroller.m */ = {isa = PBXFileReference; fileEncoding = 4; lastKnownFileType = sourcecode.c.objc; path = IMAPlaybackListViewcontroller.m; sourceTree = "<group>"; };
		0BF4FA1B1A686CB40050A602 /* main.m */ = {isa = PBXFileReference; fileEncoding = 4; lastKnownFileType = sourcecode.c.objc; path = main.m; sourceTree = "<group>"; };
		0BF4FA1D1A686CB40050A602 /* IMAPlayerViewController.h */ = {isa = PBXFileReference; fileEncoding = 4; lastKnownFileType = sourcecode.c.h; path = IMAPlayerViewController.h; sourceTree = "<group>"; };
		0BF4FA1E1A686CB40050A602 /* IMAPlayerViewController.m */ = {isa = PBXFileReference; fileEncoding = 4; lastKnownFileType = sourcecode.c.objc; path = IMAPlayerViewController.m; sourceTree = "<group>"; };
		0BF4FA201A686CB40050A602 /* PlayerSelectionOption.h */ = {isa = PBXFileReference; fileEncoding = 4; lastKnownFileType = sourcecode.c.h; path = PlayerSelectionOption.h; sourceTree = "<group>"; };
		0BF4FA211A686CB40050A602 /* PlayerSelectionOption.m */ = {isa = PBXFileReference; fileEncoding = 4; lastKnownFileType = sourcecode.c.objc; path = PlayerSelectionOption.m; sourceTree = "<group>"; };
		0BF4FA221A686CB40050A602 /* SampleAppPlayerViewController.h */ = {isa = PBXFileReference; fileEncoding = 4; lastKnownFileType = sourcecode.c.h; path = SampleAppPlayerViewController.h; sourceTree = "<group>"; };
		0BF4FA231A686CB40050A602 /* SampleAppPlayerViewController.m */ = {isa = PBXFileReference; fileEncoding = 4; lastKnownFileType = sourcecode.c.objc; path = SampleAppPlayerViewController.m; sourceTree = "<group>"; };
		0BF4FA251A686CB40050A602 /* IMASampleAppSource.h */ = {isa = PBXFileReference; fileEncoding = 4; lastKnownFileType = sourcecode.c.h; path = IMASampleAppSource.h; sourceTree = "<group>"; };
		0BF4FA261A686CB40050A602 /* IMASampleAppSource.m */ = {isa = PBXFileReference; fileEncoding = 4; lastKnownFileType = sourcecode.c.objc; path = IMASampleAppSource.m; sourceTree = "<group>"; };
		0BF4FA3C1A686FBC0050A602 /* WebKit.framework */ = {isa = PBXFileReference; lastKnownFileType = wrapper.framework; name = WebKit.framework; path = System/Library/Frameworks/WebKit.framework; sourceTree = SDKROOT; };
		0BF4FA3E1A68702A0050A602 /* libz.dylib */ = {isa = PBXFileReference; lastKnownFileType = "compiled.mach-o.dylib"; name = libz.dylib; path = usr/lib/libz.dylib; sourceTree = SDKROOT; };
/* End PBXFileReference section */

/* Begin PBXFrameworksBuildPhase section */
		0B140F501A2E4709001324EE /* Frameworks */ = {
			isa = PBXFrameworksBuildPhase;
			buildActionMask = 2147483647;
			files = (
				0B94585F1AC32CB3000DD545 /* OoyalaSDK.framework in Frameworks */,
				0B94585E1AC32CB3000DD545 /* OoyalaIMASDK.framework in Frameworks */,
				0B140F891A2E5374001324EE /* MediaPlayer.framework in Frameworks */,
				0B140F8F1A2E53BE001324EE /* SystemConfiguration.framework in Frameworks */,
				0B9458AD1AC3361F000DD545 /* libxml2.dylib in Frameworks */,
				0B9458B81AC339AB000DD545 /* libz.dylib in Frameworks */,
				0B17A0E91A78206D009D1C50 /* libc++.dylib in Frameworks */,
				0B94585D1AC32CB3000DD545 /* libGoogleIMA3.a in Frameworks */,
				0BF4FA3D1A686FBC0050A602 /* WebKit.framework in Frameworks */,
			);
			runOnlyForDeploymentPostprocessing = 0;
		};
		0B19FEFB1A3B7532003E57DF /* Frameworks */ = {
			isa = PBXFrameworksBuildPhase;
			buildActionMask = 2147483647;
			files = (
				0B94591F1AC33ABF000DD545 /* OoyalaSDK.framework in Frameworks */,
			);
			runOnlyForDeploymentPostprocessing = 0;
		};
/* End PBXFrameworksBuildPhase section */

/* Begin PBXGroup section */
		0B140F4A1A2E4709001324EE = {
			isa = PBXGroup;
			children = (
				0BF4FA0F1A686CB40050A602 /* IMASampleApp */,
				0BF4FA241A686CB40050A602 /* IMASampleAppSource */,
				0B140FAB1A2E6550001324EE /* Frameworks */,
				0B140F541A2E4709001324EE /* Products */,
				0B94583C1AC32CB3000DD545 /* VendorLibraries */,
			);
			sourceTree = "<group>";
		};
		0B140F541A2E4709001324EE /* Products */ = {
			isa = PBXGroup;
			children = (
				0B140F531A2E4709001324EE /* IMASampleApp.app */,
				0B19FEFE1A3B7532003E57DF /* libIMASampleAppSource.a */,
			);
			name = Products;
			sourceTree = "<group>";
		};
		0B140FAB1A2E6550001324EE /* Frameworks */ = {
			isa = PBXGroup;
			children = (
				0B9458AC1AC3361F000DD545 /* libxml2.dylib */,
				0B17A0E81A78206D009D1C50 /* libc++.dylib */,
				0BF4FA3E1A68702A0050A602 /* libz.dylib */,
				0BF4FA3C1A686FBC0050A602 /* WebKit.framework */,
				0B140F8E1A2E53BE001324EE /* SystemConfiguration.framework */,
				0B140F8C1A2E53B0001324EE /* Security.framework */,
				0B140F8A1A2E53A6001324EE /* AVFoundation.framework */,
				0B140F881A2E5374001324EE /* MediaPlayer.framework */,
			);
			name = Frameworks;
			sourceTree = "<group>";
		};
		0B94583C1AC32CB3000DD545 /* VendorLibraries */ = {
			isa = PBXGroup;
			children = (
				0B94583D1AC32CB3000DD545 /* GoogleIMAHeaders */,
				0B94584C1AC32CB3000DD545 /* libGoogleIMA3.a */,
				0B94584D1AC32CB3000DD545 /* OoyalaIMASDK.framework */,
				0B94584E1AC32CB3000DD545 /* OoyalaSDK.framework */,
			);
			path = VendorLibraries;
			sourceTree = "<group>";
		};
		0B94583D1AC32CB3000DD545 /* GoogleIMAHeaders */ = {
			isa = PBXGroup;
			children = (
				0B94583E1AC32CB3000DD545 /* IMAAd.h */,
				0B94583F1AC32CB3000DD545 /* IMAAdDisplayContainer.h */,
				0B9458401AC32CB3000DD545 /* IMAAdError.h */,
				0B9458411AC32CB3000DD545 /* IMAAdEvent.h */,
				0B9458421AC32CB3000DD545 /* IMAAdPlaybackInfo.h */,
				0B9458431AC32CB3000DD545 /* IMAAdPodInfo.h */,
				0B9458441AC32CB3000DD545 /* IMAAdsLoader.h */,
				0B9458451AC32CB3000DD545 /* IMAAdsManager.h */,
				0B9458461AC32CB3000DD545 /* IMAAdsRenderingSettings.h */,
				0B9458471AC32CB3000DD545 /* IMAAdsRequest.h */,
				0B9458481AC32CB3000DD545 /* IMAAVPlayerContentPlayhead.h */,
				0B9458491AC32CB3000DD545 /* IMACompanionAdSlot.h */,
				0B94584A1AC32CB3000DD545 /* IMAContentPlayhead.h */,
				0B94584B1AC32CB3000DD545 /* IMAUiElements.h */,
			);
			path = GoogleIMAHeaders;
			sourceTree = "<group>";
		};
		0BC947F81A81779B004CB997 /* Views */ = {
			isa = PBXGroup;
			children = (
				0BC947F91A81779B004CB997 /* PlayerDoubleButton.xib */,
				0BC947FA1A81779B004CB997 /* PlayerDoubleSwitch.xib */,
				0BC947FB1A81779B004CB997 /* PlayerDoubleText.xib */,
				0BC947FC1A81779B004CB997 /* PlayerSimple.xib */,
				0BC947FD1A81779B004CB997 /* PlayerSingleButton.xib */,
				0BC947FE1A81779B004CB997 /* TableCell.xib */,
			);
			path = Views;
			sourceTree = "<group>";
		};
		0BF4FA0F1A686CB40050A602 /* IMASampleApp */ = {
			isa = PBXGroup;
			children = (
				0BF4FA101A686CB40050A602 /* AppDelegate.h */,
				0BF4FA111A686CB40050A602 /* AppDelegate.m */,
				0BF4FA121A686CB40050A602 /* LaunchScreen.xib */,
				0BF4FA141A686CB40050A602 /* Main.storyboard */,
				0BF4FA161A686CB40050A602 /* Images.xcassets */,
				0BF4FA171A686CB40050A602 /* Info.plist */,
				0BF4FA181A686CB40050A602 /* Lists */,
				0BF4FA1B1A686CB40050A602 /* main.m */,
				0BF4FA1C1A686CB40050A602 /* Players */,
				0BF4FA1F1A686CB40050A602 /* Utils */,
				0BC947F81A81779B004CB997 /* Views */,
			);
			path = IMASampleApp;
			sourceTree = "<group>";
		};
		0BF4FA181A686CB40050A602 /* Lists */ = {
			isa = PBXGroup;
			children = (
				0BF4FA191A686CB40050A602 /* IMAPlaybackListViewcontroller.h */,
				0BF4FA1A1A686CB40050A602 /* IMAPlaybackListViewcontroller.m */,
			);
			path = Lists;
			sourceTree = "<group>";
		};
		0BF4FA1C1A686CB40050A602 /* Players */ = {
			isa = PBXGroup;
			children = (
				0BF4FA1D1A686CB40050A602 /* IMAPlayerViewController.h */,
				0BF4FA1E1A686CB40050A602 /* IMAPlayerViewController.m */,
			);
			path = Players;
			sourceTree = "<group>";
		};
		0BF4FA1F1A686CB40050A602 /* Utils */ = {
			isa = PBXGroup;
			children = (
				0BF4FA201A686CB40050A602 /* PlayerSelectionOption.h */,
				0BF4FA211A686CB40050A602 /* PlayerSelectionOption.m */,
				0BF4FA221A686CB40050A602 /* SampleAppPlayerViewController.h */,
				0BF4FA231A686CB40050A602 /* SampleAppPlayerViewController.m */,
			);
			path = Utils;
			sourceTree = "<group>";
		};
		0BF4FA241A686CB40050A602 /* IMASampleAppSource */ = {
			isa = PBXGroup;
			children = (
				0BF4FA251A686CB40050A602 /* IMASampleAppSource.h */,
				0BF4FA261A686CB40050A602 /* IMASampleAppSource.m */,
			);
			path = IMASampleAppSource;
			sourceTree = "<group>";
		};
/* End PBXGroup section */

/* Begin PBXHeadersBuildPhase section */
		0B140FA11A2E6438001324EE /* Headers */ = {
			isa = PBXHeadersBuildPhase;
			buildActionMask = 2147483647;
			files = (
				0B9458591AC32CB3000DD545 /* IMAAVPlayerContentPlayhead.h in Headers */,
				0B9458531AC32CB3000DD545 /* IMAAdPlaybackInfo.h in Headers */,
				0BF4FA271A686CB40050A602 /* AppDelegate.h in Headers */,
				0B94585C1AC32CB3000DD545 /* IMAUiElements.h in Headers */,
				0B9458551AC32CB3000DD545 /* IMAAdsLoader.h in Headers */,
				0B9458521AC32CB3000DD545 /* IMAAdEvent.h in Headers */,
				0BF4FA321A686CB40050A602 /* PlayerSelectionOption.h in Headers */,
				0B9458511AC32CB3000DD545 /* IMAAdError.h in Headers */,
				0B94585B1AC32CB3000DD545 /* IMAContentPlayhead.h in Headers */,
				0BF4FA2D1A686CB40050A602 /* IMAPlaybackListViewcontroller.h in Headers */,
				0BF4FA301A686CB40050A602 /* IMAPlayerViewController.h in Headers */,
				0B9458541AC32CB3000DD545 /* IMAAdPodInfo.h in Headers */,
				0B94585A1AC32CB3000DD545 /* IMACompanionAdSlot.h in Headers */,
				0B9458501AC32CB3000DD545 /* IMAAdDisplayContainer.h in Headers */,
				0BF4FA361A686CB40050A602 /* IMASampleAppSource.h in Headers */,
				0B9458561AC32CB3000DD545 /* IMAAdsManager.h in Headers */,
				0BF4FA341A686CB40050A602 /* SampleAppPlayerViewController.h in Headers */,
				0B9458571AC32CB3000DD545 /* IMAAdsRenderingSettings.h in Headers */,
				0B9458581AC32CB3000DD545 /* IMAAdsRequest.h in Headers */,
				0B94584F1AC32CB3000DD545 /* IMAAd.h in Headers */,
			);
			runOnlyForDeploymentPostprocessing = 0;
		};
		0B19FF5F1A3B80E4003E57DF /* Headers */ = {
			isa = PBXHeadersBuildPhase;
			buildActionMask = 2147483647;
			files = (
				0BF4FA451A6872130050A602 /* IMAPlaybackListViewcontroller.h in Headers */,
			);
			runOnlyForDeploymentPostprocessing = 0;
		};
/* End PBXHeadersBuildPhase section */

/* Begin PBXNativeTarget section */
		0B140F521A2E4709001324EE /* IMASampleApp */ = {
			isa = PBXNativeTarget;
			buildConfigurationList = 0B140F791A2E4709001324EE /* Build configuration list for PBXNativeTarget "IMASampleApp" */;
			buildPhases = (
				0B140F4F1A2E4709001324EE /* Sources */,
				0B140F501A2E4709001324EE /* Frameworks */,
				0B140F511A2E4709001324EE /* Resources */,
				0B140FA11A2E6438001324EE /* Headers */,
			);
			buildRules = (
			);
			dependencies = (
			);
			name = IMASampleApp;
			productName = AdvancedPlaybackSampleApp;
			productReference = 0B140F531A2E4709001324EE /* IMASampleApp.app */;
			productType = "com.apple.product-type.application";
		};
		0B19FEFD1A3B7532003E57DF /* IMASampleAppSource */ = {
			isa = PBXNativeTarget;
			buildConfigurationList = 0B19FF0F1A3B7533003E57DF /* Build configuration list for PBXNativeTarget "IMASampleAppSource" */;
			buildPhases = (
				0B19FEFA1A3B7532003E57DF /* Sources */,
				0B19FEFB1A3B7532003E57DF /* Frameworks */,
				0B19FEFC1A3B7532003E57DF /* CopyFiles */,
				0B19FF5F1A3B80E4003E57DF /* Headers */,
			);
			buildRules = (
			);
			dependencies = (
			);
			name = IMASampleAppSource;
			productName = AdvancedPlaybackSampleAppSource;
			productReference = 0B19FEFE1A3B7532003E57DF /* libIMASampleAppSource.a */;
			productType = "com.apple.product-type.library.static";
		};
/* End PBXNativeTarget section */

/* Begin PBXProject section */
		0B140F4B1A2E4709001324EE /* Project object */ = {
			isa = PBXProject;
			attributes = {
				LastUpgradeCheck = 0610;
				ORGANIZATIONNAME = "Ooyala, Inc";
				TargetAttributes = {
					0B140F521A2E4709001324EE = {
						CreatedOnToolsVersion = 6.1;
					};
					0B19FEFD1A3B7532003E57DF = {
						CreatedOnToolsVersion = 6.1;
					};
				};
			};
			buildConfigurationList = 0B140F4E1A2E4709001324EE /* Build configuration list for PBXProject "IMASampleApp" */;
			compatibilityVersion = "Xcode 3.2";
			developmentRegion = English;
			hasScannedForEncodings = 0;
			knownRegions = (
				en,
				Base,
			);
			mainGroup = 0B140F4A1A2E4709001324EE;
			productRefGroup = 0B140F541A2E4709001324EE /* Products */;
			projectDirPath = "";
			projectRoot = "";
			targets = (
				0B140F521A2E4709001324EE /* IMASampleApp */,
				0B19FEFD1A3B7532003E57DF /* IMASampleAppSource */,
			);
		};
/* End PBXProject section */

/* Begin PBXResourcesBuildPhase section */
		0B140F511A2E4709001324EE /* Resources */ = {
			isa = PBXResourcesBuildPhase;
			buildActionMask = 2147483647;
			files = (
				0BC948031A81779B004CB997 /* PlayerSingleButton.xib in Resources */,
				0BC948021A81779B004CB997 /* PlayerSimple.xib in Resources */,
				0BF4FA291A686CB40050A602 /* LaunchScreen.xib in Resources */,
				0BC948001A81779B004CB997 /* PlayerDoubleSwitch.xib in Resources */,
				0BC948041A81779B004CB997 /* TableCell.xib in Resources */,
				0BC947FF1A81779B004CB997 /* PlayerDoubleButton.xib in Resources */,
				0BF4FA2A1A686CB40050A602 /* Main.storyboard in Resources */,
				0BC948011A81779B004CB997 /* PlayerDoubleText.xib in Resources */,
				0BF4FA2B1A686CB40050A602 /* Images.xcassets in Resources */,
				0BF4FA2C1A686CB40050A602 /* Info.plist in Resources */,
			);
			runOnlyForDeploymentPostprocessing = 0;
		};
/* End PBXResourcesBuildPhase section */

/* Begin PBXSourcesBuildPhase section */
		0B140F4F1A2E4709001324EE /* Sources */ = {
			isa = PBXSourcesBuildPhase;
			buildActionMask = 2147483647;
			files = (
				0BF4FA371A686CB40050A602 /* IMASampleAppSource.m in Sources */,
				0BF4FA2E1A686CB40050A602 /* IMAPlaybackListViewcontroller.m in Sources */,
				0BF4FA311A686CB40050A602 /* IMAPlayerViewController.m in Sources */,
				0BF4FA2F1A686CB40050A602 /* main.m in Sources */,
				0BF4FA331A686CB40050A602 /* PlayerSelectionOption.m in Sources */,
				0BF4FA281A686CB40050A602 /* AppDelegate.m in Sources */,
				0BF4FA351A686CB40050A602 /* SampleAppPlayerViewController.m in Sources */,
			);
			runOnlyForDeploymentPostprocessing = 0;
		};
		0B19FEFA1A3B7532003E57DF /* Sources */ = {
			isa = PBXSourcesBuildPhase;
			buildActionMask = 2147483647;
			files = (
				0BF4FA421A6871F10050A602 /* IMAPlaybackListViewcontroller.m in Sources */,
				0BF4FA431A6871F10050A602 /* IMAPlayerViewController.m in Sources */,
				0BF4FA441A6871F10050A602 /* IMASampleAppSource.m in Sources */,
			);
			runOnlyForDeploymentPostprocessing = 0;
		};
/* End PBXSourcesBuildPhase section */

/* Begin PBXVariantGroup section */
		0BF4FA121A686CB40050A602 /* LaunchScreen.xib */ = {
			isa = PBXVariantGroup;
			children = (
				0BF4FA131A686CB40050A602 /* Base */,
			);
			name = LaunchScreen.xib;
			sourceTree = "<group>";
		};
		0BF4FA141A686CB40050A602 /* Main.storyboard */ = {
			isa = PBXVariantGroup;
			children = (
				0BF4FA151A686CB40050A602 /* Base */,
			);
			name = Main.storyboard;
			sourceTree = "<group>";
		};
/* End PBXVariantGroup section */

/* Begin XCBuildConfiguration section */
		0B140F771A2E4709001324EE /* Debug */ = {
			isa = XCBuildConfiguration;
			buildSettings = {
				ALWAYS_SEARCH_USER_PATHS = NO;
				CLANG_CXX_LANGUAGE_STANDARD = "gnu++0x";
				CLANG_CXX_LIBRARY = "libc++";
				CLANG_ENABLE_MODULES = YES;
				CLANG_ENABLE_OBJC_ARC = YES;
				CLANG_WARN_BOOL_CONVERSION = YES;
				CLANG_WARN_CONSTANT_CONVERSION = YES;
				CLANG_WARN_DIRECT_OBJC_ISA_USAGE = YES_ERROR;
				CLANG_WARN_EMPTY_BODY = YES;
				CLANG_WARN_ENUM_CONVERSION = YES;
				CLANG_WARN_INT_CONVERSION = YES;
				CLANG_WARN_OBJC_ROOT_CLASS = YES_ERROR;
				CLANG_WARN_UNREACHABLE_CODE = YES;
				CLANG_WARN__DUPLICATE_METHOD_MATCH = YES;
				"CODE_SIGN_IDENTITY[sdk=iphoneos*]" = "iPhone Developer";
				COPY_PHASE_STRIP = NO;
				ENABLE_STRICT_OBJC_MSGSEND = YES;
				GCC_C_LANGUAGE_STANDARD = gnu99;
				GCC_DYNAMIC_NO_PIC = NO;
				GCC_OPTIMIZATION_LEVEL = 0;
				GCC_PREPROCESSOR_DEFINITIONS = (
					"DEBUG=1",
					"$(inherited)",
				);
				GCC_SYMBOLS_PRIVATE_EXTERN = NO;
				GCC_WARN_64_TO_32_BIT_CONVERSION = YES;
				GCC_WARN_ABOUT_RETURN_TYPE = YES_ERROR;
				GCC_WARN_UNDECLARED_SELECTOR = YES;
				GCC_WARN_UNINITIALIZED_AUTOS = YES_AGGRESSIVE;
				GCC_WARN_UNUSED_FUNCTION = YES;
				GCC_WARN_UNUSED_VARIABLE = YES;
				IPHONEOS_DEPLOYMENT_TARGET = 8.1;
				MTL_ENABLE_DEBUG_INFO = YES;
				ONLY_ACTIVE_ARCH = YES;
				SDKROOT = iphoneos;
				TARGETED_DEVICE_FAMILY = "1,2";
			};
			name = Debug;
		};
		0B140F781A2E4709001324EE /* Release */ = {
			isa = XCBuildConfiguration;
			buildSettings = {
				ALWAYS_SEARCH_USER_PATHS = NO;
				CLANG_CXX_LANGUAGE_STANDARD = "gnu++0x";
				CLANG_CXX_LIBRARY = "libc++";
				CLANG_ENABLE_MODULES = YES;
				CLANG_ENABLE_OBJC_ARC = YES;
				CLANG_WARN_BOOL_CONVERSION = YES;
				CLANG_WARN_CONSTANT_CONVERSION = YES;
				CLANG_WARN_DIRECT_OBJC_ISA_USAGE = YES_ERROR;
				CLANG_WARN_EMPTY_BODY = YES;
				CLANG_WARN_ENUM_CONVERSION = YES;
				CLANG_WARN_INT_CONVERSION = YES;
				CLANG_WARN_OBJC_ROOT_CLASS = YES_ERROR;
				CLANG_WARN_UNREACHABLE_CODE = YES;
				CLANG_WARN__DUPLICATE_METHOD_MATCH = YES;
				"CODE_SIGN_IDENTITY[sdk=iphoneos*]" = "iPhone Developer";
				COPY_PHASE_STRIP = YES;
				ENABLE_NS_ASSERTIONS = NO;
				ENABLE_STRICT_OBJC_MSGSEND = YES;
				GCC_C_LANGUAGE_STANDARD = gnu99;
				GCC_WARN_64_TO_32_BIT_CONVERSION = YES;
				GCC_WARN_ABOUT_RETURN_TYPE = YES_ERROR;
				GCC_WARN_UNDECLARED_SELECTOR = YES;
				GCC_WARN_UNINITIALIZED_AUTOS = YES_AGGRESSIVE;
				GCC_WARN_UNUSED_FUNCTION = YES;
				GCC_WARN_UNUSED_VARIABLE = YES;
				IPHONEOS_DEPLOYMENT_TARGET = 8.1;
				MTL_ENABLE_DEBUG_INFO = NO;
				SDKROOT = iphoneos;
				TARGETED_DEVICE_FAMILY = "1,2";
				VALIDATE_PRODUCT = YES;
			};
			name = Release;
		};
		0B140F7A1A2E4709001324EE /* Debug */ = {
			isa = XCBuildConfiguration;
			buildSettings = {
				ALWAYS_SEARCH_USER_PATHS = YES;
				ASSETCATALOG_COMPILER_APPICON_NAME = AppIcon;
				FRAMEWORK_SEARCH_PATHS = (
					"$(inherited)",
					"$(PROJECT_DIR)/VendorLibraries",
				);
				INFOPLIST_FILE = "$(SRCROOT)/IMASampleApp/Info.plist";
				LD_RUNPATH_SEARCH_PATHS = "$(inherited) @executable_path/Frameworks";
				LIBRARY_SEARCH_PATHS = (
					"$(inherited)",
					"$(PROJECT_DIR)/VendorLibraries",
				);
				ONLY_ACTIVE_ARCH = NO;
				OTHER_LDFLAGS = "-ObjC";
				PRODUCT_NAME = IMASampleApp;
				USER_HEADER_SEARCH_PATHS = "";
				VALID_ARCHS = "armv7 armv7s arm64";
			};
			name = Debug;
		};
		0B140F7B1A2E4709001324EE /* Release */ = {
			isa = XCBuildConfiguration;
			buildSettings = {
				ALWAYS_SEARCH_USER_PATHS = YES;
				ASSETCATALOG_COMPILER_APPICON_NAME = AppIcon;
				FRAMEWORK_SEARCH_PATHS = (
					"$(inherited)",
					"$(PROJECT_DIR)/VendorLibraries",
				);
				INFOPLIST_FILE = "$(SRCROOT)/IMASampleApp/Info.plist";
				LD_RUNPATH_SEARCH_PATHS = "$(inherited) @executable_path/Frameworks";
				LIBRARY_SEARCH_PATHS = (
					"$(inherited)",
					"$(PROJECT_DIR)/VendorLibraries",
				);
				ONLY_ACTIVE_ARCH = NO;
				OTHER_LDFLAGS = "-ObjC";
				PRODUCT_NAME = IMASampleApp;
				USER_HEADER_SEARCH_PATHS = "";
				VALID_ARCHS = "armv7 armv7s arm64";
			};
			name = Release;
		};
		0B19FF101A3B7533003E57DF /* Debug */ = {
			isa = XCBuildConfiguration;
			buildSettings = {
				FRAMEWORK_SEARCH_PATHS = (
					"$(inherited)",
					"$(PROJECT_DIR)/VendorLibraries",
				);
				GCC_PREPROCESSOR_DEFINITIONS = (
					"DEBUG=1",
					"$(inherited)",
				);
				LIBRARY_SEARCH_PATHS = (
					"$(inherited)",
					"../vendor/Ooyala/OoyalaSDK-iOS",
				);
				OTHER_LDFLAGS = "-ObjC";
				PRODUCT_NAME = IMASampleAppSource;
				SKIP_INSTALL = YES;
				USER_HEADER_SEARCH_PATHS = "../vendor/** ../shared/**";
			};
			name = Debug;
		};
		0B19FF111A3B7533003E57DF /* Release */ = {
			isa = XCBuildConfiguration;
			buildSettings = {
				FRAMEWORK_SEARCH_PATHS = (
					"$(inherited)",
					"$(PROJECT_DIR)/VendorLibraries",
				);
				LIBRARY_SEARCH_PATHS = (
					"$(inherited)",
					"../vendor/Ooyala/OoyalaSDK-iOS",
				);
				OTHER_LDFLAGS = "-ObjC";
				PRODUCT_NAME = IMASampleAppSource;
				SKIP_INSTALL = YES;
				USER_HEADER_SEARCH_PATHS = "../vendor/** ../shared/**";
			};
			name = Release;
		};
/* End XCBuildConfiguration section */

/* Begin XCConfigurationList section */
		0B140F4E1A2E4709001324EE /* Build configuration list for PBXProject "IMASampleApp" */ = {
			isa = XCConfigurationList;
			buildConfigurations = (
				0B140F771A2E4709001324EE /* Debug */,
				0B140F781A2E4709001324EE /* Release */,
			);
			defaultConfigurationIsVisible = 0;
			defaultConfigurationName = Release;
		};
		0B140F791A2E4709001324EE /* Build configuration list for PBXNativeTarget "IMASampleApp" */ = {
			isa = XCConfigurationList;
			buildConfigurations = (
				0B140F7A1A2E4709001324EE /* Debug */,
				0B140F7B1A2E4709001324EE /* Release */,
			);
			defaultConfigurationIsVisible = 0;
			defaultConfigurationName = Release;
		};
		0B19FF0F1A3B7533003E57DF /* Build configuration list for PBXNativeTarget "IMASampleAppSource" */ = {
			isa = XCConfigurationList;
			buildConfigurations = (
				0B19FF101A3B7533003E57DF /* Debug */,
				0B19FF111A3B7533003E57DF /* Release */,
			);
			defaultConfigurationIsVisible = 0;
			defaultConfigurationName = Release;
		};
/* End XCConfigurationList section */
	};
	rootObject = 0B140F4B1A2E4709001324EE /* Project object */;
}
