// !$*UTF8*$!
{
	archiveVersion = 1;
	classes = {
	};
	objectVersion = 46;
	objects = {

/* Begin PBXBuildFile section */
		393A489F21CCE49E005860F3 /* OoyalaSDK.framework in Frameworks */ = {isa = PBXBuildFile; fileRef = 393A488821CCE49E005860F3 /* OoyalaSDK.framework */; };
		393A48C721CCF293005860F3 /* main.jsbundle in Resources */ = {isa = PBXBuildFile; fileRef = 393A48B021CCF292005860F3 /* main.jsbundle */; };
		393A48C821CCF293005860F3 /* README.txt in Resources */ = {isa = PBXBuildFile; fileRef = 393A48B121CCF292005860F3 /* README.txt */; };
		393A48C921CCF293005860F3 /* RobotoCondensed-Bold.ttf in Resources */ = {isa = PBXBuildFile; fileRef = 393A48B321CCF292005860F3 /* RobotoCondensed-Bold.ttf */; };
		393A48CA21CCF293005860F3 /* ooyala-slick-type.ttf in Resources */ = {isa = PBXBuildFile; fileRef = 393A48B421CCF292005860F3 /* ooyala-slick-type.ttf */; };
		393A48CB21CCF293005860F3 /* Roboto-Regular.ttf in Resources */ = {isa = PBXBuildFile; fileRef = 393A48B521CCF292005860F3 /* Roboto-Regular.ttf */; };
		393A48CC21CCF293005860F3 /* RobotoCondensed-Regular.ttf in Resources */ = {isa = PBXBuildFile; fileRef = 393A48B621CCF292005860F3 /* RobotoCondensed-Regular.ttf */; };
		393A48CD21CCF293005860F3 /* alice.ttf in Resources */ = {isa = PBXBuildFile; fileRef = 393A48B721CCF292005860F3 /* alice.ttf */; };
		393A48CE21CCF293005860F3 /* Roboto-Bold.ttf in Resources */ = {isa = PBXBuildFile; fileRef = 393A48B821CCF292005860F3 /* Roboto-Bold.ttf */; };
		393A48CF21CCF293005860F3 /* zh.json in Resources */ = {isa = PBXBuildFile; fileRef = 393A48BB21CCF292005860F3 /* zh.json */; };
		393A48D021CCF293005860F3 /* ja.json in Resources */ = {isa = PBXBuildFile; fileRef = 393A48BC21CCF292005860F3 /* ja.json */; };
		393A48D121CCF293005860F3 /* en.json in Resources */ = {isa = PBXBuildFile; fileRef = 393A48BD21CCF292005860F3 /* en.json */; };
		393A48D221CCF293005860F3 /* ko.json in Resources */ = {isa = PBXBuildFile; fileRef = 393A48BE21CCF292005860F3 /* ko.json */; };
		393A48D321CCF293005860F3 /* es.json in Resources */ = {isa = PBXBuildFile; fileRef = 393A48BF21CCF292005860F3 /* es.json */; };
		393A48D421CCF293005860F3 /* skin.json in Resources */ = {isa = PBXBuildFile; fileRef = 393A48C021CCF292005860F3 /* skin.json */; };
		393A48D521CCF293005860F3 /* README.md in Resources */ = {isa = PBXBuildFile; fileRef = 393A48C121CCF292005860F3 /* README.md */; };
		393A48D621CCF293005860F3 /* package.json in Resources */ = {isa = PBXBuildFile; fileRef = 393A48C221CCF292005860F3 /* package.json */; };
		393A48D721CCF293005860F3 /* tv-skin.json in Resources */ = {isa = PBXBuildFile; fileRef = 393A48C421CCF292005860F3 /* tv-skin.json */; };
		393A48D821CCF293005860F3 /* skin-schema.json in Resources */ = {isa = PBXBuildFile; fileRef = 393A48C521CCF292005860F3 /* skin-schema.json */; };
		393A48D921CCF293005860F3 /* validate.js in Resources */ = {isa = PBXBuildFile; fileRef = 393A48C621CCF292005860F3 /* validate.js */; };
		393A48DB21CCF2A1005860F3 /* OoyalaSkinSDK.framework in Frameworks */ = {isa = PBXBuildFile; fileRef = 393A48DA21CCF2A1005860F3 /* OoyalaSkinSDK.framework */; };
		393A48DF21CD0479005860F3 /* OoyalaSkinSDK.xcassets in Resources */ = {isa = PBXBuildFile; fileRef = 393A48DE21CD0479005860F3 /* OoyalaSkinSDK.xcassets */; };
		39D4607C221E94D8008C9FC7 /* main.m in Sources */ = {isa = PBXBuildFile; fileRef = 39D4607A221E94D8008C9FC7 /* main.m */; };
		39D46081221E94E3008C9FC7 /* LaunchScreen.storyboard in Resources */ = {isa = PBXBuildFile; fileRef = 39D4607F221E94E3008C9FC7 /* LaunchScreen.storyboard */; };
		39D46082221E94E3008C9FC7 /* Main.storyboard in Resources */ = {isa = PBXBuildFile; fileRef = 39D46080221E94E3008C9FC7 /* Main.storyboard */; };
		39D46086221E94E8008C9FC7 /* AssetListViewController.m in Sources */ = {isa = PBXBuildFile; fileRef = 39D46085221E94E8008C9FC7 /* AssetListViewController.m */; };
		39D46094221E94EF008C9FC7 /* BasicEmbedTokenGenerator.m in Sources */ = {isa = PBXBuildFile; fileRef = 39D46088221E94EF008C9FC7 /* BasicEmbedTokenGenerator.m */; };
		39D46095221E94EF008C9FC7 /* OptionsDataSource.m in Sources */ = {isa = PBXBuildFile; fileRef = 39D4608A221E94EF008C9FC7 /* OptionsDataSource.m */; };
		39D46096221E94EF008C9FC7 /* PlayerSelectionOption.m in Sources */ = {isa = PBXBuildFile; fileRef = 39D4608B221E94EF008C9FC7 /* PlayerSelectionOption.m */; };
		39D46097221E94EF008C9FC7 /* OptionTableViewCell.m in Sources */ = {isa = PBXBuildFile; fileRef = 39D4608F221E94EF008C9FC7 /* OptionTableViewCell.m */; };
		39D46098221E94EF008C9FC7 /* PlayerViewController.m in Sources */ = {isa = PBXBuildFile; fileRef = 39D46093221E94EF008C9FC7 /* PlayerViewController.m */; };
		39D4609B221E9574008C9FC7 /* AppDelegate.m in Sources */ = {isa = PBXBuildFile; fileRef = 39D4609A221E9574008C9FC7 /* AppDelegate.m */; };
		CA34EE991D76409700E168F6 /* MediaPlayer.framework in Frameworks */ = {isa = PBXBuildFile; fileRef = CA34EE981D76409700E168F6 /* MediaPlayer.framework */; };
		CA34EEB21D7640A100E168F6 /* JavaScriptCore.framework in Frameworks */ = {isa = PBXBuildFile; fileRef = CA34EEB11D7640A100E168F6 /* JavaScriptCore.framework */; };
		CA34EEB41D7640B500E168F6 /* AVKit.framework in Frameworks */ = {isa = PBXBuildFile; fileRef = CA34EEB31D7640B500E168F6 /* AVKit.framework */; };
		CA79AF751E00B2CD0027754F /* libxml2.tbd in Frameworks */ = {isa = PBXBuildFile; fileRef = CA79AF741E00B2CD0027754F /* libxml2.tbd */; };
		CA79AF771E00B2D30027754F /* libc++.tbd in Frameworks */ = {isa = PBXBuildFile; fileRef = CA79AF761E00B2D30027754F /* libc++.tbd */; };
		CA79AF791E00B2DF0027754F /* libc++abi.tbd in Frameworks */ = {isa = PBXBuildFile; fileRef = CA79AF781E00B2DF0027754F /* libc++abi.tbd */; };
		CA79AF7B1E00B2E80027754F /* libz.tbd in Frameworks */ = {isa = PBXBuildFile; fileRef = CA79AF7A1E00B2E80027754F /* libz.tbd */; };
		CAC6204A1D63C9AB004902F3 /* SystemConfiguration.framework in Frameworks */ = {isa = PBXBuildFile; fileRef = CAC620491D63C9AB004902F3 /* SystemConfiguration.framework */; };
/* End PBXBuildFile section */

/* Begin PBXFileReference section */
		393A488821CCE49E005860F3 /* OoyalaSDK.framework */ = {isa = PBXFileReference; lastKnownFileType = wrapper.framework; path = OoyalaSDK.framework; sourceTree = "<group>"; };
		393A48B021CCF292005860F3 /* main.jsbundle */ = {isa = PBXFileReference; fileEncoding = 4; lastKnownFileType = text; path = main.jsbundle; sourceTree = "<group>"; };
		393A48B121CCF292005860F3 /* README.txt */ = {isa = PBXFileReference; fileEncoding = 4; lastKnownFileType = text; path = README.txt; sourceTree = "<group>"; };
		393A48B321CCF292005860F3 /* RobotoCondensed-Bold.ttf */ = {isa = PBXFileReference; lastKnownFileType = file; path = "RobotoCondensed-Bold.ttf"; sourceTree = "<group>"; };
		393A48B421CCF292005860F3 /* ooyala-slick-type.ttf */ = {isa = PBXFileReference; lastKnownFileType = file; path = "ooyala-slick-type.ttf"; sourceTree = "<group>"; };
		393A48B521CCF292005860F3 /* Roboto-Regular.ttf */ = {isa = PBXFileReference; lastKnownFileType = file; path = "Roboto-Regular.ttf"; sourceTree = "<group>"; };
		393A48B621CCF292005860F3 /* RobotoCondensed-Regular.ttf */ = {isa = PBXFileReference; lastKnownFileType = file; path = "RobotoCondensed-Regular.ttf"; sourceTree = "<group>"; };
		393A48B721CCF292005860F3 /* alice.ttf */ = {isa = PBXFileReference; lastKnownFileType = file; path = alice.ttf; sourceTree = "<group>"; };
		393A48B821CCF292005860F3 /* Roboto-Bold.ttf */ = {isa = PBXFileReference; lastKnownFileType = file; path = "Roboto-Bold.ttf"; sourceTree = "<group>"; };
		393A48BB21CCF292005860F3 /* zh.json */ = {isa = PBXFileReference; fileEncoding = 4; lastKnownFileType = text.json; path = zh.json; sourceTree = "<group>"; };
		393A48BC21CCF292005860F3 /* ja.json */ = {isa = PBXFileReference; fileEncoding = 4; lastKnownFileType = text.json; path = ja.json; sourceTree = "<group>"; };
		393A48BD21CCF292005860F3 /* en.json */ = {isa = PBXFileReference; fileEncoding = 4; lastKnownFileType = text.json; path = en.json; sourceTree = "<group>"; };
		393A48BE21CCF292005860F3 /* ko.json */ = {isa = PBXFileReference; fileEncoding = 4; lastKnownFileType = text.json; path = ko.json; sourceTree = "<group>"; };
		393A48BF21CCF292005860F3 /* es.json */ = {isa = PBXFileReference; fileEncoding = 4; lastKnownFileType = text.json; path = es.json; sourceTree = "<group>"; };
		393A48C021CCF292005860F3 /* skin.json */ = {isa = PBXFileReference; fileEncoding = 4; lastKnownFileType = text.json; path = skin.json; sourceTree = "<group>"; };
		393A48C121CCF292005860F3 /* README.md */ = {isa = PBXFileReference; fileEncoding = 4; lastKnownFileType = net.daringfireball.markdown; path = README.md; sourceTree = "<group>"; };
		393A48C221CCF292005860F3 /* package.json */ = {isa = PBXFileReference; fileEncoding = 4; lastKnownFileType = text.json; path = package.json; sourceTree = "<group>"; };
		393A48C421CCF292005860F3 /* tv-skin.json */ = {isa = PBXFileReference; fileEncoding = 4; lastKnownFileType = text.json; path = "tv-skin.json"; sourceTree = "<group>"; };
		393A48C521CCF292005860F3 /* skin-schema.json */ = {isa = PBXFileReference; fileEncoding = 4; lastKnownFileType = text.json; path = "skin-schema.json"; sourceTree = "<group>"; };
		393A48C621CCF292005860F3 /* validate.js */ = {isa = PBXFileReference; fileEncoding = 4; lastKnownFileType = sourcecode.javascript; path = validate.js; sourceTree = "<group>"; };
		393A48DA21CCF2A1005860F3 /* OoyalaSkinSDK.framework */ = {isa = PBXFileReference; lastKnownFileType = wrapper.framework; path = OoyalaSkinSDK.framework; sourceTree = "<group>"; };
		393A48DE21CD0479005860F3 /* OoyalaSkinSDK.xcassets */ = {isa = PBXFileReference; lastKnownFileType = folder.assetcatalog; name = OoyalaSkinSDK.xcassets; path = "../../../../vendor/Ooyala/OoyalaSkinSDK-iOS/OoyalaSkinSDK.xcassets"; sourceTree = "<group>"; };
		395EE290221442840048166D /* Base */ = {isa = PBXFileReference; lastKnownFileType = file.storyboard; name = Base; path = LaunchScreen.storyboard; sourceTree = "<group>"; };
		395EE292221442840048166D /* Base */ = {isa = PBXFileReference; lastKnownFileType = file.storyboard; name = Base; path = Main.storyboard; sourceTree = "<group>"; };
		39D45FF9221D6E44008C9FC7 /* AssetListViewController.m */ = {isa = PBXFileReference; fileEncoding = 4; lastKnownFileType = sourcecode.c.objc; path = AssetListViewController.m; sourceTree = "<group>"; };
		39D45FFD221D6E51008C9FC7 /* PlayerViewController.m */ = {isa = PBXFileReference; fileEncoding = 4; lastKnownFileType = sourcecode.c.objc; path = PlayerViewController.m; sourceTree = "<group>"; };
		39D46000221D6E62008C9FC7 /* BasicEmbedTokenGenerator.m */ = {isa = PBXFileReference; fileEncoding = 4; lastKnownFileType = sourcecode.c.objc; path = BasicEmbedTokenGenerator.m; sourceTree = "<group>"; };
		39D46002221D6E62008C9FC7 /* OptionsDataSource.m */ = {isa = PBXFileReference; fileEncoding = 4; lastKnownFileType = sourcecode.c.objc; path = OptionsDataSource.m; sourceTree = "<group>"; };
		39D46003221D6E62008C9FC7 /* PlayerSelectionOption.m */ = {isa = PBXFileReference; fileEncoding = 4; lastKnownFileType = sourcecode.c.objc; path = PlayerSelectionOption.m; sourceTree = "<group>"; };
		39D46007221D6E62008C9FC7 /* OptionTableViewCell.m */ = {isa = PBXFileReference; fileEncoding = 4; lastKnownFileType = sourcecode.c.objc; path = OptionTableViewCell.m; sourceTree = "<group>"; };
		39D4600E221D6EA4008C9FC7 /* main.m */ = {isa = PBXFileReference; fileEncoding = 4; lastKnownFileType = sourcecode.c.objc; path = main.m; sourceTree = "<group>"; };
		39D4607A221E94D8008C9FC7 /* main.m */ = {isa = PBXFileReference; fileEncoding = 4; lastKnownFileType = sourcecode.c.objc; path = main.m; sourceTree = "<group>"; };
		39D4607B221E94D8008C9FC7 /* Info.plist */ = {isa = PBXFileReference; fileEncoding = 4; lastKnownFileType = text.plist.xml; path = Info.plist; sourceTree = "<group>"; };
		39D4607F221E94E3008C9FC7 /* LaunchScreen.storyboard */ = {isa = PBXFileReference; fileEncoding = 4; lastKnownFileType = file.storyboard; path = LaunchScreen.storyboard; sourceTree = "<group>"; };
		39D46080221E94E3008C9FC7 /* Main.storyboard */ = {isa = PBXFileReference; fileEncoding = 4; lastKnownFileType = file.storyboard; path = Main.storyboard; sourceTree = "<group>"; };
		39D46084221E94E8008C9FC7 /* AssetListViewController.h */ = {isa = PBXFileReference; fileEncoding = 4; lastKnownFileType = sourcecode.c.h; path = AssetListViewController.h; sourceTree = "<group>"; };
		39D46085221E94E8008C9FC7 /* AssetListViewController.m */ = {isa = PBXFileReference; fileEncoding = 4; lastKnownFileType = sourcecode.c.objc; path = AssetListViewController.m; sourceTree = "<group>"; };
		39D46088221E94EF008C9FC7 /* BasicEmbedTokenGenerator.m */ = {isa = PBXFileReference; fileEncoding = 4; lastKnownFileType = sourcecode.c.objc; path = BasicEmbedTokenGenerator.m; sourceTree = "<group>"; };
		39D46089221E94EF008C9FC7 /* PlayerSelectionOption.h */ = {isa = PBXFileReference; fileEncoding = 4; lastKnownFileType = sourcecode.c.h; path = PlayerSelectionOption.h; sourceTree = "<group>"; };
		39D4608A221E94EF008C9FC7 /* OptionsDataSource.m */ = {isa = PBXFileReference; fileEncoding = 4; lastKnownFileType = sourcecode.c.objc; path = OptionsDataSource.m; sourceTree = "<group>"; };
		39D4608B221E94EF008C9FC7 /* PlayerSelectionOption.m */ = {isa = PBXFileReference; fileEncoding = 4; lastKnownFileType = sourcecode.c.objc; path = PlayerSelectionOption.m; sourceTree = "<group>"; };
		39D4608C221E94EF008C9FC7 /* BasicEmbedTokenGenerator.h */ = {isa = PBXFileReference; fileEncoding = 4; lastKnownFileType = sourcecode.c.h; path = BasicEmbedTokenGenerator.h; sourceTree = "<group>"; };
		39D4608E221E94EF008C9FC7 /* OptionTableViewCell.h */ = {isa = PBXFileReference; fileEncoding = 4; lastKnownFileType = sourcecode.c.h; path = OptionTableViewCell.h; sourceTree = "<group>"; };
		39D4608F221E94EF008C9FC7 /* OptionTableViewCell.m */ = {isa = PBXFileReference; fileEncoding = 4; lastKnownFileType = sourcecode.c.objc; path = OptionTableViewCell.m; sourceTree = "<group>"; };
		39D46090221E94EF008C9FC7 /* OptionsDataSource.h */ = {isa = PBXFileReference; fileEncoding = 4; lastKnownFileType = sourcecode.c.h; path = OptionsDataSource.h; sourceTree = "<group>"; };
		39D46092221E94EF008C9FC7 /* PlayerViewController.h */ = {isa = PBXFileReference; fileEncoding = 4; lastKnownFileType = sourcecode.c.h; path = PlayerViewController.h; sourceTree = "<group>"; };
		39D46093221E94EF008C9FC7 /* PlayerViewController.m */ = {isa = PBXFileReference; fileEncoding = 4; lastKnownFileType = sourcecode.c.objc; path = PlayerViewController.m; sourceTree = "<group>"; };
		39D46099221E9574008C9FC7 /* AppDelegate.h */ = {isa = PBXFileReference; fileEncoding = 4; lastKnownFileType = sourcecode.c.h; path = AppDelegate.h; sourceTree = "<group>"; };
		39D4609A221E9574008C9FC7 /* AppDelegate.m */ = {isa = PBXFileReference; fileEncoding = 4; lastKnownFileType = sourcecode.c.objc; path = AppDelegate.m; sourceTree = "<group>"; };
		CA34EE981D76409700E168F6 /* MediaPlayer.framework */ = {isa = PBXFileReference; lastKnownFileType = wrapper.framework; name = MediaPlayer.framework; path = System/Library/Frameworks/MediaPlayer.framework; sourceTree = SDKROOT; };
		CA34EEB11D7640A100E168F6 /* JavaScriptCore.framework */ = {isa = PBXFileReference; lastKnownFileType = wrapper.framework; name = JavaScriptCore.framework; path = System/Library/Frameworks/JavaScriptCore.framework; sourceTree = SDKROOT; };
		CA34EEB31D7640B500E168F6 /* AVKit.framework */ = {isa = PBXFileReference; lastKnownFileType = wrapper.framework; name = AVKit.framework; path = System/Library/Frameworks/AVKit.framework; sourceTree = SDKROOT; };
		CA79AF741E00B2CD0027754F /* libxml2.tbd */ = {isa = PBXFileReference; lastKnownFileType = "sourcecode.text-based-dylib-definition"; name = libxml2.tbd; path = usr/lib/libxml2.tbd; sourceTree = SDKROOT; };
		CA79AF761E00B2D30027754F /* libc++.tbd */ = {isa = PBXFileReference; lastKnownFileType = "sourcecode.text-based-dylib-definition"; name = "libc++.tbd"; path = "usr/lib/libc++.tbd"; sourceTree = SDKROOT; };
		CA79AF781E00B2DF0027754F /* libc++abi.tbd */ = {isa = PBXFileReference; lastKnownFileType = "sourcecode.text-based-dylib-definition"; name = "libc++abi.tbd"; path = "usr/lib/libc++abi.tbd"; sourceTree = SDKROOT; };
		CA79AF7A1E00B2E80027754F /* libz.tbd */ = {isa = PBXFileReference; lastKnownFileType = "sourcecode.text-based-dylib-definition"; name = libz.tbd; path = usr/lib/libz.tbd; sourceTree = SDKROOT; };
		CA7ED8F81D5964E700EA0A57 /* DownloadToOwnSampleApp.app */ = {isa = PBXFileReference; explicitFileType = wrapper.application; includeInIndex = 0; path = DownloadToOwnSampleApp.app; sourceTree = BUILT_PRODUCTS_DIR; };
		CAC620491D63C9AB004902F3 /* SystemConfiguration.framework */ = {isa = PBXFileReference; lastKnownFileType = wrapper.framework; name = SystemConfiguration.framework; path = System/Library/Frameworks/SystemConfiguration.framework; sourceTree = SDKROOT; };
/* End PBXFileReference section */

/* Begin PBXFrameworksBuildPhase section */
		CA7ED8F51D5964E700EA0A57 /* Frameworks */ = {
			isa = PBXFrameworksBuildPhase;
			buildActionMask = 2147483647;
			files = (
				CA34EEB41D7640B500E168F6 /* AVKit.framework in Frameworks */,
				CA34EEB21D7640A100E168F6 /* JavaScriptCore.framework in Frameworks */,
				CA34EE991D76409700E168F6 /* MediaPlayer.framework in Frameworks */,
				CAC6204A1D63C9AB004902F3 /* SystemConfiguration.framework in Frameworks */,
				CA79AF7B1E00B2E80027754F /* libz.tbd in Frameworks */,
				CA79AF791E00B2DF0027754F /* libc++abi.tbd in Frameworks */,
				CA79AF771E00B2D30027754F /* libc++.tbd in Frameworks */,
				393A48DB21CCF2A1005860F3 /* OoyalaSkinSDK.framework in Frameworks */,
				393A489F21CCE49E005860F3 /* OoyalaSDK.framework in Frameworks */,
				CA79AF751E00B2CD0027754F /* libxml2.tbd in Frameworks */,
			);
			runOnlyForDeploymentPostprocessing = 0;
		};
/* End PBXFrameworksBuildPhase section */

/* Begin PBXGroup section */
		393A486C21CCE49E005860F3 /* VendorLibraries */ = {
			isa = PBXGroup;
			children = (
				393A48DA21CCF2A1005860F3 /* OoyalaSkinSDK.framework */,
				393A488821CCE49E005860F3 /* OoyalaSDK.framework */,
			);
			path = VendorLibraries;
			sourceTree = "<group>";
		};
		393A48AE21CCF292005860F3 /* Resources */ = {
			isa = PBXGroup;
			children = (
				393A48DE21CD0479005860F3 /* OoyalaSkinSDK.xcassets */,
				393A48AF21CCF292005860F3 /* SkinConfig */,
			);
			path = Resources;
			sourceTree = "<group>";
		};
		393A48AF21CCF292005860F3 /* SkinConfig */ = {
			isa = PBXGroup;
			children = (
				393A48B021CCF292005860F3 /* main.jsbundle */,
				393A48B121CCF292005860F3 /* README.txt */,
				393A48B221CCF292005860F3 /* Fonts */,
				393A48B921CCF292005860F3 /* skin-config */,
			);
			path = SkinConfig;
			sourceTree = "<group>";
		};
		393A48B221CCF292005860F3 /* Fonts */ = {
			isa = PBXGroup;
			children = (
				393A48B321CCF292005860F3 /* RobotoCondensed-Bold.ttf */,
				393A48B421CCF292005860F3 /* ooyala-slick-type.ttf */,
				393A48B521CCF292005860F3 /* Roboto-Regular.ttf */,
				393A48B621CCF292005860F3 /* RobotoCondensed-Regular.ttf */,
				393A48B721CCF292005860F3 /* alice.ttf */,
				393A48B821CCF292005860F3 /* Roboto-Bold.ttf */,
			);
			path = Fonts;
			sourceTree = "<group>";
		};
		393A48B921CCF292005860F3 /* skin-config */ = {
			isa = PBXGroup;
			children = (
				393A48BA21CCF292005860F3 /* languageFiles */,
				393A48C021CCF292005860F3 /* skin.json */,
				393A48C121CCF292005860F3 /* README.md */,
				393A48C221CCF292005860F3 /* package.json */,
				393A48C321CCF292005860F3 /* examples */,
				393A48C521CCF292005860F3 /* skin-schema.json */,
				393A48C621CCF292005860F3 /* validate.js */,
			);
			path = "skin-config";
			sourceTree = "<group>";
		};
		393A48BA21CCF292005860F3 /* languageFiles */ = {
			isa = PBXGroup;
			children = (
				393A48BB21CCF292005860F3 /* zh.json */,
				393A48BC21CCF292005860F3 /* ja.json */,
				393A48BD21CCF292005860F3 /* en.json */,
				393A48BE21CCF292005860F3 /* ko.json */,
				393A48BF21CCF292005860F3 /* es.json */,
			);
			path = languageFiles;
			sourceTree = "<group>";
		};
		393A48C321CCF292005860F3 /* examples */ = {
			isa = PBXGroup;
			children = (
				393A48C421CCF292005860F3 /* tv-skin.json */,
			);
			path = examples;
			sourceTree = "<group>";
		};
		39D46078221E94AF008C9FC7 /* Recovered References */ = {
			isa = PBXGroup;
			children = (
				39D46007221D6E62008C9FC7 /* OptionTableViewCell.m */,
				39D46003221D6E62008C9FC7 /* PlayerSelectionOption.m */,
				39D46000221D6E62008C9FC7 /* BasicEmbedTokenGenerator.m */,
				39D46002221D6E62008C9FC7 /* OptionsDataSource.m */,
				39D45FF9221D6E44008C9FC7 /* AssetListViewController.m */,
				39D4600E221D6EA4008C9FC7 /* main.m */,
				39D45FFD221D6E51008C9FC7 /* PlayerViewController.m */,
				395EE291221442840048166D /* Main.storyboard */,
				395EE28F221442840048166D /* LaunchScreen.storyboard */,
			);
			name = "Recovered References";
			sourceTree = "<group>";
		};
		39D46079221E94D8008C9FC7 /* Supporting Files */ = {
			isa = PBXGroup;
			children = (
				39D4607A221E94D8008C9FC7 /* main.m */,
				39D4607B221E94D8008C9FC7 /* Info.plist */,
			);
			path = "Supporting Files";
			sourceTree = "<group>";
		};
		39D4607E221E94E3008C9FC7 /* Storyboards */ = {
			isa = PBXGroup;
			children = (
				39D4607F221E94E3008C9FC7 /* LaunchScreen.storyboard */,
				39D46080221E94E3008C9FC7 /* Main.storyboard */,
			);
			path = Storyboards;
			sourceTree = "<group>";
		};
		39D46083221E94E8008C9FC7 /* Lists */ = {
			isa = PBXGroup;
			children = (
				39D46084221E94E8008C9FC7 /* AssetListViewController.h */,
				39D46085221E94E8008C9FC7 /* AssetListViewController.m */,
			);
			path = Lists;
			sourceTree = "<group>";
		};
		39D46087221E94EF008C9FC7 /* Utils */ = {
			isa = PBXGroup;
			children = (
				39D4608D221E94EF008C9FC7 /* Views */,
				39D4608C221E94EF008C9FC7 /* BasicEmbedTokenGenerator.h */,
				39D46088221E94EF008C9FC7 /* BasicEmbedTokenGenerator.m */,
				39D46089221E94EF008C9FC7 /* PlayerSelectionOption.h */,
				39D4608B221E94EF008C9FC7 /* PlayerSelectionOption.m */,
				39D46090221E94EF008C9FC7 /* OptionsDataSource.h */,
				39D4608A221E94EF008C9FC7 /* OptionsDataSource.m */,
			);
			path = Utils;
			sourceTree = "<group>";
		};
		39D4608D221E94EF008C9FC7 /* Views */ = {
			isa = PBXGroup;
			children = (
				39D4608E221E94EF008C9FC7 /* OptionTableViewCell.h */,
				39D4608F221E94EF008C9FC7 /* OptionTableViewCell.m */,
			);
			path = Views;
			sourceTree = "<group>";
		};
		39D46091221E94EF008C9FC7 /* Players */ = {
			isa = PBXGroup;
			children = (
				39D46092221E94EF008C9FC7 /* PlayerViewController.h */,
				39D46093221E94EF008C9FC7 /* PlayerViewController.m */,
			);
			path = Players;
			sourceTree = "<group>";
		};
		CA7ED8EF1D5964E700EA0A57 = {
			isa = PBXGroup;
			children = (
				CA7ED8FA1D5964E700EA0A57 /* DownloadToOwnSampleApp */,
				393A486C21CCE49E005860F3 /* VendorLibraries */,
				CAC620481D63C9AB004902F3 /* Frameworks */,
				CA7ED8F91D5964E700EA0A57 /* Products */,
				39D46078221E94AF008C9FC7 /* Recovered References */,
			);
			sourceTree = "<group>";
		};
		CA7ED8F91D5964E700EA0A57 /* Products */ = {
			isa = PBXGroup;
			children = (
				CA7ED8F81D5964E700EA0A57 /* DownloadToOwnSampleApp.app */,
			);
			name = Products;
			sourceTree = "<group>";
		};
		CA7ED8FA1D5964E700EA0A57 /* DownloadToOwnSampleApp */ = {
			isa = PBXGroup;
			children = (
				39D46099221E9574008C9FC7 /* AppDelegate.h */,
				39D4609A221E9574008C9FC7 /* AppDelegate.m */,
				39D46083221E94E8008C9FC7 /* Lists */,
				39D46091221E94EF008C9FC7 /* Players */,
				39D46087221E94EF008C9FC7 /* Utils */,
				39D4607E221E94E3008C9FC7 /* Storyboards */,
				39D46079221E94D8008C9FC7 /* Supporting Files */,
				393A48AE21CCF292005860F3 /* Resources */,
			);
			path = DownloadToOwnSampleApp;
			sourceTree = "<group>";
		};
		CAC620481D63C9AB004902F3 /* Frameworks */ = {
			isa = PBXGroup;
			children = (
				CA34EEB31D7640B500E168F6 /* AVKit.framework */,
				CA34EEB11D7640A100E168F6 /* JavaScriptCore.framework */,
				CA34EE981D76409700E168F6 /* MediaPlayer.framework */,
				CAC620491D63C9AB004902F3 /* SystemConfiguration.framework */,
				CA79AF7A1E00B2E80027754F /* libz.tbd */,
				CA79AF781E00B2DF0027754F /* libc++abi.tbd */,
				CA79AF761E00B2D30027754F /* libc++.tbd */,
				CA79AF741E00B2CD0027754F /* libxml2.tbd */,
			);
			name = Frameworks;
			sourceTree = "<group>";
		};
/* End PBXGroup section */

/* Begin PBXNativeTarget section */
		CA7ED8F71D5964E700EA0A57 /* DownloadToOwnSampleApp */ = {
			isa = PBXNativeTarget;
			buildConfigurationList = CA7ED90F1D5964E700EA0A57 /* Build configuration list for PBXNativeTarget "DownloadToOwnSampleApp" */;
			buildPhases = (
				CA7ED8F41D5964E700EA0A57 /* Sources */,
				CA7ED8F51D5964E700EA0A57 /* Frameworks */,
				CA7ED8F61D5964E700EA0A57 /* Resources */,
			);
			buildRules = (
			);
			dependencies = (
			);
			name = DownloadToOwnSampleApp;
			productName = DownloadToOwnSampleApp;
			productReference = CA7ED8F81D5964E700EA0A57 /* DownloadToOwnSampleApp.app */;
			productType = "com.apple.product-type.application";
		};
/* End PBXNativeTarget section */

/* Begin PBXProject section */
		CA7ED8F01D5964E700EA0A57 /* Project object */ = {
			isa = PBXProject;
			attributes = {
				LastUpgradeCheck = 1010;
				ORGANIZATIONNAME = "Eric Vargas";
				TargetAttributes = {
					CA7ED8F71D5964E700EA0A57 = {
						CreatedOnToolsVersion = 8.0;
						DevelopmentTeamName = "Ooyala Inc";
					};
				};
			};
			buildConfigurationList = CA7ED8F31D5964E700EA0A57 /* Build configuration list for PBXProject "DownloadToOwnSampleApp" */;
			compatibilityVersion = "Xcode 3.2";
			developmentRegion = English;
			hasScannedForEncodings = 0;
			knownRegions = (
				en,
				Base,
			);
			mainGroup = CA7ED8EF1D5964E700EA0A57;
			productRefGroup = CA7ED8F91D5964E700EA0A57 /* Products */;
			projectDirPath = "";
			projectRoot = "";
			targets = (
				CA7ED8F71D5964E700EA0A57 /* DownloadToOwnSampleApp */,
			);
		};
/* End PBXProject section */

/* Begin PBXResourcesBuildPhase section */
		CA7ED8F61D5964E700EA0A57 /* Resources */ = {
			isa = PBXResourcesBuildPhase;
			buildActionMask = 2147483647;
			files = (
				393A48D321CCF293005860F3 /* es.json in Resources */,
				39D46082221E94E3008C9FC7 /* Main.storyboard in Resources */,
				393A48CF21CCF293005860F3 /* zh.json in Resources */,
				393A48D621CCF293005860F3 /* package.json in Resources */,
				393A48C721CCF293005860F3 /* main.jsbundle in Resources */,
				393A48D721CCF293005860F3 /* tv-skin.json in Resources */,
				393A48CB21CCF293005860F3 /* Roboto-Regular.ttf in Resources */,
				393A48D121CCF293005860F3 /* en.json in Resources */,
				393A48D921CCF293005860F3 /* validate.js in Resources */,
				39D46081221E94E3008C9FC7 /* LaunchScreen.storyboard in Resources */,
				393A48D821CCF293005860F3 /* skin-schema.json in Resources */,
				393A48CE21CCF293005860F3 /* Roboto-Bold.ttf in Resources */,
				393A48D421CCF293005860F3 /* skin.json in Resources */,
				393A48D221CCF293005860F3 /* ko.json in Resources */,
				393A48CD21CCF293005860F3 /* alice.ttf in Resources */,
				393A48C921CCF293005860F3 /* RobotoCondensed-Bold.ttf in Resources */,
				393A48D021CCF293005860F3 /* ja.json in Resources */,
				393A48D521CCF293005860F3 /* README.md in Resources */,
				393A48C821CCF293005860F3 /* README.txt in Resources */,
				393A48CA21CCF293005860F3 /* ooyala-slick-type.ttf in Resources */,
				393A48CC21CCF293005860F3 /* RobotoCondensed-Regular.ttf in Resources */,
				393A48DF21CD0479005860F3 /* OoyalaSkinSDK.xcassets in Resources */,
			);
			runOnlyForDeploymentPostprocessing = 0;
		};
/* End PBXResourcesBuildPhase section */

/* Begin PBXSourcesBuildPhase section */
		CA7ED8F41D5964E700EA0A57 /* Sources */ = {
			isa = PBXSourcesBuildPhase;
			buildActionMask = 2147483647;
			files = (
				39D46097221E94EF008C9FC7 /* OptionTableViewCell.m in Sources */,
				39D46095221E94EF008C9FC7 /* OptionsDataSource.m in Sources */,
				39D46094221E94EF008C9FC7 /* BasicEmbedTokenGenerator.m in Sources */,
				39D46096221E94EF008C9FC7 /* PlayerSelectionOption.m in Sources */,
				39D4609B221E9574008C9FC7 /* AppDelegate.m in Sources */,
				39D46098221E94EF008C9FC7 /* PlayerViewController.m in Sources */,
				39D46086221E94E8008C9FC7 /* AssetListViewController.m in Sources */,
				39D4607C221E94D8008C9FC7 /* main.m in Sources */,
			);
			runOnlyForDeploymentPostprocessing = 0;
		};
/* End PBXSourcesBuildPhase section */

/* Begin PBXVariantGroup section */
		395EE28F221442840048166D /* LaunchScreen.storyboard */ = {
			isa = PBXVariantGroup;
			children = (
				395EE290221442840048166D /* Base */,
			);
			name = LaunchScreen.storyboard;
			sourceTree = "<group>";
		};
		395EE291221442840048166D /* Main.storyboard */ = {
			isa = PBXVariantGroup;
			children = (
				395EE292221442840048166D /* Base */,
			);
			name = Main.storyboard;
			sourceTree = "<group>";
		};
/* End PBXVariantGroup section */

/* Begin XCBuildConfiguration section */
		CA7ED90D1D5964E700EA0A57 /* Debug */ = {
			isa = XCBuildConfiguration;
			buildSettings = {
				ALWAYS_SEARCH_USER_PATHS = NO;
				CLANG_ANALYZER_NONNULL = YES;
				CLANG_CXX_LANGUAGE_STANDARD = "gnu++0x";
				CLANG_CXX_LIBRARY = "libc++";
				CLANG_ENABLE_MODULES = YES;
				CLANG_ENABLE_OBJC_ARC = YES;
				CLANG_WARN_BLOCK_CAPTURE_AUTORELEASING = YES;
				CLANG_WARN_BOOL_CONVERSION = YES;
				CLANG_WARN_COMMA = YES;
				CLANG_WARN_CONSTANT_CONVERSION = YES;
				CLANG_WARN_DEPRECATED_OBJC_IMPLEMENTATIONS = YES;
				CLANG_WARN_DIRECT_OBJC_ISA_USAGE = YES_ERROR;
				CLANG_WARN_DOCUMENTATION_COMMENTS = YES;
				CLANG_WARN_EMPTY_BODY = YES;
				CLANG_WARN_ENUM_CONVERSION = YES;
				CLANG_WARN_INFINITE_RECURSION = YES;
				CLANG_WARN_INT_CONVERSION = YES;
				CLANG_WARN_NON_LITERAL_NULL_CONVERSION = YES;
				CLANG_WARN_OBJC_IMPLICIT_RETAIN_SELF = YES;
				CLANG_WARN_OBJC_LITERAL_CONVERSION = YES;
				CLANG_WARN_OBJC_ROOT_CLASS = YES_ERROR;
				CLANG_WARN_RANGE_LOOP_ANALYSIS = YES;
				CLANG_WARN_STRICT_PROTOTYPES = YES;
				CLANG_WARN_SUSPICIOUS_MOVE = YES;
				CLANG_WARN_UNREACHABLE_CODE = YES;
				CLANG_WARN__DUPLICATE_METHOD_MATCH = YES;
				"CODE_SIGN_IDENTITY[sdk=iphoneos*]" = "iPhone Developer";
				COPY_PHASE_STRIP = NO;
				DEBUG_INFORMATION_FORMAT = dwarf;
				ENABLE_STRICT_OBJC_MSGSEND = YES;
				ENABLE_TESTABILITY = YES;
				GCC_C_LANGUAGE_STANDARD = gnu99;
				GCC_DYNAMIC_NO_PIC = NO;
				GCC_NO_COMMON_BLOCKS = YES;
				GCC_OPTIMIZATION_LEVEL = 0;
				GCC_PREPROCESSOR_DEFINITIONS = (
					"DEBUG=1",
					"$(inherited)",
				);
				GCC_WARN_64_TO_32_BIT_CONVERSION = YES;
				GCC_WARN_ABOUT_RETURN_TYPE = YES_ERROR;
				GCC_WARN_UNDECLARED_SELECTOR = YES;
				GCC_WARN_UNINITIALIZED_AUTOS = YES_AGGRESSIVE;
				GCC_WARN_UNUSED_FUNCTION = YES;
				GCC_WARN_UNUSED_VARIABLE = YES;
				IPHONEOS_DEPLOYMENT_TARGET = 10.0;
				MTL_ENABLE_DEBUG_INFO = YES;
				ONLY_ACTIVE_ARCH = YES;
				SDKROOT = iphoneos;
				TARGETED_DEVICE_FAMILY = "1,2";
			};
			name = Debug;
		};
		CA7ED90E1D5964E700EA0A57 /* Release */ = {
			isa = XCBuildConfiguration;
			buildSettings = {
				ALWAYS_SEARCH_USER_PATHS = NO;
				CLANG_ANALYZER_NONNULL = YES;
				CLANG_CXX_LANGUAGE_STANDARD = "gnu++0x";
				CLANG_CXX_LIBRARY = "libc++";
				CLANG_ENABLE_MODULES = YES;
				CLANG_ENABLE_OBJC_ARC = YES;
				CLANG_WARN_BLOCK_CAPTURE_AUTORELEASING = YES;
				CLANG_WARN_BOOL_CONVERSION = YES;
				CLANG_WARN_COMMA = YES;
				CLANG_WARN_CONSTANT_CONVERSION = YES;
				CLANG_WARN_DEPRECATED_OBJC_IMPLEMENTATIONS = YES;
				CLANG_WARN_DIRECT_OBJC_ISA_USAGE = YES_ERROR;
				CLANG_WARN_DOCUMENTATION_COMMENTS = YES;
				CLANG_WARN_EMPTY_BODY = YES;
				CLANG_WARN_ENUM_CONVERSION = YES;
				CLANG_WARN_INFINITE_RECURSION = YES;
				CLANG_WARN_INT_CONVERSION = YES;
				CLANG_WARN_NON_LITERAL_NULL_CONVERSION = YES;
				CLANG_WARN_OBJC_IMPLICIT_RETAIN_SELF = YES;
				CLANG_WARN_OBJC_LITERAL_CONVERSION = YES;
				CLANG_WARN_OBJC_ROOT_CLASS = YES_ERROR;
				CLANG_WARN_RANGE_LOOP_ANALYSIS = YES;
				CLANG_WARN_STRICT_PROTOTYPES = YES;
				CLANG_WARN_SUSPICIOUS_MOVE = YES;
				CLANG_WARN_UNREACHABLE_CODE = YES;
				CLANG_WARN__DUPLICATE_METHOD_MATCH = YES;
				"CODE_SIGN_IDENTITY[sdk=iphoneos*]" = "iPhone Developer";
				COPY_PHASE_STRIP = NO;
				DEBUG_INFORMATION_FORMAT = "dwarf-with-dsym";
				ENABLE_NS_ASSERTIONS = NO;
				ENABLE_STRICT_OBJC_MSGSEND = YES;
				GCC_C_LANGUAGE_STANDARD = gnu99;
				GCC_NO_COMMON_BLOCKS = YES;
				GCC_WARN_64_TO_32_BIT_CONVERSION = YES;
				GCC_WARN_ABOUT_RETURN_TYPE = YES_ERROR;
				GCC_WARN_UNDECLARED_SELECTOR = YES;
				GCC_WARN_UNINITIALIZED_AUTOS = YES_AGGRESSIVE;
				GCC_WARN_UNUSED_FUNCTION = YES;
				GCC_WARN_UNUSED_VARIABLE = YES;
				IPHONEOS_DEPLOYMENT_TARGET = 10.0;
				MTL_ENABLE_DEBUG_INFO = NO;
				SDKROOT = iphoneos;
				TARGETED_DEVICE_FAMILY = "1,2";
				VALIDATE_PRODUCT = YES;
			};
			name = Release;
		};
		CA7ED9101D5964E700EA0A57 /* Debug */ = {
			isa = XCBuildConfiguration;
			buildSettings = {
				ASSETCATALOG_COMPILER_APPICON_NAME = AppIcon;
				ASSETCATALOG_COMPILER_LAUNCHIMAGE_NAME = LaunchImage;
				DEVELOPMENT_TEAM = "";
				FRAMEWORK_SEARCH_PATHS = (
					"$(inherited)",
					"$(PROJECT_DIR)/VendorLibraries/**",
					"$(PROJECT_DIR)/VendorLibraries",
				);
				INFOPLIST_FILE = "$(SRCROOT)/DownloadToOwnSampleApp/Supporting Files/Info.plist";
				LD_RUNPATH_SEARCH_PATHS = "$(inherited) @executable_path/Frameworks";
				OTHER_LDFLAGS = "-ObjC";
				PRODUCT_BUNDLE_IDENTIFIER = com.ooyala.DownloadToOwnSampleApp;
				PRODUCT_NAME = "$(TARGET_NAME)";
			};
			name = Debug;
		};
		CA7ED9111D5964E700EA0A57 /* Release */ = {
			isa = XCBuildConfiguration;
			buildSettings = {
				ASSETCATALOG_COMPILER_APPICON_NAME = AppIcon;
				ASSETCATALOG_COMPILER_LAUNCHIMAGE_NAME = LaunchImage;
				DEVELOPMENT_TEAM = "";
				FRAMEWORK_SEARCH_PATHS = (
					"$(inherited)",
					"$(PROJECT_DIR)/VendorLibraries/**",
					"$(PROJECT_DIR)/VendorLibraries",
				);
				INFOPLIST_FILE = "$(SRCROOT)/DownloadToOwnSampleApp/Supporting Files/Info.plist";
				LD_RUNPATH_SEARCH_PATHS = "$(inherited) @executable_path/Frameworks";
				OTHER_LDFLAGS = "-ObjC";
				PRODUCT_BUNDLE_IDENTIFIER = com.ooyala.DownloadToOwnSampleApp;
				PRODUCT_NAME = "$(TARGET_NAME)";
			};
			name = Release;
		};
/* End XCBuildConfiguration section */

/* Begin XCConfigurationList section */
		CA7ED8F31D5964E700EA0A57 /* Build configuration list for PBXProject "DownloadToOwnSampleApp" */ = {
			isa = XCConfigurationList;
			buildConfigurations = (
				CA7ED90D1D5964E700EA0A57 /* Debug */,
				CA7ED90E1D5964E700EA0A57 /* Release */,
			);
			defaultConfigurationIsVisible = 0;
			defaultConfigurationName = Release;
		};
		CA7ED90F1D5964E700EA0A57 /* Build configuration list for PBXNativeTarget "DownloadToOwnSampleApp" */ = {
			isa = XCConfigurationList;
			buildConfigurations = (
				CA7ED9101D5964E700EA0A57 /* Debug */,
				CA7ED9111D5964E700EA0A57 /* Release */,
			);
			defaultConfigurationIsVisible = 0;
			defaultConfigurationName = Release;
		};
/* End XCConfigurationList section */
	};
	rootObject = CA7ED8F01D5964E700EA0A57 /* Project object */;
}
