// !$*UTF8*$!
{
	archiveVersion = 1;
	classes = {
	};
	objectVersion = 48;
	objects = {

/* Begin PBXBuildFile section */
		39B703B7221C3E9B0036DE31 /* OoyalaSkinSDK.framework in Frameworks */ = {isa = PBXBuildFile; fileRef = 39B703B5221C3E9B0036DE31 /* OoyalaSkinSDK.framework */; };
		39B703B8221C3E9B0036DE31 /* OoyalaSDK.framework in Frameworks */ = {isa = PBXBuildFile; fileRef = 39B703B6221C3E9B0036DE31 /* OoyalaSDK.framework */; };
		39B703D1221C3EBA0036DE31 /* main.jsbundle in Resources */ = {isa = PBXBuildFile; fileRef = 39B703BA221C3EBA0036DE31 /* main.jsbundle */; };
		39B703D2221C3EBA0036DE31 /* README.txt in Resources */ = {isa = PBXBuildFile; fileRef = 39B703BB221C3EBA0036DE31 /* README.txt */; };
		39B703D3221C3EBA0036DE31 /* RobotoCondensed-Bold.ttf in Resources */ = {isa = PBXBuildFile; fileRef = 39B703BD221C3EBA0036DE31 /* RobotoCondensed-Bold.ttf */; };
		39B703D4221C3EBA0036DE31 /* ooyala-slick-type.ttf in Resources */ = {isa = PBXBuildFile; fileRef = 39B703BE221C3EBA0036DE31 /* ooyala-slick-type.ttf */; };
		39B703D5221C3EBA0036DE31 /* Roboto-Regular.ttf in Resources */ = {isa = PBXBuildFile; fileRef = 39B703BF221C3EBA0036DE31 /* Roboto-Regular.ttf */; };
		39B703D6221C3EBA0036DE31 /* RobotoCondensed-Regular.ttf in Resources */ = {isa = PBXBuildFile; fileRef = 39B703C0221C3EBA0036DE31 /* RobotoCondensed-Regular.ttf */; };
		39B703D7221C3EBA0036DE31 /* alice.ttf in Resources */ = {isa = PBXBuildFile; fileRef = 39B703C1221C3EBA0036DE31 /* alice.ttf */; };
		39B703D8221C3EBA0036DE31 /* Roboto-Bold.ttf in Resources */ = {isa = PBXBuildFile; fileRef = 39B703C2221C3EBA0036DE31 /* Roboto-Bold.ttf */; };
		39B703D9221C3EBA0036DE31 /* zh.json in Resources */ = {isa = PBXBuildFile; fileRef = 39B703C5221C3EBA0036DE31 /* zh.json */; };
		39B703DA221C3EBA0036DE31 /* ja.json in Resources */ = {isa = PBXBuildFile; fileRef = 39B703C6221C3EBA0036DE31 /* ja.json */; };
		39B703DB221C3EBA0036DE31 /* en.json in Resources */ = {isa = PBXBuildFile; fileRef = 39B703C7221C3EBA0036DE31 /* en.json */; };
		39B703DC221C3EBA0036DE31 /* ko.json in Resources */ = {isa = PBXBuildFile; fileRef = 39B703C8221C3EBA0036DE31 /* ko.json */; };
		39B703DD221C3EBA0036DE31 /* es.json in Resources */ = {isa = PBXBuildFile; fileRef = 39B703C9221C3EBA0036DE31 /* es.json */; };
		39B703DE221C3EBA0036DE31 /* skin.json in Resources */ = {isa = PBXBuildFile; fileRef = 39B703CA221C3EBA0036DE31 /* skin.json */; };
		39B703DF221C3EBA0036DE31 /* README.md in Resources */ = {isa = PBXBuildFile; fileRef = 39B703CB221C3EBA0036DE31 /* README.md */; };
		39B703E0221C3EBA0036DE31 /* package.json in Resources */ = {isa = PBXBuildFile; fileRef = 39B703CC221C3EBA0036DE31 /* package.json */; };
		39B703E1221C3EBA0036DE31 /* tv-skin.json in Resources */ = {isa = PBXBuildFile; fileRef = 39B703CE221C3EBA0036DE31 /* tv-skin.json */; };
		39B703E2221C3EBA0036DE31 /* skin-schema.json in Resources */ = {isa = PBXBuildFile; fileRef = 39B703CF221C3EBA0036DE31 /* skin-schema.json */; };
		39B703E3221C3EBA0036DE31 /* validate.js in Resources */ = {isa = PBXBuildFile; fileRef = 39B703D0221C3EBA0036DE31 /* validate.js */; };
		AE1B86AC2020DF2000FCF6CA /* AppDelegate.swift in Sources */ = {isa = PBXBuildFile; fileRef = AE1B86AB2020DF2000FCF6CA /* AppDelegate.swift */; };
		AE1B86B12020DF2000FCF6CA /* Main.storyboard in Resources */ = {isa = PBXBuildFile; fileRef = AE1B86AF2020DF2000FCF6CA /* Main.storyboard */; };
		AE1B86B32020DF2000FCF6CA /* Assets.xcassets in Resources */ = {isa = PBXBuildFile; fileRef = AE1B86B22020DF2000FCF6CA /* Assets.xcassets */; };
		AE1B86B62020DF2000FCF6CA /* LaunchScreen.storyboard in Resources */ = {isa = PBXBuildFile; fileRef = AE1B86B42020DF2000FCF6CA /* LaunchScreen.storyboard */; };
		AE1B86D42020E48D00FCF6CA /* CFNetwork.framework in Frameworks */ = {isa = PBXBuildFile; fileRef = AE1B86C42020E48C00FCF6CA /* CFNetwork.framework */; };
		AE1B86D52020E48D00FCF6CA /* Security.framework in Frameworks */ = {isa = PBXBuildFile; fileRef = AE1B86C52020E48C00FCF6CA /* Security.framework */; };
		AE1B86D62020E48D00FCF6CA /* CoreMedia.framework in Frameworks */ = {isa = PBXBuildFile; fileRef = AE1B86C62020E48C00FCF6CA /* CoreMedia.framework */; };
		AE1B86D72020E48D00FCF6CA /* Foundation.framework in Frameworks */ = {isa = PBXBuildFile; fileRef = AE1B86C72020E48C00FCF6CA /* Foundation.framework */; };
		AE1B86D82020E48D00FCF6CA /* MediaPlayer.framework in Frameworks */ = {isa = PBXBuildFile; fileRef = AE1B86C82020E48C00FCF6CA /* MediaPlayer.framework */; };
		AE1B86D92020E48D00FCF6CA /* libxml2.tbd in Frameworks */ = {isa = PBXBuildFile; fileRef = AE1B86C92020E48C00FCF6CA /* libxml2.tbd */; };
		AE1B86DA2020E48D00FCF6CA /* AVKit.framework in Frameworks */ = {isa = PBXBuildFile; fileRef = AE1B86CA2020E48C00FCF6CA /* AVKit.framework */; };
		AE1B86DB2020E48D00FCF6CA /* MediaAccessibility.framework in Frameworks */ = {isa = PBXBuildFile; fileRef = AE1B86CB2020E48C00FCF6CA /* MediaAccessibility.framework */; };
		AE1B86DC2020E48D00FCF6CA /* SystemConfiguration.framework in Frameworks */ = {isa = PBXBuildFile; fileRef = AE1B86CC2020E48C00FCF6CA /* SystemConfiguration.framework */; };
		AE1B86DD2020E48D00FCF6CA /* UIKit.framework in Frameworks */ = {isa = PBXBuildFile; fileRef = AE1B86CD2020E48C00FCF6CA /* UIKit.framework */; };
		AE1B86DE2020E48D00FCF6CA /* CoreText.framework in Frameworks */ = {isa = PBXBuildFile; fileRef = AE1B86CE2020E48C00FCF6CA /* CoreText.framework */; };
		AE1B86DF2020E48D00FCF6CA /* AdSupport.framework in Frameworks */ = {isa = PBXBuildFile; fileRef = AE1B86CF2020E48C00FCF6CA /* AdSupport.framework */; };
		AE1B86E02020E48D00FCF6CA /* AVFoundation.framework in Frameworks */ = {isa = PBXBuildFile; fileRef = AE1B86D02020E48D00FCF6CA /* AVFoundation.framework */; };
		AE1B86E12020E48D00FCF6CA /* JavaScriptCore.framework in Frameworks */ = {isa = PBXBuildFile; fileRef = AE1B86D12020E48D00FCF6CA /* JavaScriptCore.framework */; };
		AE1B86E22020E48D00FCF6CA /* libc++.tbd in Frameworks */ = {isa = PBXBuildFile; fileRef = AE1B86D22020E48D00FCF6CA /* libc++.tbd */; };
		AE1B86E32020E48D00FCF6CA /* QuartzCore.framework in Frameworks */ = {isa = PBXBuildFile; fileRef = AE1B86D32020E48D00FCF6CA /* QuartzCore.framework */; };
		AE1B86E52020E53100FCF6CA /* PlayerSelectionOption.swift in Sources */ = {isa = PBXBuildFile; fileRef = AE1B86E42020E53100FCF6CA /* PlayerSelectionOption.swift */; };
		AE1B86E82020E71A00FCF6CA /* BasicEmbedTokenGenerator.swift in Sources */ = {isa = PBXBuildFile; fileRef = AE1B86E72020E71A00FCF6CA /* BasicEmbedTokenGenerator.swift */; };
		AE1B86EA2020E76000FCF6CA /* OptionDataSource.swift in Sources */ = {isa = PBXBuildFile; fileRef = AE1B86E92020E76000FCF6CA /* OptionDataSource.swift */; };
		AE1B86EC20210BD500FCF6CA /* AssetTableViewController.swift in Sources */ = {isa = PBXBuildFile; fileRef = AE1B86EB20210BD500FCF6CA /* AssetTableViewController.swift */; };
		AE1B86EE2021141300FCF6CA /* PlayerViewController.swift in Sources */ = {isa = PBXBuildFile; fileRef = AE1B86ED2021141300FCF6CA /* PlayerViewController.swift */; };
		AE1B86F0202118B600FCF6CA /* OptionTableViewCell.swift in Sources */ = {isa = PBXBuildFile; fileRef = AE1B86EF202118B600FCF6CA /* OptionTableViewCell.swift */; };
		AEC5A2072028E424005F94FF /* libz.tbd in Frameworks */ = {isa = PBXBuildFile; fileRef = AEC5A2062028E423005F94FF /* libz.tbd */; };
		AEC5A2092028E4DC005F94FF /* MessageUI.framework in Frameworks */ = {isa = PBXBuildFile; fileRef = AEC5A2082028E4DC005F94FF /* MessageUI.framework */; };
		AEC5A20B2028E4E6005F94FF /* Social.framework in Frameworks */ = {isa = PBXBuildFile; fileRef = AEC5A20A2028E4E6005F94FF /* Social.framework */; };
/* End PBXBuildFile section */

/* Begin PBXFileReference section */
		39B703B5221C3E9B0036DE31 /* OoyalaSkinSDK.framework */ = {isa = PBXFileReference; lastKnownFileType = wrapper.framework; path = OoyalaSkinSDK.framework; sourceTree = "<group>"; };
		39B703B6221C3E9B0036DE31 /* OoyalaSDK.framework */ = {isa = PBXFileReference; lastKnownFileType = wrapper.framework; path = OoyalaSDK.framework; sourceTree = "<group>"; };
		39B703BA221C3EBA0036DE31 /* main.jsbundle */ = {isa = PBXFileReference; fileEncoding = 4; lastKnownFileType = text; path = main.jsbundle; sourceTree = "<group>"; };
		39B703BB221C3EBA0036DE31 /* README.txt */ = {isa = PBXFileReference; fileEncoding = 4; lastKnownFileType = text; path = README.txt; sourceTree = "<group>"; };
		39B703BD221C3EBA0036DE31 /* RobotoCondensed-Bold.ttf */ = {isa = PBXFileReference; lastKnownFileType = file; path = "RobotoCondensed-Bold.ttf"; sourceTree = "<group>"; };
		39B703BE221C3EBA0036DE31 /* ooyala-slick-type.ttf */ = {isa = PBXFileReference; lastKnownFileType = file; path = "ooyala-slick-type.ttf"; sourceTree = "<group>"; };
		39B703BF221C3EBA0036DE31 /* Roboto-Regular.ttf */ = {isa = PBXFileReference; lastKnownFileType = file; path = "Roboto-Regular.ttf"; sourceTree = "<group>"; };
		39B703C0221C3EBA0036DE31 /* RobotoCondensed-Regular.ttf */ = {isa = PBXFileReference; lastKnownFileType = file; path = "RobotoCondensed-Regular.ttf"; sourceTree = "<group>"; };
		39B703C1221C3EBA0036DE31 /* alice.ttf */ = {isa = PBXFileReference; lastKnownFileType = file; path = alice.ttf; sourceTree = "<group>"; };
		39B703C2221C3EBA0036DE31 /* Roboto-Bold.ttf */ = {isa = PBXFileReference; lastKnownFileType = file; path = "Roboto-Bold.ttf"; sourceTree = "<group>"; };
		39B703C5221C3EBA0036DE31 /* zh.json */ = {isa = PBXFileReference; fileEncoding = 4; lastKnownFileType = text.json; path = zh.json; sourceTree = "<group>"; };
		39B703C6221C3EBA0036DE31 /* ja.json */ = {isa = PBXFileReference; fileEncoding = 4; lastKnownFileType = text.json; path = ja.json; sourceTree = "<group>"; };
		39B703C7221C3EBA0036DE31 /* en.json */ = {isa = PBXFileReference; fileEncoding = 4; lastKnownFileType = text.json; path = en.json; sourceTree = "<group>"; };
		39B703C8221C3EBA0036DE31 /* ko.json */ = {isa = PBXFileReference; fileEncoding = 4; lastKnownFileType = text.json; path = ko.json; sourceTree = "<group>"; };
		39B703C9221C3EBA0036DE31 /* es.json */ = {isa = PBXFileReference; fileEncoding = 4; lastKnownFileType = text.json; path = es.json; sourceTree = "<group>"; };
		39B703CA221C3EBA0036DE31 /* skin.json */ = {isa = PBXFileReference; fileEncoding = 4; lastKnownFileType = text.json; path = skin.json; sourceTree = "<group>"; };
		39B703CB221C3EBA0036DE31 /* README.md */ = {isa = PBXFileReference; fileEncoding = 4; lastKnownFileType = net.daringfireball.markdown; path = README.md; sourceTree = "<group>"; };
		39B703CC221C3EBA0036DE31 /* package.json */ = {isa = PBXFileReference; fileEncoding = 4; lastKnownFileType = text.json; path = package.json; sourceTree = "<group>"; };
		39B703CE221C3EBA0036DE31 /* tv-skin.json */ = {isa = PBXFileReference; fileEncoding = 4; lastKnownFileType = text.json; path = "tv-skin.json"; sourceTree = "<group>"; };
		39B703CF221C3EBA0036DE31 /* skin-schema.json */ = {isa = PBXFileReference; fileEncoding = 4; lastKnownFileType = text.json; path = "skin-schema.json"; sourceTree = "<group>"; };
		39B703D0221C3EBA0036DE31 /* validate.js */ = {isa = PBXFileReference; fileEncoding = 4; lastKnownFileType = sourcecode.javascript; path = validate.js; sourceTree = "<group>"; };
		AE1B86A82020DF2000FCF6CA /* DownloadToOwnSampleAppSwift.app */ = {isa = PBXFileReference; explicitFileType = wrapper.application; includeInIndex = 0; path = DownloadToOwnSampleAppSwift.app; sourceTree = BUILT_PRODUCTS_DIR; };
		AE1B86AB2020DF2000FCF6CA /* AppDelegate.swift */ = {isa = PBXFileReference; lastKnownFileType = sourcecode.swift; path = AppDelegate.swift; sourceTree = "<group>"; };
		AE1B86B02020DF2000FCF6CA /* Base */ = {isa = PBXFileReference; lastKnownFileType = file.storyboard; name = Base; path = Base.lproj/Main.storyboard; sourceTree = "<group>"; };
		AE1B86B22020DF2000FCF6CA /* Assets.xcassets */ = {isa = PBXFileReference; lastKnownFileType = folder.assetcatalog; path = Assets.xcassets; sourceTree = "<group>"; };
		AE1B86B52020DF2000FCF6CA /* Base */ = {isa = PBXFileReference; lastKnownFileType = file.storyboard; name = Base; path = Base.lproj/LaunchScreen.storyboard; sourceTree = "<group>"; };
		AE1B86B72020DF2000FCF6CA /* Info.plist */ = {isa = PBXFileReference; lastKnownFileType = text.plist.xml; path = Info.plist; sourceTree = "<group>"; };
		AE1B86C42020E48C00FCF6CA /* CFNetwork.framework */ = {isa = PBXFileReference; lastKnownFileType = wrapper.framework; name = CFNetwork.framework; path = System/Library/Frameworks/CFNetwork.framework; sourceTree = SDKROOT; };
		AE1B86C52020E48C00FCF6CA /* Security.framework */ = {isa = PBXFileReference; lastKnownFileType = wrapper.framework; name = Security.framework; path = System/Library/Frameworks/Security.framework; sourceTree = SDKROOT; };
		AE1B86C62020E48C00FCF6CA /* CoreMedia.framework */ = {isa = PBXFileReference; lastKnownFileType = wrapper.framework; name = CoreMedia.framework; path = System/Library/Frameworks/CoreMedia.framework; sourceTree = SDKROOT; };
		AE1B86C72020E48C00FCF6CA /* Foundation.framework */ = {isa = PBXFileReference; lastKnownFileType = wrapper.framework; name = Foundation.framework; path = System/Library/Frameworks/Foundation.framework; sourceTree = SDKROOT; };
		AE1B86C82020E48C00FCF6CA /* MediaPlayer.framework */ = {isa = PBXFileReference; lastKnownFileType = wrapper.framework; name = MediaPlayer.framework; path = System/Library/Frameworks/MediaPlayer.framework; sourceTree = SDKROOT; };
		AE1B86C92020E48C00FCF6CA /* libxml2.tbd */ = {isa = PBXFileReference; lastKnownFileType = "sourcecode.text-based-dylib-definition"; name = libxml2.tbd; path = usr/lib/libxml2.tbd; sourceTree = SDKROOT; };
		AE1B86CA2020E48C00FCF6CA /* AVKit.framework */ = {isa = PBXFileReference; lastKnownFileType = wrapper.framework; name = AVKit.framework; path = System/Library/Frameworks/AVKit.framework; sourceTree = SDKROOT; };
		AE1B86CB2020E48C00FCF6CA /* MediaAccessibility.framework */ = {isa = PBXFileReference; lastKnownFileType = wrapper.framework; name = MediaAccessibility.framework; path = System/Library/Frameworks/MediaAccessibility.framework; sourceTree = SDKROOT; };
		AE1B86CC2020E48C00FCF6CA /* SystemConfiguration.framework */ = {isa = PBXFileReference; lastKnownFileType = wrapper.framework; name = SystemConfiguration.framework; path = System/Library/Frameworks/SystemConfiguration.framework; sourceTree = SDKROOT; };
		AE1B86CD2020E48C00FCF6CA /* UIKit.framework */ = {isa = PBXFileReference; lastKnownFileType = wrapper.framework; name = UIKit.framework; path = System/Library/Frameworks/UIKit.framework; sourceTree = SDKROOT; };
		AE1B86CE2020E48C00FCF6CA /* CoreText.framework */ = {isa = PBXFileReference; lastKnownFileType = wrapper.framework; name = CoreText.framework; path = System/Library/Frameworks/CoreText.framework; sourceTree = SDKROOT; };
		AE1B86CF2020E48C00FCF6CA /* AdSupport.framework */ = {isa = PBXFileReference; lastKnownFileType = wrapper.framework; name = AdSupport.framework; path = System/Library/Frameworks/AdSupport.framework; sourceTree = SDKROOT; };
		AE1B86D02020E48D00FCF6CA /* AVFoundation.framework */ = {isa = PBXFileReference; lastKnownFileType = wrapper.framework; name = AVFoundation.framework; path = System/Library/Frameworks/AVFoundation.framework; sourceTree = SDKROOT; };
		AE1B86D12020E48D00FCF6CA /* JavaScriptCore.framework */ = {isa = PBXFileReference; lastKnownFileType = wrapper.framework; name = JavaScriptCore.framework; path = System/Library/Frameworks/JavaScriptCore.framework; sourceTree = SDKROOT; };
		AE1B86D22020E48D00FCF6CA /* libc++.tbd */ = {isa = PBXFileReference; lastKnownFileType = "sourcecode.text-based-dylib-definition"; name = "libc++.tbd"; path = "usr/lib/libc++.tbd"; sourceTree = SDKROOT; };
		AE1B86D32020E48D00FCF6CA /* QuartzCore.framework */ = {isa = PBXFileReference; lastKnownFileType = wrapper.framework; name = QuartzCore.framework; path = System/Library/Frameworks/QuartzCore.framework; sourceTree = SDKROOT; };
		AE1B86E42020E53100FCF6CA /* PlayerSelectionOption.swift */ = {isa = PBXFileReference; lastKnownFileType = sourcecode.swift; path = PlayerSelectionOption.swift; sourceTree = "<group>"; };
		AE1B86E62020E57800FCF6CA /* DownloadToOwnSampleAppSwift-Bridging-Header.h */ = {isa = PBXFileReference; lastKnownFileType = sourcecode.c.h; path = "DownloadToOwnSampleAppSwift-Bridging-Header.h"; sourceTree = "<group>"; };
		AE1B86E72020E71A00FCF6CA /* BasicEmbedTokenGenerator.swift */ = {isa = PBXFileReference; lastKnownFileType = sourcecode.swift; path = BasicEmbedTokenGenerator.swift; sourceTree = "<group>"; };
		AE1B86E92020E76000FCF6CA /* OptionDataSource.swift */ = {isa = PBXFileReference; lastKnownFileType = sourcecode.swift; path = OptionDataSource.swift; sourceTree = "<group>"; };
		AE1B86EB20210BD500FCF6CA /* AssetTableViewController.swift */ = {isa = PBXFileReference; lastKnownFileType = sourcecode.swift; path = AssetTableViewController.swift; sourceTree = "<group>"; };
		AE1B86ED2021141300FCF6CA /* PlayerViewController.swift */ = {isa = PBXFileReference; lastKnownFileType = sourcecode.swift; path = PlayerViewController.swift; sourceTree = "<group>"; };
		AE1B86EF202118B600FCF6CA /* OptionTableViewCell.swift */ = {isa = PBXFileReference; lastKnownFileType = sourcecode.swift; path = OptionTableViewCell.swift; sourceTree = "<group>"; };
		AEC5A2062028E423005F94FF /* libz.tbd */ = {isa = PBXFileReference; lastKnownFileType = "sourcecode.text-based-dylib-definition"; name = libz.tbd; path = usr/lib/libz.tbd; sourceTree = SDKROOT; };
		AEC5A2082028E4DC005F94FF /* MessageUI.framework */ = {isa = PBXFileReference; lastKnownFileType = wrapper.framework; name = MessageUI.framework; path = System/Library/Frameworks/MessageUI.framework; sourceTree = SDKROOT; };
		AEC5A20A2028E4E6005F94FF /* Social.framework */ = {isa = PBXFileReference; lastKnownFileType = wrapper.framework; name = Social.framework; path = System/Library/Frameworks/Social.framework; sourceTree = SDKROOT; };
/* End PBXFileReference section */

/* Begin PBXFrameworksBuildPhase section */
		AE1B86A52020DF2000FCF6CA /* Frameworks */ = {
			isa = PBXFrameworksBuildPhase;
			buildActionMask = 2147483647;
			files = (
				AEC5A20B2028E4E6005F94FF /* Social.framework in Frameworks */,
				AE1B86D42020E48D00FCF6CA /* CFNetwork.framework in Frameworks */,
				AE1B86D52020E48D00FCF6CA /* Security.framework in Frameworks */,
				AE1B86D62020E48D00FCF6CA /* CoreMedia.framework in Frameworks */,
				AE1B86D72020E48D00FCF6CA /* Foundation.framework in Frameworks */,
				AE1B86DB2020E48D00FCF6CA /* MediaAccessibility.framework in Frameworks */,
				AE1B86D82020E48D00FCF6CA /* MediaPlayer.framework in Frameworks */,
				39B703B7221C3E9B0036DE31 /* OoyalaSkinSDK.framework in Frameworks */,
				AEC5A2092028E4DC005F94FF /* MessageUI.framework in Frameworks */,
				AE1B86D92020E48D00FCF6CA /* libxml2.tbd in Frameworks */,
				AE1B86DA2020E48D00FCF6CA /* AVKit.framework in Frameworks */,
				AE1B86DC2020E48D00FCF6CA /* SystemConfiguration.framework in Frameworks */,
				AE1B86DD2020E48D00FCF6CA /* UIKit.framework in Frameworks */,
				AE1B86DE2020E48D00FCF6CA /* CoreText.framework in Frameworks */,
				AE1B86DF2020E48D00FCF6CA /* AdSupport.framework in Frameworks */,
				AE1B86E02020E48D00FCF6CA /* AVFoundation.framework in Frameworks */,
				AE1B86E12020E48D00FCF6CA /* JavaScriptCore.framework in Frameworks */,
				39B703B8221C3E9B0036DE31 /* OoyalaSDK.framework in Frameworks */,
				AE1B86E22020E48D00FCF6CA /* libc++.tbd in Frameworks */,
				AEC5A2072028E424005F94FF /* libz.tbd in Frameworks */,
				AE1B86E32020E48D00FCF6CA /* QuartzCore.framework in Frameworks */,
			);
			runOnlyForDeploymentPostprocessing = 0;
		};
/* End PBXFrameworksBuildPhase section */

/* Begin PBXGroup section */
		39B703B4221C3E9B0036DE31 /* VendorLibraries */ = {
			isa = PBXGroup;
			children = (
				39B703B5221C3E9B0036DE31 /* OoyalaSkinSDK.framework */,
				39B703B6221C3E9B0036DE31 /* OoyalaSDK.framework */,
			);
			path = VendorLibraries;
			sourceTree = "<group>";
		};
		39B703B9221C3EBA0036DE31 /* SkinConfig */ = {
			isa = PBXGroup;
			children = (
				39B703BA221C3EBA0036DE31 /* main.jsbundle */,
				39B703BB221C3EBA0036DE31 /* README.txt */,
				39B703BC221C3EBA0036DE31 /* Fonts */,
				39B703C3221C3EBA0036DE31 /* skin-config */,
			);
			path = SkinConfig;
			sourceTree = "<group>";
		};
		39B703BC221C3EBA0036DE31 /* Fonts */ = {
			isa = PBXGroup;
			children = (
				39B703BD221C3EBA0036DE31 /* RobotoCondensed-Bold.ttf */,
				39B703BE221C3EBA0036DE31 /* ooyala-slick-type.ttf */,
				39B703BF221C3EBA0036DE31 /* Roboto-Regular.ttf */,
				39B703C0221C3EBA0036DE31 /* RobotoCondensed-Regular.ttf */,
				39B703C1221C3EBA0036DE31 /* alice.ttf */,
				39B703C2221C3EBA0036DE31 /* Roboto-Bold.ttf */,
			);
			path = Fonts;
			sourceTree = "<group>";
		};
		39B703C3221C3EBA0036DE31 /* skin-config */ = {
			isa = PBXGroup;
			children = (
				39B703C4221C3EBA0036DE31 /* languageFiles */,
				39B703CA221C3EBA0036DE31 /* skin.json */,
				39B703CB221C3EBA0036DE31 /* README.md */,
				39B703CC221C3EBA0036DE31 /* package.json */,
				39B703CD221C3EBA0036DE31 /* examples */,
				39B703CF221C3EBA0036DE31 /* skin-schema.json */,
				39B703D0221C3EBA0036DE31 /* validate.js */,
			);
			path = "skin-config";
			sourceTree = "<group>";
		};
		39B703C4221C3EBA0036DE31 /* languageFiles */ = {
			isa = PBXGroup;
			children = (
				39B703C5221C3EBA0036DE31 /* zh.json */,
				39B703C6221C3EBA0036DE31 /* ja.json */,
				39B703C7221C3EBA0036DE31 /* en.json */,
				39B703C8221C3EBA0036DE31 /* ko.json */,
				39B703C9221C3EBA0036DE31 /* es.json */,
			);
			path = languageFiles;
			sourceTree = "<group>";
		};
		39B703CD221C3EBA0036DE31 /* examples */ = {
			isa = PBXGroup;
			children = (
				39B703CE221C3EBA0036DE31 /* tv-skin.json */,
			);
			path = examples;
			sourceTree = "<group>";
		};
		39B703E4221C3F550036DE31 /* Storyboards */ = {
			isa = PBXGroup;
			children = (
				AE1B86B42020DF2000FCF6CA /* LaunchScreen.storyboard */,
				AE1B86AF2020DF2000FCF6CA /* Main.storyboard */,
			);
			path = Storyboards;
			sourceTree = "<group>";
		};
		AE1B869F2020DF2000FCF6CA = {
			isa = PBXGroup;
			children = (
				AE1B86AA2020DF2000FCF6CA /* DownloadToOwnSampleAppSwift */,
				39B703B4221C3E9B0036DE31 /* VendorLibraries */,
				AE1B86A92020DF2000FCF6CA /* Products */,
				AE1B86C12020E3F000FCF6CA /* Frameworks */,
			);
			sourceTree = "<group>";
		};
		AE1B86A92020DF2000FCF6CA /* Products */ = {
			isa = PBXGroup;
			children = (
				AE1B86A82020DF2000FCF6CA /* DownloadToOwnSampleAppSwift.app */,
			);
			name = Products;
			sourceTree = "<group>";
		};
		AE1B86AA2020DF2000FCF6CA /* DownloadToOwnSampleAppSwift */ = {
			isa = PBXGroup;
			children = (
				AE1B86BD2020E1FE00FCF6CA /* Models */,
				AE1B86BF2020E23C00FCF6CA /* Utils */,
				AE1B86C02020E24400FCF6CA /* Views */,
				AEC5A2202028E803005F94FF /* Resources */,
				39B703E4221C3F550036DE31 /* Storyboards */,
				AE1B86BE2020E20400FCF6CA /* Supporting Files */,
			);
			path = DownloadToOwnSampleAppSwift;
			sourceTree = "<group>";
		};
		AE1B86BD2020E1FE00FCF6CA /* Models */ = {
			isa = PBXGroup;
			children = (
				AE1B86E42020E53100FCF6CA /* PlayerSelectionOption.swift */,
			);
			path = Models;
			sourceTree = "<group>";
		};
		AE1B86BE2020E20400FCF6CA /* Supporting Files */ = {
			isa = PBXGroup;
			children = (
				AE1B86B72020DF2000FCF6CA /* Info.plist */,
				AE1B86AB2020DF2000FCF6CA /* AppDelegate.swift */,
				AE1B86E62020E57800FCF6CA /* DownloadToOwnSampleAppSwift-Bridging-Header.h */,
			);
			path = "Supporting Files";
			sourceTree = "<group>";
		};
		AE1B86BF2020E23C00FCF6CA /* Utils */ = {
			isa = PBXGroup;
			children = (
				AE1B86E72020E71A00FCF6CA /* BasicEmbedTokenGenerator.swift */,
				AE1B86E92020E76000FCF6CA /* OptionDataSource.swift */,
			);
			path = Utils;
			sourceTree = "<group>";
		};
		AE1B86C02020E24400FCF6CA /* Views */ = {
			isa = PBXGroup;
			children = (
				AE1B86EB20210BD500FCF6CA /* AssetTableViewController.swift */,
				AE1B86EF202118B600FCF6CA /* OptionTableViewCell.swift */,
				AE1B86ED2021141300FCF6CA /* PlayerViewController.swift */,
			);
			path = Views;
			sourceTree = "<group>";
		};
		AE1B86C12020E3F000FCF6CA /* Frameworks */ = {
			isa = PBXGroup;
			children = (
				AEC5A20A2028E4E6005F94FF /* Social.framework */,
				AEC5A2082028E4DC005F94FF /* MessageUI.framework */,
				AEC5A2062028E423005F94FF /* libz.tbd */,
				AE1B86CF2020E48C00FCF6CA /* AdSupport.framework */,
				AE1B86D02020E48D00FCF6CA /* AVFoundation.framework */,
				AE1B86CA2020E48C00FCF6CA /* AVKit.framework */,
				AE1B86C42020E48C00FCF6CA /* CFNetwork.framework */,
				AE1B86C62020E48C00FCF6CA /* CoreMedia.framework */,
				AE1B86CE2020E48C00FCF6CA /* CoreText.framework */,
				AE1B86C72020E48C00FCF6CA /* Foundation.framework */,
				AE1B86D12020E48D00FCF6CA /* JavaScriptCore.framework */,
				AE1B86D22020E48D00FCF6CA /* libc++.tbd */,
				AE1B86C92020E48C00FCF6CA /* libxml2.tbd */,
				AE1B86CB2020E48C00FCF6CA /* MediaAccessibility.framework */,
				AE1B86C82020E48C00FCF6CA /* MediaPlayer.framework */,
				AE1B86D32020E48D00FCF6CA /* QuartzCore.framework */,
				AE1B86C52020E48C00FCF6CA /* Security.framework */,
				AE1B86CC2020E48C00FCF6CA /* SystemConfiguration.framework */,
				AE1B86CD2020E48C00FCF6CA /* UIKit.framework */,
			);
			name = Frameworks;
			sourceTree = "<group>";
		};
		AEC5A2202028E803005F94FF /* Resources */ = {
			isa = PBXGroup;
			children = (
				39B703B9221C3EBA0036DE31 /* SkinConfig */,
				AE1B86B22020DF2000FCF6CA /* Assets.xcassets */,
			);
			path = Resources;
			sourceTree = "<group>";
		};
/* End PBXGroup section */

/* Begin PBXNativeTarget section */
		AE1B86A72020DF2000FCF6CA /* DownloadToOwnSampleAppSwift */ = {
			isa = PBXNativeTarget;
			buildConfigurationList = AE1B86BA2020DF2000FCF6CA /* Build configuration list for PBXNativeTarget "DownloadToOwnSampleAppSwift" */;
			buildPhases = (
				AE1B86A42020DF2000FCF6CA /* Sources */,
				AE1B86A52020DF2000FCF6CA /* Frameworks */,
				AE1B86A62020DF2000FCF6CA /* Resources */,
			);
			buildRules = (
			);
			dependencies = (
			);
			name = DownloadToOwnSampleAppSwift;
			productName = SerializationDownloadsSampleApp;
			productReference = AE1B86A82020DF2000FCF6CA /* DownloadToOwnSampleAppSwift.app */;
			productType = "com.apple.product-type.application";
		};
/* End PBXNativeTarget section */

/* Begin PBXProject section */
		AE1B86A02020DF2000FCF6CA /* Project object */ = {
			isa = PBXProject;
			attributes = {
				LastSwiftUpdateCheck = 0920;
				LastUpgradeCheck = 1010;
				ORGANIZATIONNAME = Ooyala;
				TargetAttributes = {
					AE1B86A72020DF2000FCF6CA = {
						CreatedOnToolsVersion = 9.2;
						LastSwiftMigration = 1010;
						ProvisioningStyle = Automatic;
					};
				};
			};
			buildConfigurationList = AE1B86A32020DF2000FCF6CA /* Build configuration list for PBXProject "DownloadToOwnSampleAppSwift" */;
			compatibilityVersion = "Xcode 8.0";
			developmentRegion = en;
			hasScannedForEncodings = 0;
			knownRegions = (
				en,
				Base,
			);
			mainGroup = AE1B869F2020DF2000FCF6CA;
			productRefGroup = AE1B86A92020DF2000FCF6CA /* Products */;
			projectDirPath = "";
			projectRoot = "";
			targets = (
				AE1B86A72020DF2000FCF6CA /* DownloadToOwnSampleAppSwift */,
			);
		};
/* End PBXProject section */

/* Begin PBXResourcesBuildPhase section */
		AE1B86A62020DF2000FCF6CA /* Resources */ = {
			isa = PBXResourcesBuildPhase;
			buildActionMask = 2147483647;
			files = (
				39B703D3221C3EBA0036DE31 /* RobotoCondensed-Bold.ttf in Resources */,
				39B703D7221C3EBA0036DE31 /* alice.ttf in Resources */,
				AE1B86B62020DF2000FCF6CA /* LaunchScreen.storyboard in Resources */,
				39B703D5221C3EBA0036DE31 /* Roboto-Regular.ttf in Resources */,
				39B703E0221C3EBA0036DE31 /* package.json in Resources */,
				39B703D8221C3EBA0036DE31 /* Roboto-Bold.ttf in Resources */,
				39B703D4221C3EBA0036DE31 /* ooyala-slick-type.ttf in Resources */,
				39B703DF221C3EBA0036DE31 /* README.md in Resources */,
				39B703E2221C3EBA0036DE31 /* skin-schema.json in Resources */,
				39B703DB221C3EBA0036DE31 /* en.json in Resources */,
				39B703DD221C3EBA0036DE31 /* es.json in Resources */,
				AE1B86B32020DF2000FCF6CA /* Assets.xcassets in Resources */,
				AE1B86B12020DF2000FCF6CA /* Main.storyboard in Resources */,
				39B703E1221C3EBA0036DE31 /* tv-skin.json in Resources */,
				39B703DC221C3EBA0036DE31 /* ko.json in Resources */,
				39B703D6221C3EBA0036DE31 /* RobotoCondensed-Regular.ttf in Resources */,
				39B703D9221C3EBA0036DE31 /* zh.json in Resources */,
				39B703DE221C3EBA0036DE31 /* skin.json in Resources */,
				39B703E3221C3EBA0036DE31 /* validate.js in Resources */,
				39B703D1221C3EBA0036DE31 /* main.jsbundle in Resources */,
				39B703DA221C3EBA0036DE31 /* ja.json in Resources */,
				39B703D2221C3EBA0036DE31 /* README.txt in Resources */,
			);
			runOnlyForDeploymentPostprocessing = 0;
		};
/* End PBXResourcesBuildPhase section */

/* Begin PBXSourcesBuildPhase section */
		AE1B86A42020DF2000FCF6CA /* Sources */ = {
			isa = PBXSourcesBuildPhase;
			buildActionMask = 2147483647;
			files = (
				AE1B86E82020E71A00FCF6CA /* BasicEmbedTokenGenerator.swift in Sources */,
				AE1B86EC20210BD500FCF6CA /* AssetTableViewController.swift in Sources */,
				AE1B86AC2020DF2000FCF6CA /* AppDelegate.swift in Sources */,
				AE1B86EA2020E76000FCF6CA /* OptionDataSource.swift in Sources */,
				AE1B86E52020E53100FCF6CA /* PlayerSelectionOption.swift in Sources */,
				AE1B86EE2021141300FCF6CA /* PlayerViewController.swift in Sources */,
				AE1B86F0202118B600FCF6CA /* OptionTableViewCell.swift in Sources */,
			);
			runOnlyForDeploymentPostprocessing = 0;
		};
/* End PBXSourcesBuildPhase section */

/* Begin PBXVariantGroup section */
		AE1B86AF2020DF2000FCF6CA /* Main.storyboard */ = {
			isa = PBXVariantGroup;
			children = (
				AE1B86B02020DF2000FCF6CA /* Base */,
			);
			name = Main.storyboard;
			sourceTree = "<group>";
		};
		AE1B86B42020DF2000FCF6CA /* LaunchScreen.storyboard */ = {
			isa = PBXVariantGroup;
			children = (
				AE1B86B52020DF2000FCF6CA /* Base */,
			);
			name = LaunchScreen.storyboard;
			sourceTree = "<group>";
		};
/* End PBXVariantGroup section */

/* Begin XCBuildConfiguration section */
		AE1B86B82020DF2000FCF6CA /* Debug */ = {
			isa = XCBuildConfiguration;
			buildSettings = {
				ALWAYS_SEARCH_USER_PATHS = NO;
				CLANG_ANALYZER_NONNULL = YES;
				CLANG_ANALYZER_NUMBER_OBJECT_CONVERSION = YES_AGGRESSIVE;
				CLANG_CXX_LANGUAGE_STANDARD = "gnu++14";
				CLANG_CXX_LIBRARY = "libc++";
				CLANG_ENABLE_MODULES = YES;
				CLANG_ENABLE_OBJC_ARC = YES;
				CLANG_WARN_BLOCK_CAPTURE_AUTORELEASING = YES;
				CLANG_WARN_BOOL_CONVERSION = YES;
				CLANG_WARN_COMMA = YES;
				CLANG_WARN_CONSTANT_CONVERSION = YES;
				CLANG_WARN_DEPRECATED_OBJC_IMPLEMENTATIONS = YES;
				CLANG_WARN_DIRECT_OBJC_ISA_USAGE = YES_ERROR;
				CLANG_WARN_DOCUMENTATION_COMMENTS = YES;
				CLANG_WARN_EMPTY_BODY = YES;
				CLANG_WARN_ENUM_CONVERSION = YES;
				CLANG_WARN_INFINITE_RECURSION = YES;
				CLANG_WARN_INT_CONVERSION = YES;
				CLANG_WARN_NON_LITERAL_NULL_CONVERSION = YES;
				CLANG_WARN_OBJC_IMPLICIT_RETAIN_SELF = YES;
				CLANG_WARN_OBJC_LITERAL_CONVERSION = YES;
				CLANG_WARN_OBJC_ROOT_CLASS = YES_ERROR;
				CLANG_WARN_RANGE_LOOP_ANALYSIS = YES;
				CLANG_WARN_STRICT_PROTOTYPES = YES;
				CLANG_WARN_SUSPICIOUS_MOVE = YES;
				CLANG_WARN_UNGUARDED_AVAILABILITY = YES_AGGRESSIVE;
				CLANG_WARN_UNREACHABLE_CODE = YES;
				CLANG_WARN__DUPLICATE_METHOD_MATCH = YES;
				CODE_SIGN_IDENTITY = "iPhone Developer";
				COPY_PHASE_STRIP = NO;
				DEBUG_INFORMATION_FORMAT = dwarf;
				ENABLE_STRICT_OBJC_MSGSEND = YES;
				ENABLE_TESTABILITY = YES;
				GCC_C_LANGUAGE_STANDARD = gnu11;
				GCC_DYNAMIC_NO_PIC = NO;
				GCC_NO_COMMON_BLOCKS = YES;
				GCC_OPTIMIZATION_LEVEL = 0;
				GCC_PREPROCESSOR_DEFINITIONS = (
					"DEBUG=1",
					"$(inherited)",
				);
				GCC_WARN_64_TO_32_BIT_CONVERSION = YES;
				GCC_WARN_ABOUT_RETURN_TYPE = YES_ERROR;
				GCC_WARN_UNDECLARED_SELECTOR = YES;
				GCC_WARN_UNINITIALIZED_AUTOS = YES_AGGRESSIVE;
				GCC_WARN_UNUSED_FUNCTION = YES;
				GCC_WARN_UNUSED_VARIABLE = YES;
				IPHONEOS_DEPLOYMENT_TARGET = 11.2;
				MTL_ENABLE_DEBUG_INFO = YES;
				ONLY_ACTIVE_ARCH = YES;
				SDKROOT = iphoneos;
				SWIFT_ACTIVE_COMPILATION_CONDITIONS = DEBUG;
				SWIFT_OPTIMIZATION_LEVEL = "-Onone";
			};
			name = Debug;
		};
		AE1B86B92020DF2000FCF6CA /* Release */ = {
			isa = XCBuildConfiguration;
			buildSettings = {
				ALWAYS_SEARCH_USER_PATHS = NO;
				CLANG_ANALYZER_NONNULL = YES;
				CLANG_ANALYZER_NUMBER_OBJECT_CONVERSION = YES_AGGRESSIVE;
				CLANG_CXX_LANGUAGE_STANDARD = "gnu++14";
				CLANG_CXX_LIBRARY = "libc++";
				CLANG_ENABLE_MODULES = YES;
				CLANG_ENABLE_OBJC_ARC = YES;
				CLANG_WARN_BLOCK_CAPTURE_AUTORELEASING = YES;
				CLANG_WARN_BOOL_CONVERSION = YES;
				CLANG_WARN_COMMA = YES;
				CLANG_WARN_CONSTANT_CONVERSION = YES;
				CLANG_WARN_DEPRECATED_OBJC_IMPLEMENTATIONS = YES;
				CLANG_WARN_DIRECT_OBJC_ISA_USAGE = YES_ERROR;
				CLANG_WARN_DOCUMENTATION_COMMENTS = YES;
				CLANG_WARN_EMPTY_BODY = YES;
				CLANG_WARN_ENUM_CONVERSION = YES;
				CLANG_WARN_INFINITE_RECURSION = YES;
				CLANG_WARN_INT_CONVERSION = YES;
				CLANG_WARN_NON_LITERAL_NULL_CONVERSION = YES;
				CLANG_WARN_OBJC_IMPLICIT_RETAIN_SELF = YES;
				CLANG_WARN_OBJC_LITERAL_CONVERSION = YES;
				CLANG_WARN_OBJC_ROOT_CLASS = YES_ERROR;
				CLANG_WARN_RANGE_LOOP_ANALYSIS = YES;
				CLANG_WARN_STRICT_PROTOTYPES = YES;
				CLANG_WARN_SUSPICIOUS_MOVE = YES;
				CLANG_WARN_UNGUARDED_AVAILABILITY = YES_AGGRESSIVE;
				CLANG_WARN_UNREACHABLE_CODE = YES;
				CLANG_WARN__DUPLICATE_METHOD_MATCH = YES;
				CODE_SIGN_IDENTITY = "iPhone Developer";
				COPY_PHASE_STRIP = NO;
				DEBUG_INFORMATION_FORMAT = "dwarf-with-dsym";
				ENABLE_NS_ASSERTIONS = NO;
				ENABLE_STRICT_OBJC_MSGSEND = YES;
				GCC_C_LANGUAGE_STANDARD = gnu11;
				GCC_NO_COMMON_BLOCKS = YES;
				GCC_WARN_64_TO_32_BIT_CONVERSION = YES;
				GCC_WARN_ABOUT_RETURN_TYPE = YES_ERROR;
				GCC_WARN_UNDECLARED_SELECTOR = YES;
				GCC_WARN_UNINITIALIZED_AUTOS = YES_AGGRESSIVE;
				GCC_WARN_UNUSED_FUNCTION = YES;
				GCC_WARN_UNUSED_VARIABLE = YES;
				IPHONEOS_DEPLOYMENT_TARGET = 11.2;
				MTL_ENABLE_DEBUG_INFO = NO;
				SDKROOT = iphoneos;
				SWIFT_OPTIMIZATION_LEVEL = "-Owholemodule";
				VALIDATE_PRODUCT = YES;
			};
			name = Release;
		};
		AE1B86BB2020DF2000FCF6CA /* Debug */ = {
			isa = XCBuildConfiguration;
			buildSettings = {
				ASSETCATALOG_COMPILER_APPICON_NAME = AppIcon;
				ASSETCATALOG_COMPILER_LAUNCHIMAGE_NAME = LaunchImage;
				CODE_SIGN_IDENTITY = "iPhone Developer";
				CODE_SIGN_STYLE = Automatic;
				DEVELOPMENT_TEAM = "";
				FRAMEWORK_SEARCH_PATHS = "$(PROJECT_DIR)/VendorLibraries";
				INFOPLIST_FILE = "$(SRCROOT)/DownloadToOwnSampleAppSwift/Supporting Files/Info.plist";
				IPHONEOS_DEPLOYMENT_TARGET = 10.0;
				LD_RUNPATH_SEARCH_PATHS = "$(inherited) @executable_path/Frameworks";
				OTHER_LDFLAGS = "-ObjC";
				PRODUCT_BUNDLE_IDENTIFIER = com.ooyala.DownloadToOwnSampleAppSwift;
				PRODUCT_NAME = "$(TARGET_NAME)";
				PROVISIONING_PROFILE_SPECIFIER = "";
				SWIFT_OBJC_BRIDGING_HEADER = "DownloadToOwnSampleAppSwift/Supporting Files/DownloadToOwnSampleAppSwift-Bridging-Header.h";
				SWIFT_VERSION = 4.2;
			};
			name = Debug;
		};
		AE1B86BC2020DF2000FCF6CA /* Release */ = {
			isa = XCBuildConfiguration;
			buildSettings = {
				ASSETCATALOG_COMPILER_APPICON_NAME = AppIcon;
				ASSETCATALOG_COMPILER_LAUNCHIMAGE_NAME = LaunchImage;
				CODE_SIGN_IDENTITY = "iPhone Developer";
				CODE_SIGN_STYLE = Automatic;
				DEVELOPMENT_TEAM = "";
				FRAMEWORK_SEARCH_PATHS = "$(PROJECT_DIR)/VendorLibraries";
				INFOPLIST_FILE = "$(SRCROOT)/DownloadToOwnSampleAppSwift/Supporting Files/Info.plist";
				IPHONEOS_DEPLOYMENT_TARGET = 10.0;
				LD_RUNPATH_SEARCH_PATHS = "$(inherited) @executable_path/Frameworks";
				OTHER_LDFLAGS = "-ObjC";
				PRODUCT_BUNDLE_IDENTIFIER = com.ooyala.DownloadToOwnSampleAppSwift;
				PRODUCT_NAME = "$(TARGET_NAME)";
				PROVISIONING_PROFILE_SPECIFIER = "";
				SWIFT_OBJC_BRIDGING_HEADER = "DownloadToOwnSampleAppSwift/Supporting Files/DownloadToOwnSampleAppSwift-Bridging-Header.h";
				SWIFT_VERSION = 4.2;
			};
			name = Release;
		};
/* End XCBuildConfiguration section */

/* Begin XCConfigurationList section */
		AE1B86A32020DF2000FCF6CA /* Build configuration list for PBXProject "DownloadToOwnSampleAppSwift" */ = {
			isa = XCConfigurationList;
			buildConfigurations = (
				AE1B86B82020DF2000FCF6CA /* Debug */,
				AE1B86B92020DF2000FCF6CA /* Release */,
			);
			defaultConfigurationIsVisible = 0;
			defaultConfigurationName = Release;
		};
		AE1B86BA2020DF2000FCF6CA /* Build configuration list for PBXNativeTarget "DownloadToOwnSampleAppSwift" */ = {
			isa = XCConfigurationList;
			buildConfigurations = (
				AE1B86BB2020DF2000FCF6CA /* Debug */,
				AE1B86BC2020DF2000FCF6CA /* Release */,
			);
			defaultConfigurationIsVisible = 0;
			defaultConfigurationName = Release;
		};
/* End XCConfigurationList section */
	};
	rootObject = AE1B86A02020DF2000FCF6CA /* Project object */;
}
